// !$*UTF8*$!
{
	archiveVersion = 1;
	classes = {
	};
	objectVersion = 48;
	objects = {

/* Begin PBXBuildFile section */
		2252A7FC204165310030618B /* SelectTemplate.m in Sources */ = {isa = PBXBuildFile; fileRef = 2252A7FB204165310030618B /* SelectTemplate.m */; };
		2281AEAD203EB29B00412003 /* ModelCard.m in Sources */ = {isa = PBXBuildFile; fileRef = 2281AEAC203EB29B00412003 /* ModelCard.m */; };
		2281AEB0203EB2C800412003 /* Home.m in Sources */ = {isa = PBXBuildFile; fileRef = 2281AEAF203EB2C800412003 /* Home.m */; };
		2281AEB3203EC7A900412003 /* HorizontalVersion.m in Sources */ = {isa = PBXBuildFile; fileRef = 2281AEB2203EC7A900412003 /* HorizontalVersion.m */; };
		2281AEB6203EC7D300412003 /* VerticalVersion.m in Sources */ = {isa = PBXBuildFile; fileRef = 2281AEB5203EC7D300412003 /* VerticalVersion.m */; };
		2281AEB9203EC83D00412003 /* SegmentView.m in Sources */ = {isa = PBXBuildFile; fileRef = 2281AEB8203EC83D00412003 /* SegmentView.m */; };
		22F60AB7203E675A00FC9CC3 /* AppDelegate.m in Sources */ = {isa = PBXBuildFile; fileRef = 22F60AB6203E675A00FC9CC3 /* AppDelegate.m */; };
		22F60ABF203E675A00FC9CC3 /* Assets.xcassets in Resources */ = {isa = PBXBuildFile; fileRef = 22F60ABE203E675A00FC9CC3 /* Assets.xcassets */; };
		22F60AC5203E675A00FC9CC3 /* main.m in Sources */ = {isa = PBXBuildFile; fileRef = 22F60AC4203E675A00FC9CC3 /* main.m */; };
		22F60AE7203E693900FC9CC3 /* Work.m in Sources */ = {isa = PBXBuildFile; fileRef = 22F60AE6203E693900FC9CC3 /* Work.m */; };
		22F60AEA203E694B00FC9CC3 /* TalentPool.m in Sources */ = {isa = PBXBuildFile; fileRef = 22F60AE9203E694B00FC9CC3 /* TalentPool.m */; };
		22F60AED203E696200FC9CC3 /* Mine.m in Sources */ = {isa = PBXBuildFile; fileRef = 22F60AEC203E696200FC9CC3 /* Mine.m */; };
		88516AF1203FAD2B00A9F133 /* UIImage+Category.m in Sources */ = {isa = PBXBuildFile; fileRef = 88516AF0203FAD2B00A9F133 /* UIImage+Category.m */; };
		88516AF9203FB1C100A9F133 /* UIButton+Category.m in Sources */ = {isa = PBXBuildFile; fileRef = 88516AF4203FB1C100A9F133 /* UIButton+Category.m */; };
		88516AFA203FB1C100A9F133 /* UIView+CornerRadius.m in Sources */ = {isa = PBXBuildFile; fileRef = 88516AF5203FB1C100A9F133 /* UIView+CornerRadius.m */; };
		88516AFB203FB1C100A9F133 /* UIColor+Category.m in Sources */ = {isa = PBXBuildFile; fileRef = 88516AF8203FB1C100A9F133 /* UIColor+Category.m */; };
		88516AFE203FB20400A9F133 /* Oneyian.m in Sources */ = {isa = PBXBuildFile; fileRef = 88516AFD203FB20400A9F133 /* Oneyian.m */; };
		88516B03203FB66000A9F133 /* AddUserInfoController.m in Sources */ = {isa = PBXBuildFile; fileRef = 88516B02203FB66000A9F133 /* AddUserInfoController.m */; };
		88516B06203FBC1900A9F133 /* HModelImageController.m in Sources */ = {isa = PBXBuildFile; fileRef = 88516B05203FBC1900A9F133 /* HModelImageController.m */; };
		88516B09203FFECC00A9F133 /* UIDevice+YADevice.m in Sources */ = {isa = PBXBuildFile; fileRef = 88516B08203FFECC00A9F133 /* UIDevice+YADevice.m */; };
		88516B0D20400F0F00A9F133 /* YAScrollView.m in Sources */ = {isa = PBXBuildFile; fileRef = 88516B0B20400F0E00A9F133 /* YAScrollView.m */; };
		8888800B204639B600009C75 /* TextFieldCell.m in Sources */ = {isa = PBXBuildFile; fileRef = 8888800A204639B600009C75 /* TextFieldCell.m */; };
		8888800E20463CCD00009C75 /* UITextField+Length.m in Sources */ = {isa = PBXBuildFile; fileRef = 8888800C20463CCD00009C75 /* UITextField+Length.m */; };
		888880182046700000009C75 /* PickInfoView.m in Sources */ = {isa = PBXBuildFile; fileRef = 888880172046700000009C75 /* PickInfoView.m */; };
		8888801A2046894800009C75 /* Address.plist in Resources */ = {isa = PBXBuildFile; fileRef = 888880192046894800009C75 /* Address.plist */; };
		8888801C2046A06F00009C75 /* GameRankList.plist in Resources */ = {isa = PBXBuildFile; fileRef = 8888801B2046A06F00009C75 /* GameRankList.plist */; };
		8888801E2046A1D300009C75 /* liwushuo.json in Resources */ = {isa = PBXBuildFile; fileRef = 8888801D2046A1D300009C75 /* liwushuo.json */; };
		88B5989C2043A49100BE6B1A /* VModelImageController.m in Sources */ = {isa = PBXBuildFile; fileRef = 88B5989B2043A49100BE6B1A /* VModelImageController.m */; };
		88B7DC9A20410F8C00824181 /* BModel.plist in Resources */ = {isa = PBXBuildFile; fileRef = 88B7DC9920410F8C00824181 /* BModel.plist */; };
		88BC6B5E2042A6CE00C2B64D /* ImagesView.m in Sources */ = {isa = PBXBuildFile; fileRef = 88BC6B5D2042A6CE00C2B64D /* ImagesView.m */; };
		88BC6B612042BD8900C2B64D /* ImageViewCell.m in Sources */ = {isa = PBXBuildFile; fileRef = 88BC6B602042BD8900C2B64D /* ImageViewCell.m */; };
		88C0E6E82043D06F00FCD1A5 /* AModel.plist in Resources */ = {isa = PBXBuildFile; fileRef = 88C0E6E72043D06F00FCD1A5 /* AModel.plist */; };
		88C0E6EA2043D07B00FCD1A5 /* CModel.plist in Resources */ = {isa = PBXBuildFile; fileRef = 88C0E6E92043D07B00FCD1A5 /* CModel.plist */; };
		88C0E81C2043EFE300FCD1A5 /* HModel.plist in Resources */ = {isa = PBXBuildFile; fileRef = 88C0E8172043EFE200FCD1A5 /* HModel.plist */; };
		88C0E81D2043EFE300FCD1A5 /* EModel.plist in Resources */ = {isa = PBXBuildFile; fileRef = 88C0E8182043EFE200FCD1A5 /* EModel.plist */; };
		88C0E81E2043EFE300FCD1A5 /* DModel.plist in Resources */ = {isa = PBXBuildFile; fileRef = 88C0E8192043EFE300FCD1A5 /* DModel.plist */; };
		88C0E81F2043EFE300FCD1A5 /* GModel.plist in Resources */ = {isa = PBXBuildFile; fileRef = 88C0E81A2043EFE300FCD1A5 /* GModel.plist */; };
		88C0E8202043EFE300FCD1A5 /* FModel.plist in Resources */ = {isa = PBXBuildFile; fileRef = 88C0E81B2043EFE300FCD1A5 /* FModel.plist */; };
		88C0E86B2043F61700FCD1A5 /* number_six_style_30.plist in Resources */ = {isa = PBXBuildFile; fileRef = 88C0E8222043F61300FCD1A5 /* number_six_style_30.plist */; };
		88C0E86C2043F61700FCD1A5 /* number_four_style_100.plist in Resources */ = {isa = PBXBuildFile; fileRef = 88C0E8232043F61300FCD1A5 /* number_four_style_100.plist */; };
		88C0E86D2043F61700FCD1A5 /* number_seven_style_40.plist in Resources */ = {isa = PBXBuildFile; fileRef = 88C0E8242043F61300FCD1A5 /* number_seven_style_40.plist */; };
		88C0E86E2043F61700FCD1A5 /* number_thirteen_style_40.plist in Resources */ = {isa = PBXBuildFile; fileRef = 88C0E8252043F61300FCD1A5 /* number_thirteen_style_40.plist */; };
		88C0E86F2043F61700FCD1A5 /* number_six_style_1.plist in Resources */ = {isa = PBXBuildFile; fileRef = 88C0E8262043F61300FCD1A5 /* number_six_style_1.plist */; };
		88C0E8702043F61700FCD1A5 /* number_six_style_60.plist in Resources */ = {isa = PBXBuildFile; fileRef = 88C0E8272043F61300FCD1A5 /* number_six_style_60.plist */; };
		88C0E8712043F61700FCD1A5 /* number_Twelve_style_1.plist in Resources */ = {isa = PBXBuildFile; fileRef = 88C0E8282043F61300FCD1A5 /* number_Twelve_style_1.plist */; };
		88C0E8722043F61700FCD1A5 /* number_ten_style_31.plist in Resources */ = {isa = PBXBuildFile; fileRef = 88C0E8292043F61300FCD1A5 /* number_ten_style_31.plist */; };
		88C0E8732043F61700FCD1A5 /* number_ten_style_50.plist in Resources */ = {isa = PBXBuildFile; fileRef = 88C0E82A2043F61300FCD1A5 /* number_ten_style_50.plist */; };
		88C0E8742043F61700FCD1A5 /* number_eight_style_40.plist in Resources */ = {isa = PBXBuildFile; fileRef = 88C0E82B2043F61400FCD1A5 /* number_eight_style_40.plist */; };
		88C0E8752043F61700FCD1A5 /* number_eight_style_50.plist in Resources */ = {isa = PBXBuildFile; fileRef = 88C0E82C2043F61400FCD1A5 /* number_eight_style_50.plist */; };
		88C0E8762043F61700FCD1A5 /* number_ten_style_51.plist in Resources */ = {isa = PBXBuildFile; fileRef = 88C0E82D2043F61400FCD1A5 /* number_ten_style_51.plist */; };
		88C0E8772043F61700FCD1A5 /* number_eight_style_60.plist in Resources */ = {isa = PBXBuildFile; fileRef = 88C0E82E2043F61400FCD1A5 /* number_eight_style_60.plist */; };
		88C0E8782043F61700FCD1A5 /* number_nine_style_100.plist in Resources */ = {isa = PBXBuildFile; fileRef = 88C0E82F2043F61400FCD1A5 /* number_nine_style_100.plist */; };
		88C0E8792043F61700FCD1A5 /* number_ten_style_52.plist in Resources */ = {isa = PBXBuildFile; fileRef = 88C0E8302043F61400FCD1A5 /* number_ten_style_52.plist */; };
		88C0E87A2043F61700FCD1A5 /* number_thirteen_style_20.plist in Resources */ = {isa = PBXBuildFile; fileRef = 88C0E8312043F61400FCD1A5 /* number_thirteen_style_20.plist */; };
		88C0E87B2043F61700FCD1A5 /* number_nine_style_110.plist in Resources */ = {isa = PBXBuildFile; fileRef = 88C0E8322043F61400FCD1A5 /* number_nine_style_110.plist */; };
		88C0E87C2043F61700FCD1A5 /* number_thirteen_style_50.plist in Resources */ = {isa = PBXBuildFile; fileRef = 88C0E8332043F61400FCD1A5 /* number_thirteen_style_50.plist */; };
		88C0E87D2043F61700FCD1A5 /* number_nine_style_20.plist in Resources */ = {isa = PBXBuildFile; fileRef = 88C0E8342043F61400FCD1A5 /* number_nine_style_20.plist */; };
		88C0E87E2043F61700FCD1A5 /* number_six_style_3.plist in Resources */ = {isa = PBXBuildFile; fileRef = 88C0E8352043F61400FCD1A5 /* number_six_style_3.plist */; };
		88C0E87F2043F61700FCD1A5 /* number_ten_style_1.plist in Resources */ = {isa = PBXBuildFile; fileRef = 88C0E8362043F61400FCD1A5 /* number_ten_style_1.plist */; };
		88C0E8802043F61700FCD1A5 /* number_seven_style_3.plist in Resources */ = {isa = PBXBuildFile; fileRef = 88C0E8372043F61400FCD1A5 /* number_seven_style_3.plist */; };
		88C0E8812043F61700FCD1A5 /* number_ten_style_21.plist in Resources */ = {isa = PBXBuildFile; fileRef = 88C0E8382043F61400FCD1A5 /* number_ten_style_21.plist */; };
		88C0E8822043F61700FCD1A5 /* number_nine_style_41.plist in Resources */ = {isa = PBXBuildFile; fileRef = 88C0E8392043F61400FCD1A5 /* number_nine_style_41.plist */; };
		88C0E8832043F61700FCD1A5 /* number_eight_style_2.plist in Resources */ = {isa = PBXBuildFile; fileRef = 88C0E83A2043F61400FCD1A5 /* number_eight_style_2.plist */; };
		88C0E8842043F61700FCD1A5 /* number_seven_style_31.plist in Resources */ = {isa = PBXBuildFile; fileRef = 88C0E83B2043F61400FCD1A5 /* number_seven_style_31.plist */; };
		88C0E8852043F61700FCD1A5 /* number_ten_style_41.plist in Resources */ = {isa = PBXBuildFile; fileRef = 88C0E83C2043F61400FCD1A5 /* number_ten_style_41.plist */; };
		88C0E8862043F61800FCD1A5 /* number_nine_style_1.plist in Resources */ = {isa = PBXBuildFile; fileRef = 88C0E83D2043F61400FCD1A5 /* number_nine_style_1.plist */; };
		88C0E8872043F61800FCD1A5 /* number_eight_style_3.plist in Resources */ = {isa = PBXBuildFile; fileRef = 88C0E83E2043F61500FCD1A5 /* number_eight_style_3.plist */; };
		88C0E8882043F61800FCD1A5 /* number_eleven_style_40.plist in Resources */ = {isa = PBXBuildFile; fileRef = 88C0E83F2043F61500FCD1A5 /* number_eleven_style_40.plist */; };
		88C0E8892043F61800FCD1A5 /* number_seven_style_20.plist in Resources */ = {isa = PBXBuildFile; fileRef = 88C0E8402043F61500FCD1A5 /* number_seven_style_20.plist */; };
		88C0E88A2043F61800FCD1A5 /* number_seven_style_100.plist in Resources */ = {isa = PBXBuildFile; fileRef = 88C0E8412043F61500FCD1A5 /* number_seven_style_100.plist */; };
		88C0E88B2043F61800FCD1A5 /* number_eleven_style_50.plist in Resources */ = {isa = PBXBuildFile; fileRef = 88C0E8422043F61500FCD1A5 /* number_eleven_style_50.plist */; };
		88C0E88C2043F61800FCD1A5 /* number_ten_style_30.plist in Resources */ = {isa = PBXBuildFile; fileRef = 88C0E8432043F61500FCD1A5 /* number_ten_style_30.plist */; };
		88C0E88D2043F61800FCD1A5 /* number_five_style_30.plist in Resources */ = {isa = PBXBuildFile; fileRef = 88C0E8442043F61500FCD1A5 /* number_five_style_30.plist */; };
		88C0E88E2043F61800FCD1A5 /* number_eight_style_30.plist in Resources */ = {isa = PBXBuildFile; fileRef = 88C0E8452043F61500FCD1A5 /* number_eight_style_30.plist */; };
		88C0E88F2043F61800FCD1A5 /* number_eight_style_20.plist in Resources */ = {isa = PBXBuildFile; fileRef = 88C0E8462043F61500FCD1A5 /* number_eight_style_20.plist */; };
		88C0E8902043F61800FCD1A5 /* number_five_style_110.plist in Resources */ = {isa = PBXBuildFile; fileRef = 88C0E8472043F61500FCD1A5 /* number_five_style_110.plist */; };
		88C0E8912043F61800FCD1A5 /* number_seven_style_1.plist in Resources */ = {isa = PBXBuildFile; fileRef = 88C0E8482043F61500FCD1A5 /* number_seven_style_1.plist */; };
		88C0E8922043F61800FCD1A5 /* number_seven_style_50.plist in Resources */ = {isa = PBXBuildFile; fileRef = 88C0E8492043F61500FCD1A5 /* number_seven_style_50.plist */; };
		88C0E8932043F61800FCD1A5 /* number_ten_style_3.plist in Resources */ = {isa = PBXBuildFile; fileRef = 88C0E84A2043F61500FCD1A5 /* number_ten_style_3.plist */; };
		88C0E8942043F61800FCD1A5 /* number_six_style_20.plist in Resources */ = {isa = PBXBuildFile; fileRef = 88C0E84B2043F61500FCD1A5 /* number_six_style_20.plist */; };
		88C0E8952043F61800FCD1A5 /* number_ten_style_60.plist in Resources */ = {isa = PBXBuildFile; fileRef = 88C0E84C2043F61500FCD1A5 /* number_ten_style_60.plist */; };
		88C0E8962043F61800FCD1A5 /* number_Twelve_style_2.plist in Resources */ = {isa = PBXBuildFile; fileRef = 88C0E84D2043F61600FCD1A5 /* number_Twelve_style_2.plist */; };
		88C0E8972043F61800FCD1A5 /* number_nine_style_50.plist in Resources */ = {isa = PBXBuildFile; fileRef = 88C0E84E2043F61600FCD1A5 /* number_nine_style_50.plist */; };
		88C0E8982043F61800FCD1A5 /* number_Twelve_style_30.plist in Resources */ = {isa = PBXBuildFile; fileRef = 88C0E84F2043F61600FCD1A5 /* number_Twelve_style_30.plist */; };
		88C0E8992043F61800FCD1A5 /* number_eight_style_1.plist in Resources */ = {isa = PBXBuildFile; fileRef = 88C0E8502043F61600FCD1A5 /* number_eight_style_1.plist */; };
		88C0E89A2043F61800FCD1A5 /* number_ten_style_42.plist in Resources */ = {isa = PBXBuildFile; fileRef = 88C0E8512043F61600FCD1A5 /* number_ten_style_42.plist */; };
		88C0E89B2043F61800FCD1A5 /* number_Twelve_style_110.plist in Resources */ = {isa = PBXBuildFile; fileRef = 88C0E8522043F61600FCD1A5 /* number_Twelve_style_110.plist */; };
		88C0E89C2043F61800FCD1A5 /* number_nine_style_51.plist in Resources */ = {isa = PBXBuildFile; fileRef = 88C0E8532043F61600FCD1A5 /* number_nine_style_51.plist */; };
		88C0E89D2043F61800FCD1A5 /* number_thirteen_style_1.plist in Resources */ = {isa = PBXBuildFile; fileRef = 88C0E8542043F61600FCD1A5 /* number_thirteen_style_1.plist */; };
		88C0E89E2043F61800FCD1A5 /* number_eleven_style_20.plist in Resources */ = {isa = PBXBuildFile; fileRef = 88C0E8552043F61600FCD1A5 /* number_eleven_style_20.plist */; };
		88C0E89F2043F61800FCD1A5 /* number_nine_style_30.plist in Resources */ = {isa = PBXBuildFile; fileRef = 88C0E8562043F61600FCD1A5 /* number_nine_style_30.plist */; };
		88C0E8A02043F61800FCD1A5 /* number_seven_style_110.plist in Resources */ = {isa = PBXBuildFile; fileRef = 88C0E8572043F61600FCD1A5 /* number_seven_style_110.plist */; };
		88C0E8A12043F61800FCD1A5 /* number_ten_style_20.plist in Resources */ = {isa = PBXBuildFile; fileRef = 88C0E8582043F61600FCD1A5 /* number_ten_style_20.plist */; };
		88C0E8A22043F61800FCD1A5 /* number_nine_style_40.plist in Resources */ = {isa = PBXBuildFile; fileRef = 88C0E8592043F61600FCD1A5 /* number_nine_style_40.plist */; };
		88C0E8A32043F61800FCD1A5 /* number_seven_style_21.plist in Resources */ = {isa = PBXBuildFile; fileRef = 88C0E85A2043F61600FCD1A5 /* number_seven_style_21.plist */; };
		88C0E8A42043F61800FCD1A5 /* number_six_style_40.plist in Resources */ = {isa = PBXBuildFile; fileRef = 88C0E85B2043F61600FCD1A5 /* number_six_style_40.plist */; };
		88C0E8A52043F61800FCD1A5 /* number_seven_style_30.plist in Resources */ = {isa = PBXBuildFile; fileRef = 88C0E85C2043F61600FCD1A5 /* number_seven_style_30.plist */; };
		88C0E8A62043F61800FCD1A5 /* number_ten_style_32.plist in Resources */ = {isa = PBXBuildFile; fileRef = 88C0E85D2043F61700FCD1A5 /* number_ten_style_32.plist */; };
		88C0E8A72043F61800FCD1A5 /* number_Twelve_style_40.plist in Resources */ = {isa = PBXBuildFile; fileRef = 88C0E85E2043F61700FCD1A5 /* number_Twelve_style_40.plist */; };
		88C0E8A82043F61800FCD1A5 /* number_eight_style_61.plist in Resources */ = {isa = PBXBuildFile; fileRef = 88C0E85F2043F61700FCD1A5 /* number_eight_style_61.plist */; };
		88C0E8A92043F61800FCD1A5 /* number_eleven_style_1.plist in Resources */ = {isa = PBXBuildFile; fileRef = 88C0E8602043F61700FCD1A5 /* number_eleven_style_1.plist */; };
		88C0E8AA2043F61800FCD1A5 /* number_seven_style_2.plist in Resources */ = {isa = PBXBuildFile; fileRef = 88C0E8612043F61700FCD1A5 /* number_seven_style_2.plist */; };
		88C0E8AB2043F61800FCD1A5 /* number_Twelve_style_50.plist in Resources */ = {isa = PBXBuildFile; fileRef = 88C0E8622043F61700FCD1A5 /* number_Twelve_style_50.plist */; };
		88C0E8AC2043F61800FCD1A5 /* number_six_style_2.plist in Resources */ = {isa = PBXBuildFile; fileRef = 88C0E8632043F61700FCD1A5 /* number_six_style_2.plist */; };
		88C0E8AD2043F61800FCD1A5 /* number_eleven_style_30.plist in Resources */ = {isa = PBXBuildFile; fileRef = 88C0E8642043F61700FCD1A5 /* number_eleven_style_30.plist */; };
		88C0E8AE2043F61800FCD1A5 /* number_ten_style_40.plist in Resources */ = {isa = PBXBuildFile; fileRef = 88C0E8652043F61700FCD1A5 /* number_ten_style_40.plist */; };
		88C0E8AF2043F61800FCD1A5 /* number_five_style_2.plist in Resources */ = {isa = PBXBuildFile; fileRef = 88C0E8662043F61700FCD1A5 /* number_five_style_2.plist */; };
		88C0E8B02043F61800FCD1A5 /* number_ten_style_2.plist in Resources */ = {isa = PBXBuildFile; fileRef = 88C0E8672043F61700FCD1A5 /* number_ten_style_2.plist */; };
		88C0E8B12043F61800FCD1A5 /* number_thirteen_style_30.plist in Resources */ = {isa = PBXBuildFile; fileRef = 88C0E8682043F61700FCD1A5 /* number_thirteen_style_30.plist */; };
		88C0E8B22043F61800FCD1A5 /* number_six_style_50.plist in Resources */ = {isa = PBXBuildFile; fileRef = 88C0E8692043F61700FCD1A5 /* number_six_style_50.plist */; };
		88C0E8B32043F61800FCD1A5 /* number_five_style_1.plist in Resources */ = {isa = PBXBuildFile; fileRef = 88C0E86A2043F61700FCD1A5 /* number_five_style_1.plist */; };
		88D9F3A62044EBCC00E3FC75 /* ModelInfoCell.m in Sources */ = {isa = PBXBuildFile; fileRef = 88D9F3A52044EBCC00E3FC75 /* ModelInfoCell.m */; };
		C4A6C520974CD39F85229CAD /* libPods-ModelCard.a in Frameworks */ = {isa = PBXBuildFile; fileRef = 21F20DF02267F87AA7555177 /* libPods-ModelCard.a */; };
/* End PBXBuildFile section */

/* Begin PBXFileReference section */
		21F20DF02267F87AA7555177 /* libPods-ModelCard.a */ = {isa = PBXFileReference; explicitFileType = archive.ar; includeInIndex = 0; path = "libPods-ModelCard.a"; sourceTree = BUILT_PRODUCTS_DIR; };
		2252A7FA204165300030618B /* SelectTemplate.h */ = {isa = PBXFileReference; fileEncoding = 4; lastKnownFileType = sourcecode.c.h; path = SelectTemplate.h; sourceTree = "<group>"; };
		2252A7FB204165310030618B /* SelectTemplate.m */ = {isa = PBXFileReference; fileEncoding = 4; lastKnownFileType = sourcecode.c.objc; path = SelectTemplate.m; sourceTree = "<group>"; };
		2281AEAB203EB29B00412003 /* ModelCard.h */ = {isa = PBXFileReference; lastKnownFileType = sourcecode.c.h; path = ModelCard.h; sourceTree = "<group>"; };
		2281AEAC203EB29B00412003 /* ModelCard.m */ = {isa = PBXFileReference; lastKnownFileType = sourcecode.c.objc; path = ModelCard.m; sourceTree = "<group>"; };
		2281AEAE203EB2C800412003 /* Home.h */ = {isa = PBXFileReference; lastKnownFileType = sourcecode.c.h; path = Home.h; sourceTree = "<group>"; };
		2281AEAF203EB2C800412003 /* Home.m */ = {isa = PBXFileReference; lastKnownFileType = sourcecode.c.objc; path = Home.m; sourceTree = "<group>"; };
		2281AEB1203EC7A900412003 /* HorizontalVersion.h */ = {isa = PBXFileReference; lastKnownFileType = sourcecode.c.h; path = HorizontalVersion.h; sourceTree = "<group>"; };
		2281AEB2203EC7A900412003 /* HorizontalVersion.m */ = {isa = PBXFileReference; lastKnownFileType = sourcecode.c.objc; path = HorizontalVersion.m; sourceTree = "<group>"; };
		2281AEB4203EC7D300412003 /* VerticalVersion.h */ = {isa = PBXFileReference; lastKnownFileType = sourcecode.c.h; path = VerticalVersion.h; sourceTree = "<group>"; };
		2281AEB5203EC7D300412003 /* VerticalVersion.m */ = {isa = PBXFileReference; lastKnownFileType = sourcecode.c.objc; path = VerticalVersion.m; sourceTree = "<group>"; };
		2281AEB7203EC83D00412003 /* SegmentView.h */ = {isa = PBXFileReference; lastKnownFileType = sourcecode.c.h; path = SegmentView.h; sourceTree = "<group>"; };
		2281AEB8203EC83D00412003 /* SegmentView.m */ = {isa = PBXFileReference; lastKnownFileType = sourcecode.c.objc; path = SegmentView.m; sourceTree = "<group>"; };
		22F60AB2203E675A00FC9CC3 /* ModelCard.app */ = {isa = PBXFileReference; explicitFileType = wrapper.application; includeInIndex = 0; path = ModelCard.app; sourceTree = BUILT_PRODUCTS_DIR; };
		22F60AB5203E675A00FC9CC3 /* AppDelegate.h */ = {isa = PBXFileReference; lastKnownFileType = sourcecode.c.h; path = AppDelegate.h; sourceTree = "<group>"; };
		22F60AB6203E675A00FC9CC3 /* AppDelegate.m */ = {isa = PBXFileReference; lastKnownFileType = sourcecode.c.objc; path = AppDelegate.m; sourceTree = "<group>"; };
		22F60ABE203E675A00FC9CC3 /* Assets.xcassets */ = {isa = PBXFileReference; lastKnownFileType = folder.assetcatalog; path = Assets.xcassets; sourceTree = "<group>"; };
		22F60AC3203E675A00FC9CC3 /* Info.plist */ = {isa = PBXFileReference; lastKnownFileType = text.plist.xml; path = Info.plist; sourceTree = "<group>"; };
		22F60AC4203E675A00FC9CC3 /* main.m */ = {isa = PBXFileReference; lastKnownFileType = sourcecode.c.objc; path = main.m; sourceTree = "<group>"; };
		22F60AE5203E693900FC9CC3 /* Work.h */ = {isa = PBXFileReference; lastKnownFileType = sourcecode.c.h; path = Work.h; sourceTree = "<group>"; };
		22F60AE6203E693900FC9CC3 /* Work.m */ = {isa = PBXFileReference; lastKnownFileType = sourcecode.c.objc; path = Work.m; sourceTree = "<group>"; };
		22F60AE8203E694B00FC9CC3 /* TalentPool.h */ = {isa = PBXFileReference; lastKnownFileType = sourcecode.c.h; path = TalentPool.h; sourceTree = "<group>"; };
		22F60AE9203E694B00FC9CC3 /* TalentPool.m */ = {isa = PBXFileReference; lastKnownFileType = sourcecode.c.objc; path = TalentPool.m; sourceTree = "<group>"; };
		22F60AEB203E696200FC9CC3 /* Mine.h */ = {isa = PBXFileReference; lastKnownFileType = sourcecode.c.h; path = Mine.h; sourceTree = "<group>"; };
		22F60AEC203E696200FC9CC3 /* Mine.m */ = {isa = PBXFileReference; lastKnownFileType = sourcecode.c.objc; path = Mine.m; sourceTree = "<group>"; };
		88516AEF203FAD2B00A9F133 /* UIImage+Category.h */ = {isa = PBXFileReference; fileEncoding = 4; lastKnownFileType = sourcecode.c.h; path = "UIImage+Category.h"; sourceTree = "<group>"; };
		88516AF0203FAD2B00A9F133 /* UIImage+Category.m */ = {isa = PBXFileReference; fileEncoding = 4; lastKnownFileType = sourcecode.c.objc; path = "UIImage+Category.m"; sourceTree = "<group>"; };
		88516AF2203FB0C600A9F133 /* Header.pch */ = {isa = PBXFileReference; lastKnownFileType = sourcecode.c.h; path = Header.pch; sourceTree = "<group>"; };
		88516AF3203FB1C100A9F133 /* UIColor+Category.h */ = {isa = PBXFileReference; fileEncoding = 4; lastKnownFileType = sourcecode.c.h; path = "UIColor+Category.h"; sourceTree = "<group>"; };
		88516AF4203FB1C100A9F133 /* UIButton+Category.m */ = {isa = PBXFileReference; fileEncoding = 4; lastKnownFileType = sourcecode.c.objc; path = "UIButton+Category.m"; sourceTree = "<group>"; };
		88516AF5203FB1C100A9F133 /* UIView+CornerRadius.m */ = {isa = PBXFileReference; fileEncoding = 4; lastKnownFileType = sourcecode.c.objc; path = "UIView+CornerRadius.m"; sourceTree = "<group>"; };
		88516AF6203FB1C100A9F133 /* UIView+CornerRadius.h */ = {isa = PBXFileReference; fileEncoding = 4; lastKnownFileType = sourcecode.c.h; path = "UIView+CornerRadius.h"; sourceTree = "<group>"; };
		88516AF7203FB1C100A9F133 /* UIButton+Category.h */ = {isa = PBXFileReference; fileEncoding = 4; lastKnownFileType = sourcecode.c.h; path = "UIButton+Category.h"; sourceTree = "<group>"; };
		88516AF8203FB1C100A9F133 /* UIColor+Category.m */ = {isa = PBXFileReference; fileEncoding = 4; lastKnownFileType = sourcecode.c.objc; path = "UIColor+Category.m"; sourceTree = "<group>"; };
		88516AFC203FB20400A9F133 /* Oneyian.h */ = {isa = PBXFileReference; fileEncoding = 4; lastKnownFileType = sourcecode.c.h; path = Oneyian.h; sourceTree = "<group>"; };
		88516AFD203FB20400A9F133 /* Oneyian.m */ = {isa = PBXFileReference; fileEncoding = 4; lastKnownFileType = sourcecode.c.objc; path = Oneyian.m; sourceTree = "<group>"; };
		88516B01203FB66000A9F133 /* AddUserInfoController.h */ = {isa = PBXFileReference; lastKnownFileType = sourcecode.c.h; path = AddUserInfoController.h; sourceTree = "<group>"; };
		88516B02203FB66000A9F133 /* AddUserInfoController.m */ = {isa = PBXFileReference; lastKnownFileType = sourcecode.c.objc; path = AddUserInfoController.m; sourceTree = "<group>"; };
		88516B04203FBC1900A9F133 /* HModelImageController.h */ = {isa = PBXFileReference; lastKnownFileType = sourcecode.c.h; path = HModelImageController.h; sourceTree = "<group>"; };
		88516B05203FBC1900A9F133 /* HModelImageController.m */ = {isa = PBXFileReference; lastKnownFileType = sourcecode.c.objc; path = HModelImageController.m; sourceTree = "<group>"; };
		88516B07203FFECC00A9F133 /* UIDevice+YADevice.h */ = {isa = PBXFileReference; lastKnownFileType = sourcecode.c.h; path = "UIDevice+YADevice.h"; sourceTree = "<group>"; };
		88516B08203FFECC00A9F133 /* UIDevice+YADevice.m */ = {isa = PBXFileReference; lastKnownFileType = sourcecode.c.objc; path = "UIDevice+YADevice.m"; sourceTree = "<group>"; };
		88516B0B20400F0E00A9F133 /* YAScrollView.m */ = {isa = PBXFileReference; fileEncoding = 4; lastKnownFileType = sourcecode.c.objc; path = YAScrollView.m; sourceTree = "<group>"; };
		88516B0C20400F0E00A9F133 /* YAScrollView.h */ = {isa = PBXFileReference; fileEncoding = 4; lastKnownFileType = sourcecode.c.h; path = YAScrollView.h; sourceTree = "<group>"; };
		88888009204639B600009C75 /* TextFieldCell.h */ = {isa = PBXFileReference; lastKnownFileType = sourcecode.c.h; path = TextFieldCell.h; sourceTree = "<group>"; };
		8888800A204639B600009C75 /* TextFieldCell.m */ = {isa = PBXFileReference; lastKnownFileType = sourcecode.c.objc; path = TextFieldCell.m; sourceTree = "<group>"; };
		8888800C20463CCD00009C75 /* UITextField+Length.m */ = {isa = PBXFileReference; fileEncoding = 4; lastKnownFileType = sourcecode.c.objc; path = "UITextField+Length.m"; sourceTree = "<group>"; };
		8888800D20463CCD00009C75 /* UITextField+Length.h */ = {isa = PBXFileReference; fileEncoding = 4; lastKnownFileType = sourcecode.c.h; path = "UITextField+Length.h"; sourceTree = "<group>"; };
		888880162046700000009C75 /* PickInfoView.h */ = {isa = PBXFileReference; lastKnownFileType = sourcecode.c.h; path = PickInfoView.h; sourceTree = "<group>"; };
		888880172046700000009C75 /* PickInfoView.m */ = {isa = PBXFileReference; lastKnownFileType = sourcecode.c.objc; path = PickInfoView.m; sourceTree = "<group>"; };
		888880192046894800009C75 /* Address.plist */ = {isa = PBXFileReference; lastKnownFileType = file.bplist; path = Address.plist; sourceTree = "<group>"; };
		8888801B2046A06F00009C75 /* GameRankList.plist */ = {isa = PBXFileReference; lastKnownFileType = file.bplist; path = GameRankList.plist; sourceTree = "<group>"; };
		8888801D2046A1D300009C75 /* liwushuo.json */ = {isa = PBXFileReference; fileEncoding = 4; lastKnownFileType = text.json; path = liwushuo.json; sourceTree = "<group>"; };
		88B5989A2043A49100BE6B1A /* VModelImageController.h */ = {isa = PBXFileReference; lastKnownFileType = sourcecode.c.h; path = VModelImageController.h; sourceTree = "<group>"; };
		88B5989B2043A49100BE6B1A /* VModelImageController.m */ = {isa = PBXFileReference; lastKnownFileType = sourcecode.c.objc; path = VModelImageController.m; sourceTree = "<group>"; };
		88B7DC9920410F8C00824181 /* BModel.plist */ = {isa = PBXFileReference; lastKnownFileType = text.plist.xml; path = BModel.plist; sourceTree = "<group>"; };
		88BC6B5C2042A6CE00C2B64D /* ImagesView.h */ = {isa = PBXFileReference; lastKnownFileType = sourcecode.c.h; path = ImagesView.h; sourceTree = "<group>"; };
		88BC6B5D2042A6CE00C2B64D /* ImagesView.m */ = {isa = PBXFileReference; lastKnownFileType = sourcecode.c.objc; path = ImagesView.m; sourceTree = "<group>"; };
		88BC6B5F2042BD8900C2B64D /* ImageViewCell.h */ = {isa = PBXFileReference; lastKnownFileType = sourcecode.c.h; path = ImageViewCell.h; sourceTree = "<group>"; };
		88BC6B602042BD8900C2B64D /* ImageViewCell.m */ = {isa = PBXFileReference; lastKnownFileType = sourcecode.c.objc; path = ImageViewCell.m; sourceTree = "<group>"; };
		88C0E6E72043D06F00FCD1A5 /* AModel.plist */ = {isa = PBXFileReference; lastKnownFileType = text.plist.xml; path = AModel.plist; sourceTree = "<group>"; };
		88C0E6E92043D07B00FCD1A5 /* CModel.plist */ = {isa = PBXFileReference; lastKnownFileType = text.plist.xml; path = CModel.plist; sourceTree = "<group>"; };
		88C0E8172043EFE200FCD1A5 /* HModel.plist */ = {isa = PBXFileReference; fileEncoding = 4; lastKnownFileType = text.plist.xml; path = HModel.plist; sourceTree = "<group>"; };
		88C0E8182043EFE200FCD1A5 /* EModel.plist */ = {isa = PBXFileReference; fileEncoding = 4; lastKnownFileType = text.plist.xml; path = EModel.plist; sourceTree = "<group>"; };
		88C0E8192043EFE300FCD1A5 /* DModel.plist */ = {isa = PBXFileReference; fileEncoding = 4; lastKnownFileType = text.plist.xml; path = DModel.plist; sourceTree = "<group>"; };
		88C0E81A2043EFE300FCD1A5 /* GModel.plist */ = {isa = PBXFileReference; fileEncoding = 4; lastKnownFileType = text.plist.xml; path = GModel.plist; sourceTree = "<group>"; };
		88C0E81B2043EFE300FCD1A5 /* FModel.plist */ = {isa = PBXFileReference; fileEncoding = 4; lastKnownFileType = text.plist.xml; path = FModel.plist; sourceTree = "<group>"; };
		88C0E8222043F61300FCD1A5 /* number_six_style_30.plist */ = {isa = PBXFileReference; lastKnownFileType = file.bplist; path = number_six_style_30.plist; sourceTree = "<group>"; };
		88C0E8232043F61300FCD1A5 /* number_four_style_100.plist */ = {isa = PBXFileReference; lastKnownFileType = file.bplist; path = number_four_style_100.plist; sourceTree = "<group>"; };
		88C0E8242043F61300FCD1A5 /* number_seven_style_40.plist */ = {isa = PBXFileReference; lastKnownFileType = file.bplist; path = number_seven_style_40.plist; sourceTree = "<group>"; };
		88C0E8252043F61300FCD1A5 /* number_thirteen_style_40.plist */ = {isa = PBXFileReference; lastKnownFileType = file.bplist; path = number_thirteen_style_40.plist; sourceTree = "<group>"; };
		88C0E8262043F61300FCD1A5 /* number_six_style_1.plist */ = {isa = PBXFileReference; lastKnownFileType = file.bplist; path = number_six_style_1.plist; sourceTree = "<group>"; };
		88C0E8272043F61300FCD1A5 /* number_six_style_60.plist */ = {isa = PBXFileReference; lastKnownFileType = file.bplist; path = number_six_style_60.plist; sourceTree = "<group>"; };
		88C0E8282043F61300FCD1A5 /* number_Twelve_style_1.plist */ = {isa = PBXFileReference; lastKnownFileType = file.bplist; path = number_Twelve_style_1.plist; sourceTree = "<group>"; };
		88C0E8292043F61300FCD1A5 /* number_ten_style_31.plist */ = {isa = PBXFileReference; lastKnownFileType = file.bplist; path = number_ten_style_31.plist; sourceTree = "<group>"; };
		88C0E82A2043F61300FCD1A5 /* number_ten_style_50.plist */ = {isa = PBXFileReference; lastKnownFileType = file.bplist; path = number_ten_style_50.plist; sourceTree = "<group>"; };
		88C0E82B2043F61400FCD1A5 /* number_eight_style_40.plist */ = {isa = PBXFileReference; lastKnownFileType = file.bplist; path = number_eight_style_40.plist; sourceTree = "<group>"; };
		88C0E82C2043F61400FCD1A5 /* number_eight_style_50.plist */ = {isa = PBXFileReference; lastKnownFileType = file.bplist; path = number_eight_style_50.plist; sourceTree = "<group>"; };
		88C0E82D2043F61400FCD1A5 /* number_ten_style_51.plist */ = {isa = PBXFileReference; lastKnownFileType = file.bplist; path = number_ten_style_51.plist; sourceTree = "<group>"; };
		88C0E82E2043F61400FCD1A5 /* number_eight_style_60.plist */ = {isa = PBXFileReference; lastKnownFileType = file.bplist; path = number_eight_style_60.plist; sourceTree = "<group>"; };
		88C0E82F2043F61400FCD1A5 /* number_nine_style_100.plist */ = {isa = PBXFileReference; lastKnownFileType = file.bplist; path = number_nine_style_100.plist; sourceTree = "<group>"; };
		88C0E8302043F61400FCD1A5 /* number_ten_style_52.plist */ = {isa = PBXFileReference; lastKnownFileType = file.bplist; path = number_ten_style_52.plist; sourceTree = "<group>"; };
		88C0E8312043F61400FCD1A5 /* number_thirteen_style_20.plist */ = {isa = PBXFileReference; lastKnownFileType = file.bplist; path = number_thirteen_style_20.plist; sourceTree = "<group>"; };
		88C0E8322043F61400FCD1A5 /* number_nine_style_110.plist */ = {isa = PBXFileReference; lastKnownFileType = file.bplist; path = number_nine_style_110.plist; sourceTree = "<group>"; };
		88C0E8332043F61400FCD1A5 /* number_thirteen_style_50.plist */ = {isa = PBXFileReference; lastKnownFileType = file.bplist; path = number_thirteen_style_50.plist; sourceTree = "<group>"; };
		88C0E8342043F61400FCD1A5 /* number_nine_style_20.plist */ = {isa = PBXFileReference; lastKnownFileType = file.bplist; path = number_nine_style_20.plist; sourceTree = "<group>"; };
		88C0E8352043F61400FCD1A5 /* number_six_style_3.plist */ = {isa = PBXFileReference; lastKnownFileType = file.bplist; path = number_six_style_3.plist; sourceTree = "<group>"; };
		88C0E8362043F61400FCD1A5 /* number_ten_style_1.plist */ = {isa = PBXFileReference; lastKnownFileType = file.bplist; path = number_ten_style_1.plist; sourceTree = "<group>"; };
		88C0E8372043F61400FCD1A5 /* number_seven_style_3.plist */ = {isa = PBXFileReference; lastKnownFileType = file.bplist; path = number_seven_style_3.plist; sourceTree = "<group>"; };
		88C0E8382043F61400FCD1A5 /* number_ten_style_21.plist */ = {isa = PBXFileReference; lastKnownFileType = file.bplist; path = number_ten_style_21.plist; sourceTree = "<group>"; };
		88C0E8392043F61400FCD1A5 /* number_nine_style_41.plist */ = {isa = PBXFileReference; lastKnownFileType = file.bplist; path = number_nine_style_41.plist; sourceTree = "<group>"; };
		88C0E83A2043F61400FCD1A5 /* number_eight_style_2.plist */ = {isa = PBXFileReference; lastKnownFileType = file.bplist; path = number_eight_style_2.plist; sourceTree = "<group>"; };
		88C0E83B2043F61400FCD1A5 /* number_seven_style_31.plist */ = {isa = PBXFileReference; lastKnownFileType = file.bplist; path = number_seven_style_31.plist; sourceTree = "<group>"; };
		88C0E83C2043F61400FCD1A5 /* number_ten_style_41.plist */ = {isa = PBXFileReference; lastKnownFileType = file.bplist; path = number_ten_style_41.plist; sourceTree = "<group>"; };
		88C0E83D2043F61400FCD1A5 /* number_nine_style_1.plist */ = {isa = PBXFileReference; lastKnownFileType = file.bplist; path = number_nine_style_1.plist; sourceTree = "<group>"; };
		88C0E83E2043F61500FCD1A5 /* number_eight_style_3.plist */ = {isa = PBXFileReference; lastKnownFileType = file.bplist; path = number_eight_style_3.plist; sourceTree = "<group>"; };
		88C0E83F2043F61500FCD1A5 /* number_eleven_style_40.plist */ = {isa = PBXFileReference; lastKnownFileType = file.bplist; path = number_eleven_style_40.plist; sourceTree = "<group>"; };
		88C0E8402043F61500FCD1A5 /* number_seven_style_20.plist */ = {isa = PBXFileReference; lastKnownFileType = file.bplist; path = number_seven_style_20.plist; sourceTree = "<group>"; };
		88C0E8412043F61500FCD1A5 /* number_seven_style_100.plist */ = {isa = PBXFileReference; lastKnownFileType = file.bplist; path = number_seven_style_100.plist; sourceTree = "<group>"; };
		88C0E8422043F61500FCD1A5 /* number_eleven_style_50.plist */ = {isa = PBXFileReference; lastKnownFileType = file.bplist; path = number_eleven_style_50.plist; sourceTree = "<group>"; };
		88C0E8432043F61500FCD1A5 /* number_ten_style_30.plist */ = {isa = PBXFileReference; lastKnownFileType = file.bplist; path = number_ten_style_30.plist; sourceTree = "<group>"; };
		88C0E8442043F61500FCD1A5 /* number_five_style_30.plist */ = {isa = PBXFileReference; lastKnownFileType = file.bplist; path = number_five_style_30.plist; sourceTree = "<group>"; };
		88C0E8452043F61500FCD1A5 /* number_eight_style_30.plist */ = {isa = PBXFileReference; lastKnownFileType = file.bplist; path = number_eight_style_30.plist; sourceTree = "<group>"; };
		88C0E8462043F61500FCD1A5 /* number_eight_style_20.plist */ = {isa = PBXFileReference; lastKnownFileType = file.bplist; path = number_eight_style_20.plist; sourceTree = "<group>"; };
		88C0E8472043F61500FCD1A5 /* number_five_style_110.plist */ = {isa = PBXFileReference; lastKnownFileType = file.bplist; path = number_five_style_110.plist; sourceTree = "<group>"; };
		88C0E8482043F61500FCD1A5 /* number_seven_style_1.plist */ = {isa = PBXFileReference; lastKnownFileType = file.bplist; path = number_seven_style_1.plist; sourceTree = "<group>"; };
		88C0E8492043F61500FCD1A5 /* number_seven_style_50.plist */ = {isa = PBXFileReference; lastKnownFileType = file.bplist; path = number_seven_style_50.plist; sourceTree = "<group>"; };
		88C0E84A2043F61500FCD1A5 /* number_ten_style_3.plist */ = {isa = PBXFileReference; lastKnownFileType = file.bplist; path = number_ten_style_3.plist; sourceTree = "<group>"; };
		88C0E84B2043F61500FCD1A5 /* number_six_style_20.plist */ = {isa = PBXFileReference; lastKnownFileType = file.bplist; path = number_six_style_20.plist; sourceTree = "<group>"; };
		88C0E84C2043F61500FCD1A5 /* number_ten_style_60.plist */ = {isa = PBXFileReference; lastKnownFileType = file.bplist; path = number_ten_style_60.plist; sourceTree = "<group>"; };
		88C0E84D2043F61600FCD1A5 /* number_Twelve_style_2.plist */ = {isa = PBXFileReference; lastKnownFileType = file.bplist; path = number_Twelve_style_2.plist; sourceTree = "<group>"; };
		88C0E84E2043F61600FCD1A5 /* number_nine_style_50.plist */ = {isa = PBXFileReference; lastKnownFileType = file.bplist; path = number_nine_style_50.plist; sourceTree = "<group>"; };
		88C0E84F2043F61600FCD1A5 /* number_Twelve_style_30.plist */ = {isa = PBXFileReference; lastKnownFileType = file.bplist; path = number_Twelve_style_30.plist; sourceTree = "<group>"; };
		88C0E8502043F61600FCD1A5 /* number_eight_style_1.plist */ = {isa = PBXFileReference; lastKnownFileType = file.bplist; path = number_eight_style_1.plist; sourceTree = "<group>"; };
		88C0E8512043F61600FCD1A5 /* number_ten_style_42.plist */ = {isa = PBXFileReference; lastKnownFileType = file.bplist; path = number_ten_style_42.plist; sourceTree = "<group>"; };
		88C0E8522043F61600FCD1A5 /* number_Twelve_style_110.plist */ = {isa = PBXFileReference; lastKnownFileType = file.bplist; path = number_Twelve_style_110.plist; sourceTree = "<group>"; };
		88C0E8532043F61600FCD1A5 /* number_nine_style_51.plist */ = {isa = PBXFileReference; lastKnownFileType = file.bplist; path = number_nine_style_51.plist; sourceTree = "<group>"; };
		88C0E8542043F61600FCD1A5 /* number_thirteen_style_1.plist */ = {isa = PBXFileReference; lastKnownFileType = file.bplist; path = number_thirteen_style_1.plist; sourceTree = "<group>"; };
		88C0E8552043F61600FCD1A5 /* number_eleven_style_20.plist */ = {isa = PBXFileReference; lastKnownFileType = file.bplist; path = number_eleven_style_20.plist; sourceTree = "<group>"; };
		88C0E8562043F61600FCD1A5 /* number_nine_style_30.plist */ = {isa = PBXFileReference; lastKnownFileType = file.bplist; path = number_nine_style_30.plist; sourceTree = "<group>"; };
		88C0E8572043F61600FCD1A5 /* number_seven_style_110.plist */ = {isa = PBXFileReference; lastKnownFileType = file.bplist; path = number_seven_style_110.plist; sourceTree = "<group>"; };
		88C0E8582043F61600FCD1A5 /* number_ten_style_20.plist */ = {isa = PBXFileReference; lastKnownFileType = file.bplist; path = number_ten_style_20.plist; sourceTree = "<group>"; };
		88C0E8592043F61600FCD1A5 /* number_nine_style_40.plist */ = {isa = PBXFileReference; lastKnownFileType = file.bplist; path = number_nine_style_40.plist; sourceTree = "<group>"; };
		88C0E85A2043F61600FCD1A5 /* number_seven_style_21.plist */ = {isa = PBXFileReference; lastKnownFileType = file.bplist; path = number_seven_style_21.plist; sourceTree = "<group>"; };
		88C0E85B2043F61600FCD1A5 /* number_six_style_40.plist */ = {isa = PBXFileReference; lastKnownFileType = file.bplist; path = number_six_style_40.plist; sourceTree = "<group>"; };
		88C0E85C2043F61600FCD1A5 /* number_seven_style_30.plist */ = {isa = PBXFileReference; lastKnownFileType = file.bplist; path = number_seven_style_30.plist; sourceTree = "<group>"; };
		88C0E85D2043F61700FCD1A5 /* number_ten_style_32.plist */ = {isa = PBXFileReference; lastKnownFileType = file.bplist; path = number_ten_style_32.plist; sourceTree = "<group>"; };
		88C0E85E2043F61700FCD1A5 /* number_Twelve_style_40.plist */ = {isa = PBXFileReference; lastKnownFileType = file.bplist; path = number_Twelve_style_40.plist; sourceTree = "<group>"; };
		88C0E85F2043F61700FCD1A5 /* number_eight_style_61.plist */ = {isa = PBXFileReference; lastKnownFileType = file.bplist; path = number_eight_style_61.plist; sourceTree = "<group>"; };
		88C0E8602043F61700FCD1A5 /* number_eleven_style_1.plist */ = {isa = PBXFileReference; lastKnownFileType = file.bplist; path = number_eleven_style_1.plist; sourceTree = "<group>"; };
		88C0E8612043F61700FCD1A5 /* number_seven_style_2.plist */ = {isa = PBXFileReference; lastKnownFileType = file.bplist; path = number_seven_style_2.plist; sourceTree = "<group>"; };
		88C0E8622043F61700FCD1A5 /* number_Twelve_style_50.plist */ = {isa = PBXFileReference; lastKnownFileType = file.bplist; path = number_Twelve_style_50.plist; sourceTree = "<group>"; };
		88C0E8632043F61700FCD1A5 /* number_six_style_2.plist */ = {isa = PBXFileReference; lastKnownFileType = file.bplist; path = number_six_style_2.plist; sourceTree = "<group>"; };
		88C0E8642043F61700FCD1A5 /* number_eleven_style_30.plist */ = {isa = PBXFileReference; lastKnownFileType = file.bplist; path = number_eleven_style_30.plist; sourceTree = "<group>"; };
		88C0E8652043F61700FCD1A5 /* number_ten_style_40.plist */ = {isa = PBXFileReference; lastKnownFileType = file.bplist; path = number_ten_style_40.plist; sourceTree = "<group>"; };
		88C0E8662043F61700FCD1A5 /* number_five_style_2.plist */ = {isa = PBXFileReference; lastKnownFileType = file.bplist; path = number_five_style_2.plist; sourceTree = "<group>"; };
		88C0E8672043F61700FCD1A5 /* number_ten_style_2.plist */ = {isa = PBXFileReference; lastKnownFileType = file.bplist; path = number_ten_style_2.plist; sourceTree = "<group>"; };
		88C0E8682043F61700FCD1A5 /* number_thirteen_style_30.plist */ = {isa = PBXFileReference; lastKnownFileType = file.bplist; path = number_thirteen_style_30.plist; sourceTree = "<group>"; };
		88C0E8692043F61700FCD1A5 /* number_six_style_50.plist */ = {isa = PBXFileReference; lastKnownFileType = file.bplist; path = number_six_style_50.plist; sourceTree = "<group>"; };
		88C0E86A2043F61700FCD1A5 /* number_five_style_1.plist */ = {isa = PBXFileReference; lastKnownFileType = file.bplist; path = number_five_style_1.plist; sourceTree = "<group>"; };
		88D9F3A42044EBCC00E3FC75 /* ModelInfoCell.h */ = {isa = PBXFileReference; lastKnownFileType = sourcecode.c.h; path = ModelInfoCell.h; sourceTree = "<group>"; };
		88D9F3A52044EBCC00E3FC75 /* ModelInfoCell.m */ = {isa = PBXFileReference; lastKnownFileType = sourcecode.c.objc; path = ModelInfoCell.m; sourceTree = "<group>"; };
		A87B731EC8916C2AA65C1798 /* Pods-ModelCard.debug.xcconfig */ = {isa = PBXFileReference; includeInIndex = 1; lastKnownFileType = text.xcconfig; name = "Pods-ModelCard.debug.xcconfig"; path = "Pods/Target Support Files/Pods-ModelCard/Pods-ModelCard.debug.xcconfig"; sourceTree = "<group>"; };
		B712187D2D0752A1663049D8 /* Pods-ModelCard.release.xcconfig */ = {isa = PBXFileReference; includeInIndex = 1; lastKnownFileType = text.xcconfig; name = "Pods-ModelCard.release.xcconfig"; path = "Pods/Target Support Files/Pods-ModelCard/Pods-ModelCard.release.xcconfig"; sourceTree = "<group>"; };
/* End PBXFileReference section */

/* Begin PBXFrameworksBuildPhase section */
		22F60AAF203E675A00FC9CC3 /* Frameworks */ = {
			isa = PBXFrameworksBuildPhase;
			buildActionMask = 2147483647;
			files = (
				C4A6C520974CD39F85229CAD /* libPods-ModelCard.a in Frameworks */,
			);
			runOnlyForDeploymentPostprocessing = 0;
		};
/* End PBXFrameworksBuildPhase section */

/* Begin PBXGroup section */
		1200E05C81C358B7BABD2E44 /* Pods */ = {
			isa = PBXGroup;
			children = (
				A87B731EC8916C2AA65C1798 /* Pods-ModelCard.debug.xcconfig */,
				B712187D2D0752A1663049D8 /* Pods-ModelCard.release.xcconfig */,
			);
			name = Pods;
			sourceTree = "<group>";
		};
		22F60AA9203E675A00FC9CC3 = {
			isa = PBXGroup;
			children = (
				22F60AB4203E675A00FC9CC3 /* ModelCard */,
				22F60AB3203E675A00FC9CC3 /* Products */,
				1200E05C81C358B7BABD2E44 /* Pods */,
				2EB41D7B89F843385212C6A8 /* Frameworks */,
			);
			sourceTree = "<group>";
		};
		22F60AB3203E675A00FC9CC3 /* Products */ = {
			isa = PBXGroup;
			children = (
				22F60AB2203E675A00FC9CC3 /* ModelCard.app */,
			);
			name = Products;
			sourceTree = "<group>";
		};
		22F60AB4203E675A00FC9CC3 /* ModelCard */ = {
			isa = PBXGroup;
			children = (
				88516AEE203FAD0E00A9F133 /* Class+Category */,
				88516AFF203FB61D00A9F133 /* AddUserInfo */,
				22F60ACE203E67FA00FC9CC3 /* PersonalCenter */,
				22F60ACD203E67AD00FC9CC3 /* TalentPool */,
				22F60ACC203E679500FC9CC3 /* Work */,
				22F60ACB203E677B00FC9CC3 /* ModerCard */,
				22F60AB5203E675A00FC9CC3 /* AppDelegate.h */,
				22F60AB6203E675A00FC9CC3 /* AppDelegate.m */,
				22F60ABE203E675A00FC9CC3 /* Assets.xcassets */,
				22F60AC3203E675A00FC9CC3 /* Info.plist */,
				22F60AC4203E675A00FC9CC3 /* main.m */,
			);
			path = ModelCard;
			sourceTree = "<group>";
		};
		22F60ACB203E677B00FC9CC3 /* ModerCard */ = {
			isa = PBXGroup;
			children = (
				22F60AD7203E689400FC9CC3 /* Model */,
				22F60AD6203E689100FC9CC3 /* View */,
				22F60AD5203E688B00FC9CC3 /* Controller */,
			);
			path = ModerCard;
			sourceTree = "<group>";
		};
		22F60ACC203E679500FC9CC3 /* Work */ = {
			isa = PBXGroup;
			children = (
				22F60ADA203E68C000FC9CC3 /* Model */,
				22F60AD9203E68BE00FC9CC3 /* View */,
				22F60AD8203E68BB00FC9CC3 /* Controller */,
			);
			path = Work;
			sourceTree = "<group>";
		};
		22F60ACD203E67AD00FC9CC3 /* TalentPool */ = {
			isa = PBXGroup;
			children = (
				22F60ADD203E68C800FC9CC3 /* Model */,
				22F60ADC203E68C600FC9CC3 /* View */,
				22F60ADB203E68C300FC9CC3 /* Controller */,
			);
			path = TalentPool;
			sourceTree = "<group>";
		};
		22F60ACE203E67FA00FC9CC3 /* PersonalCenter */ = {
			isa = PBXGroup;
			children = (
				22F60AE0203E68D100FC9CC3 /* Model */,
				22F60ADF203E68CE00FC9CC3 /* View */,
				22F60ADE203E68CC00FC9CC3 /* Controller */,
			);
			path = PersonalCenter;
			sourceTree = "<group>";
		};
		22F60AD5203E688B00FC9CC3 /* Controller */ = {
			isa = PBXGroup;
			children = (
				2281AEAE203EB2C800412003 /* Home.h */,
				2281AEAF203EB2C800412003 /* Home.m */,
				2281AEAB203EB29B00412003 /* ModelCard.h */,
				2281AEAC203EB29B00412003 /* ModelCard.m */,
				2281AEB1203EC7A900412003 /* HorizontalVersion.h */,
				2281AEB2203EC7A900412003 /* HorizontalVersion.m */,
				2281AEB4203EC7D300412003 /* VerticalVersion.h */,
				2281AEB5203EC7D300412003 /* VerticalVersion.m */,
				2252A7FA204165300030618B /* SelectTemplate.h */,
				2252A7FB204165310030618B /* SelectTemplate.m */,
			);
			path = Controller;
			sourceTree = "<group>";
		};
		22F60AD6203E689100FC9CC3 /* View */ = {
			isa = PBXGroup;
			children = (
				2281AEB7203EC83D00412003 /* SegmentView.h */,
				2281AEB8203EC83D00412003 /* SegmentView.m */,
				88BC6B5C2042A6CE00C2B64D /* ImagesView.h */,
				88BC6B5D2042A6CE00C2B64D /* ImagesView.m */,
				88BC6B5F2042BD8900C2B64D /* ImageViewCell.h */,
				88BC6B602042BD8900C2B64D /* ImageViewCell.m */,
			);
			path = View;
			sourceTree = "<group>";
		};
		22F60AD7203E689400FC9CC3 /* Model */ = {
			isa = PBXGroup;
			children = (
			);
			path = Model;
			sourceTree = "<group>";
		};
		22F60AD8203E68BB00FC9CC3 /* Controller */ = {
			isa = PBXGroup;
			children = (
				22F60AE5203E693900FC9CC3 /* Work.h */,
				22F60AE6203E693900FC9CC3 /* Work.m */,
			);
			path = Controller;
			sourceTree = "<group>";
		};
		22F60AD9203E68BE00FC9CC3 /* View */ = {
			isa = PBXGroup;
			children = (
			);
			path = View;
			sourceTree = "<group>";
		};
		22F60ADA203E68C000FC9CC3 /* Model */ = {
			isa = PBXGroup;
			children = (
			);
			path = Model;
			sourceTree = "<group>";
		};
		22F60ADB203E68C300FC9CC3 /* Controller */ = {
			isa = PBXGroup;
			children = (
				22F60AE8203E694B00FC9CC3 /* TalentPool.h */,
				22F60AE9203E694B00FC9CC3 /* TalentPool.m */,
			);
			path = Controller;
			sourceTree = "<group>";
		};
		22F60ADC203E68C600FC9CC3 /* View */ = {
			isa = PBXGroup;
			children = (
			);
			path = View;
			sourceTree = "<group>";
		};
		22F60ADD203E68C800FC9CC3 /* Model */ = {
			isa = PBXGroup;
			children = (
			);
			path = Model;
			sourceTree = "<group>";
		};
		22F60ADE203E68CC00FC9CC3 /* Controller */ = {
			isa = PBXGroup;
			children = (
				22F60AEB203E696200FC9CC3 /* Mine.h */,
				22F60AEC203E696200FC9CC3 /* Mine.m */,
			);
			path = Controller;
			sourceTree = "<group>";
		};
		22F60ADF203E68CE00FC9CC3 /* View */ = {
			isa = PBXGroup;
			children = (
			);
			path = View;
			sourceTree = "<group>";
		};
		22F60AE0203E68D100FC9CC3 /* Model */ = {
			isa = PBXGroup;
			children = (
			);
			path = Model;
			sourceTree = "<group>";
		};
		2EB41D7B89F843385212C6A8 /* Frameworks */ = {
			isa = PBXGroup;
			children = (
				21F20DF02267F87AA7555177 /* libPods-ModelCard.a */,
			);
			name = Frameworks;
			sourceTree = "<group>";
		};
		88516AEE203FAD0E00A9F133 /* Class+Category */ = {
			isa = PBXGroup;
			children = (
				88516AF2203FB0C600A9F133 /* Header.pch */,
				88516AFC203FB20400A9F133 /* Oneyian.h */,
				88516AFD203FB20400A9F133 /* Oneyian.m */,
				88516AEF203FAD2B00A9F133 /* UIImage+Category.h */,
				88516AF0203FAD2B00A9F133 /* UIImage+Category.m */,
				88516AF7203FB1C100A9F133 /* UIButton+Category.h */,
				88516AF4203FB1C100A9F133 /* UIButton+Category.m */,
				88516AF3203FB1C100A9F133 /* UIColor+Category.h */,
				88516AF8203FB1C100A9F133 /* UIColor+Category.m */,
				88516AF6203FB1C100A9F133 /* UIView+CornerRadius.h */,
				88516AF5203FB1C100A9F133 /* UIView+CornerRadius.m */,
				88516B07203FFECC00A9F133 /* UIDevice+YADevice.h */,
				88516B08203FFECC00A9F133 /* UIDevice+YADevice.m */,
				8888800D20463CCD00009C75 /* UITextField+Length.h */,
				8888800C20463CCD00009C75 /* UITextField+Length.m */,
			);
			path = "Class+Category";
			sourceTree = "<group>";
		};
		88516AFF203FB61D00A9F133 /* AddUserInfo */ = {
			isa = PBXGroup;
			children = (
				88C0E6EC2043DB6800FCD1A5 /* Plist */,
				88B7DC0920410E0600824181 /* Model */,
				88516B0A20400F0700A9F133 /* View */,
				88516B00203FB62C00A9F133 /* Controller */,
			);
			path = AddUserInfo;
			sourceTree = "<group>";
		};
		88516B00203FB62C00A9F133 /* Controller */ = {
			isa = PBXGroup;
			children = (
				88516B01203FB66000A9F133 /* AddUserInfoController.h */,
				88516B02203FB66000A9F133 /* AddUserInfoController.m */,
				88516B04203FBC1900A9F133 /* HModelImageController.h */,
				88516B05203FBC1900A9F133 /* HModelImageController.m */,
				88B5989A2043A49100BE6B1A /* VModelImageController.h */,
				88B5989B2043A49100BE6B1A /* VModelImageController.m */,
			);
			path = Controller;
			sourceTree = "<group>";
		};
		88516B0A20400F0700A9F133 /* View */ = {
			isa = PBXGroup;
			children = (
				88516B0C20400F0E00A9F133 /* YAScrollView.h */,
				88516B0B20400F0E00A9F133 /* YAScrollView.m */,
				88888009204639B600009C75 /* TextFieldCell.h */,
				8888800A204639B600009C75 /* TextFieldCell.m */,
				88D9F3A42044EBCC00E3FC75 /* ModelInfoCell.h */,
				88D9F3A52044EBCC00E3FC75 /* ModelInfoCell.m */,
				888880162046700000009C75 /* PickInfoView.h */,
				888880172046700000009C75 /* PickInfoView.m */,
			);
			path = View;
			sourceTree = "<group>";
		};
		88B7DC0920410E0600824181 /* Model */ = {
			isa = PBXGroup;
			children = (
			);
			path = Model;
			sourceTree = "<group>";
		};
		88C0E6EC2043DB6800FCD1A5 /* Plist */ = {
			isa = PBXGroup;
			children = (
				888880192046894800009C75 /* Address.plist */,
				8888801B2046A06F00009C75 /* GameRankList.plist */,
				8888801D2046A1D300009C75 /* liwushuo.json */,
				88C0E8212043F5B700FCD1A5 /* AllModel */,
				88C0E6E72043D06F00FCD1A5 /* AModel.plist */,
				88B7DC9920410F8C00824181 /* BModel.plist */,
				88C0E6E92043D07B00FCD1A5 /* CModel.plist */,
				88C0E8192043EFE300FCD1A5 /* DModel.plist */,
				88C0E8182043EFE200FCD1A5 /* EModel.plist */,
				88C0E81B2043EFE300FCD1A5 /* FModel.plist */,
				88C0E81A2043EFE300FCD1A5 /* GModel.plist */,
				88C0E8172043EFE200FCD1A5 /* HModel.plist */,
			);
			path = Plist;
			sourceTree = "<group>";
		};
		88C0E8212043F5B700FCD1A5 /* AllModel */ = {
			isa = PBXGroup;
			children = (
				88C0E8502043F61600FCD1A5 /* number_eight_style_1.plist */,
				88C0E83A2043F61400FCD1A5 /* number_eight_style_2.plist */,
				88C0E83E2043F61500FCD1A5 /* number_eight_style_3.plist */,
				88C0E8462043F61500FCD1A5 /* number_eight_style_20.plist */,
				88C0E8452043F61500FCD1A5 /* number_eight_style_30.plist */,
				88C0E82B2043F61400FCD1A5 /* number_eight_style_40.plist */,
				88C0E82C2043F61400FCD1A5 /* number_eight_style_50.plist */,
				88C0E82E2043F61400FCD1A5 /* number_eight_style_60.plist */,
				88C0E85F2043F61700FCD1A5 /* number_eight_style_61.plist */,
				88C0E8602043F61700FCD1A5 /* number_eleven_style_1.plist */,
				88C0E8552043F61600FCD1A5 /* number_eleven_style_20.plist */,
				88C0E8642043F61700FCD1A5 /* number_eleven_style_30.plist */,
				88C0E83F2043F61500FCD1A5 /* number_eleven_style_40.plist */,
				88C0E8422043F61500FCD1A5 /* number_eleven_style_50.plist */,
				88C0E86A2043F61700FCD1A5 /* number_five_style_1.plist */,
				88C0E8662043F61700FCD1A5 /* number_five_style_2.plist */,
				88C0E8442043F61500FCD1A5 /* number_five_style_30.plist */,
				88C0E8472043F61500FCD1A5 /* number_five_style_110.plist */,
				88C0E8232043F61300FCD1A5 /* number_four_style_100.plist */,
				88C0E83D2043F61400FCD1A5 /* number_nine_style_1.plist */,
				88C0E8342043F61400FCD1A5 /* number_nine_style_20.plist */,
				88C0E8562043F61600FCD1A5 /* number_nine_style_30.plist */,
				88C0E8592043F61600FCD1A5 /* number_nine_style_40.plist */,
				88C0E8392043F61400FCD1A5 /* number_nine_style_41.plist */,
				88C0E84E2043F61600FCD1A5 /* number_nine_style_50.plist */,
				88C0E8532043F61600FCD1A5 /* number_nine_style_51.plist */,
				88C0E82F2043F61400FCD1A5 /* number_nine_style_100.plist */,
				88C0E8322043F61400FCD1A5 /* number_nine_style_110.plist */,
				88C0E8482043F61500FCD1A5 /* number_seven_style_1.plist */,
				88C0E8612043F61700FCD1A5 /* number_seven_style_2.plist */,
				88C0E8372043F61400FCD1A5 /* number_seven_style_3.plist */,
				88C0E8402043F61500FCD1A5 /* number_seven_style_20.plist */,
				88C0E85A2043F61600FCD1A5 /* number_seven_style_21.plist */,
				88C0E85C2043F61600FCD1A5 /* number_seven_style_30.plist */,
				88C0E83B2043F61400FCD1A5 /* number_seven_style_31.plist */,
				88C0E8242043F61300FCD1A5 /* number_seven_style_40.plist */,
				88C0E8492043F61500FCD1A5 /* number_seven_style_50.plist */,
				88C0E8412043F61500FCD1A5 /* number_seven_style_100.plist */,
				88C0E8572043F61600FCD1A5 /* number_seven_style_110.plist */,
				88C0E8262043F61300FCD1A5 /* number_six_style_1.plist */,
				88C0E8632043F61700FCD1A5 /* number_six_style_2.plist */,
				88C0E8352043F61400FCD1A5 /* number_six_style_3.plist */,
				88C0E84B2043F61500FCD1A5 /* number_six_style_20.plist */,
				88C0E8222043F61300FCD1A5 /* number_six_style_30.plist */,
				88C0E85B2043F61600FCD1A5 /* number_six_style_40.plist */,
				88C0E8692043F61700FCD1A5 /* number_six_style_50.plist */,
				88C0E8272043F61300FCD1A5 /* number_six_style_60.plist */,
				88C0E8362043F61400FCD1A5 /* number_ten_style_1.plist */,
				88C0E8672043F61700FCD1A5 /* number_ten_style_2.plist */,
				88C0E84A2043F61500FCD1A5 /* number_ten_style_3.plist */,
				88C0E8582043F61600FCD1A5 /* number_ten_style_20.plist */,
				88C0E8382043F61400FCD1A5 /* number_ten_style_21.plist */,
				88C0E8432043F61500FCD1A5 /* number_ten_style_30.plist */,
				88C0E8292043F61300FCD1A5 /* number_ten_style_31.plist */,
				88C0E85D2043F61700FCD1A5 /* number_ten_style_32.plist */,
				88C0E8652043F61700FCD1A5 /* number_ten_style_40.plist */,
				88C0E83C2043F61400FCD1A5 /* number_ten_style_41.plist */,
				88C0E8512043F61600FCD1A5 /* number_ten_style_42.plist */,
				88C0E82A2043F61300FCD1A5 /* number_ten_style_50.plist */,
				88C0E82D2043F61400FCD1A5 /* number_ten_style_51.plist */,
				88C0E8302043F61400FCD1A5 /* number_ten_style_52.plist */,
				88C0E84C2043F61500FCD1A5 /* number_ten_style_60.plist */,
				88C0E8542043F61600FCD1A5 /* number_thirteen_style_1.plist */,
				88C0E8312043F61400FCD1A5 /* number_thirteen_style_20.plist */,
				88C0E8682043F61700FCD1A5 /* number_thirteen_style_30.plist */,
				88C0E8252043F61300FCD1A5 /* number_thirteen_style_40.plist */,
				88C0E8332043F61400FCD1A5 /* number_thirteen_style_50.plist */,
				88C0E8282043F61300FCD1A5 /* number_Twelve_style_1.plist */,
				88C0E84D2043F61600FCD1A5 /* number_Twelve_style_2.plist */,
				88C0E84F2043F61600FCD1A5 /* number_Twelve_style_30.plist */,
				88C0E85E2043F61700FCD1A5 /* number_Twelve_style_40.plist */,
				88C0E8622043F61700FCD1A5 /* number_Twelve_style_50.plist */,
				88C0E8522043F61600FCD1A5 /* number_Twelve_style_110.plist */,
			);
			path = AllModel;
			sourceTree = "<group>";
		};
/* End PBXGroup section */

/* Begin PBXNativeTarget section */
		22F60AB1203E675A00FC9CC3 /* ModelCard */ = {
			isa = PBXNativeTarget;
			buildConfigurationList = 22F60AC8203E675A00FC9CC3 /* Build configuration list for PBXNativeTarget "ModelCard" */;
			buildPhases = (
				B2DCD284C5292C6ABA271744 /* [CP] Check Pods Manifest.lock */,
				22F60AAE203E675A00FC9CC3 /* Sources */,
				22F60AAF203E675A00FC9CC3 /* Frameworks */,
				22F60AB0203E675A00FC9CC3 /* Resources */,
				C389BA63E78BC3A2ABB7B194 /* [CP] Embed Pods Frameworks */,
				8B8D32A694E9698B1E6E77AB /* [CP] Copy Pods Resources */,
			);
			buildRules = (
			);
			dependencies = (
			);
			name = ModelCard;
			productName = ModelCard;
			productReference = 22F60AB2203E675A00FC9CC3 /* ModelCard.app */;
			productType = "com.apple.product-type.application";
		};
/* End PBXNativeTarget section */

/* Begin PBXProject section */
		22F60AAA203E675A00FC9CC3 /* Project object */ = {
			isa = PBXProject;
			attributes = {
				LastUpgradeCheck = 0920;
				ORGANIZATIONNAME = Asher;
				TargetAttributes = {
					22F60AB1203E675A00FC9CC3 = {
						CreatedOnToolsVersion = 9.2;
						ProvisioningStyle = Automatic;
					};
				};
			};
			buildConfigurationList = 22F60AAD203E675A00FC9CC3 /* Build configuration list for PBXProject "ModelCard" */;
			compatibilityVersion = "Xcode 8.0";
			developmentRegion = en;
			hasScannedForEncodings = 0;
			knownRegions = (
				en,
				Base,
			);
			mainGroup = 22F60AA9203E675A00FC9CC3;
			productRefGroup = 22F60AB3203E675A00FC9CC3 /* Products */;
			projectDirPath = "";
			projectRoot = "";
			targets = (
				22F60AB1203E675A00FC9CC3 /* ModelCard */,
			);
		};
/* End PBXProject section */

/* Begin PBXResourcesBuildPhase section */
		22F60AB0203E675A00FC9CC3 /* Resources */ = {
			isa = PBXResourcesBuildPhase;
			buildActionMask = 2147483647;
			files = (
				88C0E8A52043F61800FCD1A5 /* number_seven_style_30.plist in Resources */,
				88C0E89F2043F61800FCD1A5 /* number_nine_style_30.plist in Resources */,
				88C0E89E2043F61800FCD1A5 /* number_eleven_style_20.plist in Resources */,
				88C0E8792043F61700FCD1A5 /* number_ten_style_52.plist in Resources */,
				88C0E8962043F61800FCD1A5 /* number_Twelve_style_2.plist in Resources */,
				88C0E88C2043F61800FCD1A5 /* number_ten_style_30.plist in Resources */,
				88C0E8B22043F61800FCD1A5 /* number_six_style_50.plist in Resources */,
				88C0E89B2043F61800FCD1A5 /* number_Twelve_style_110.plist in Resources */,
				88C0E86C2043F61700FCD1A5 /* number_four_style_100.plist in Resources */,
				88C0E8952043F61800FCD1A5 /* number_ten_style_60.plist in Resources */,
				88C0E81C2043EFE300FCD1A5 /* HModel.plist in Resources */,
				88C0E89C2043F61800FCD1A5 /* number_nine_style_51.plist in Resources */,
				88C0E8762043F61700FCD1A5 /* number_ten_style_51.plist in Resources */,
				88C0E8A92043F61800FCD1A5 /* number_eleven_style_1.plist in Resources */,
				88C0E86B2043F61700FCD1A5 /* number_six_style_30.plist in Resources */,
				88C0E8842043F61700FCD1A5 /* number_seven_style_31.plist in Resources */,
				88C0E88F2043F61800FCD1A5 /* number_eight_style_20.plist in Resources */,
				88C0E8AF2043F61800FCD1A5 /* number_five_style_2.plist in Resources */,
				88C0E86E2043F61700FCD1A5 /* number_thirteen_style_40.plist in Resources */,
				88C0E8B32043F61800FCD1A5 /* number_five_style_1.plist in Resources */,
				88C0E8822043F61700FCD1A5 /* number_nine_style_41.plist in Resources */,
				88C0E8732043F61700FCD1A5 /* number_ten_style_50.plist in Resources */,
				88C0E8712043F61700FCD1A5 /* number_Twelve_style_1.plist in Resources */,
				88C0E88A2043F61800FCD1A5 /* number_seven_style_100.plist in Resources */,
				88C0E8982043F61800FCD1A5 /* number_Twelve_style_30.plist in Resources */,
				8888801A2046894800009C75 /* Address.plist in Resources */,
				88C0E89D2043F61800FCD1A5 /* number_thirteen_style_1.plist in Resources */,
				88C0E8A62043F61800FCD1A5 /* number_ten_style_32.plist in Resources */,
				88C0E8AA2043F61800FCD1A5 /* number_seven_style_2.plist in Resources */,
				88C0E8882043F61800FCD1A5 /* number_eleven_style_40.plist in Resources */,
				88C0E8852043F61700FCD1A5 /* number_ten_style_41.plist in Resources */,
				88C0E6E82043D06F00FCD1A5 /* AModel.plist in Resources */,
				88B7DC9A20410F8C00824181 /* BModel.plist in Resources */,
				88C0E8742043F61700FCD1A5 /* number_eight_style_40.plist in Resources */,
				88C0E8992043F61800FCD1A5 /* number_eight_style_1.plist in Resources */,
				88C0E88E2043F61800FCD1A5 /* number_eight_style_30.plist in Resources */,
				88C0E87F2043F61700FCD1A5 /* number_ten_style_1.plist in Resources */,
				88C0E8902043F61800FCD1A5 /* number_five_style_110.plist in Resources */,
				88C0E8782043F61700FCD1A5 /* number_nine_style_100.plist in Resources */,
				88C0E8942043F61800FCD1A5 /* number_six_style_20.plist in Resources */,
				88C0E8AC2043F61800FCD1A5 /* number_six_style_2.plist in Resources */,
				8888801E2046A1D300009C75 /* liwushuo.json in Resources */,
				88C0E87B2043F61700FCD1A5 /* number_nine_style_110.plist in Resources */,
				88C0E88D2043F61800FCD1A5 /* number_five_style_30.plist in Resources */,
				88C0E89A2043F61800FCD1A5 /* number_ten_style_42.plist in Resources */,
				88C0E88B2043F61800FCD1A5 /* number_eleven_style_50.plist in Resources */,
				88C0E87C2043F61700FCD1A5 /* number_thirteen_style_50.plist in Resources */,
				88C0E8832043F61700FCD1A5 /* number_eight_style_2.plist in Resources */,
				88C0E8A42043F61800FCD1A5 /* number_six_style_40.plist in Resources */,
				88C0E8862043F61800FCD1A5 /* number_nine_style_1.plist in Resources */,
				88C0E8722043F61700FCD1A5 /* number_ten_style_31.plist in Resources */,
				88C0E8AB2043F61800FCD1A5 /* number_Twelve_style_50.plist in Resources */,
				88C0E8912043F61800FCD1A5 /* number_seven_style_1.plist in Resources */,
				88C0E8802043F61700FCD1A5 /* number_seven_style_3.plist in Resources */,
				88C0E8892043F61800FCD1A5 /* number_seven_style_20.plist in Resources */,
				88C0E86F2043F61700FCD1A5 /* number_six_style_1.plist in Resources */,
				88C0E86D2043F61700FCD1A5 /* number_seven_style_40.plist in Resources */,
				88C0E8202043EFE300FCD1A5 /* FModel.plist in Resources */,
				88C0E8872043F61800FCD1A5 /* number_eight_style_3.plist in Resources */,
				8888801C2046A06F00009C75 /* GameRankList.plist in Resources */,
				88C0E8812043F61700FCD1A5 /* number_ten_style_21.plist in Resources */,
				88C0E8B02043F61800FCD1A5 /* number_ten_style_2.plist in Resources */,
				88C0E87A2043F61700FCD1A5 /* number_thirteen_style_20.plist in Resources */,
				88C0E81E2043EFE300FCD1A5 /* DModel.plist in Resources */,
				88C0E81F2043EFE300FCD1A5 /* GModel.plist in Resources */,
				88C0E8A12043F61800FCD1A5 /* number_ten_style_20.plist in Resources */,
				88C0E8A02043F61800FCD1A5 /* number_seven_style_110.plist in Resources */,
				88C0E8A22043F61800FCD1A5 /* number_nine_style_40.plist in Resources */,
				88C0E8A82043F61800FCD1A5 /* number_eight_style_61.plist in Resources */,
				88C0E8A32043F61800FCD1A5 /* number_seven_style_21.plist in Resources */,
				88C0E8AD2043F61800FCD1A5 /* number_eleven_style_30.plist in Resources */,
				88C0E87E2043F61700FCD1A5 /* number_six_style_3.plist in Resources */,
				88C0E81D2043EFE300FCD1A5 /* EModel.plist in Resources */,
				88C0E8A72043F61800FCD1A5 /* number_Twelve_style_40.plist in Resources */,
				88C0E8B12043F61800FCD1A5 /* number_thirteen_style_30.plist in Resources */,
				88C0E8AE2043F61800FCD1A5 /* number_ten_style_40.plist in Resources */,
				88C0E6EA2043D07B00FCD1A5 /* CModel.plist in Resources */,
				88C0E8932043F61800FCD1A5 /* number_ten_style_3.plist in Resources */,
				88C0E8702043F61700FCD1A5 /* number_six_style_60.plist in Resources */,
				88C0E8752043F61700FCD1A5 /* number_eight_style_50.plist in Resources */,
				88C0E8922043F61800FCD1A5 /* number_seven_style_50.plist in Resources */,
				88C0E8972043F61800FCD1A5 /* number_nine_style_50.plist in Resources */,
				22F60ABF203E675A00FC9CC3 /* Assets.xcassets in Resources */,
				88C0E8772043F61700FCD1A5 /* number_eight_style_60.plist in Resources */,
				88C0E87D2043F61700FCD1A5 /* number_nine_style_20.plist in Resources */,
			);
			runOnlyForDeploymentPostprocessing = 0;
		};
/* End PBXResourcesBuildPhase section */

/* Begin PBXShellScriptBuildPhase section */
		8B8D32A694E9698B1E6E77AB /* [CP] Copy Pods Resources */ = {
			isa = PBXShellScriptBuildPhase;
			buildActionMask = 2147483647;
			files = (
			);
			inputPaths = (
			);
			name = "[CP] Copy Pods Resources";
			outputPaths = (
			);
			runOnlyForDeploymentPostprocessing = 0;
			shellPath = /bin/sh;
			shellScript = "\"${SRCROOT}/Pods/Target Support Files/Pods-ModelCard/Pods-ModelCard-resources.sh\"\n";
			showEnvVarsInLog = 0;
		};
		B2DCD284C5292C6ABA271744 /* [CP] Check Pods Manifest.lock */ = {
			isa = PBXShellScriptBuildPhase;
			buildActionMask = 2147483647;
			files = (
			);
			inputPaths = (
			);
			name = "[CP] Check Pods Manifest.lock";
			outputPaths = (
			);
			runOnlyForDeploymentPostprocessing = 0;
			shellPath = /bin/sh;
			shellScript = "diff \"${PODS_ROOT}/../Podfile.lock\" \"${PODS_ROOT}/Manifest.lock\" > /dev/null\nif [ $? != 0 ] ; then\n    # print error to STDERR\n    echo \"error: The sandbox is not in sync with the Podfile.lock. Run 'pod install' or update your CocoaPods installation.\" >&2\n    exit 1\nfi\n";
			showEnvVarsInLog = 0;
		};
		C389BA63E78BC3A2ABB7B194 /* [CP] Embed Pods Frameworks */ = {
			isa = PBXShellScriptBuildPhase;
			buildActionMask = 2147483647;
			files = (
			);
			inputPaths = (
			);
			name = "[CP] Embed Pods Frameworks";
			outputPaths = (
			);
			runOnlyForDeploymentPostprocessing = 0;
			shellPath = /bin/sh;
			shellScript = "\"${SRCROOT}/Pods/Target Support Files/Pods-ModelCard/Pods-ModelCard-frameworks.sh\"\n";
			showEnvVarsInLog = 0;
		};
/* End PBXShellScriptBuildPhase section */

/* Begin PBXSourcesBuildPhase section */
		22F60AAE203E675A00FC9CC3 /* Sources */ = {
			isa = PBXSourcesBuildPhase;
			buildActionMask = 2147483647;
			files = (
				2281AEB9203EC83D00412003 /* SegmentView.m in Sources */,
				88516AFB203FB1C100A9F133 /* UIColor+Category.m in Sources */,
				22F60AE7203E693900FC9CC3 /* Work.m in Sources */,
				88516AF1203FAD2B00A9F133 /* UIImage+Category.m in Sources */,
				88BC6B612042BD8900C2B64D /* ImageViewCell.m in Sources */,
				88B5989C2043A49100BE6B1A /* VModelImageController.m in Sources */,
				88BC6B5E2042A6CE00C2B64D /* ImagesView.m in Sources */,
				2281AEB0203EB2C800412003 /* Home.m in Sources */,
				2281AEB6203EC7D300412003 /* VerticalVersion.m in Sources */,
				22F60AED203E696200FC9CC3 /* Mine.m in Sources */,
				22F60AEA203E694B00FC9CC3 /* TalentPool.m in Sources */,
				88516AFE203FB20400A9F133 /* Oneyian.m in Sources */,
				88516B0D20400F0F00A9F133 /* YAScrollView.m in Sources */,
				8888800E20463CCD00009C75 /* UITextField+Length.m in Sources */,
				2281AEAD203EB29B00412003 /* ModelCard.m in Sources */,
				88516B03203FB66000A9F133 /* AddUserInfoController.m in Sources */,
				88D9F3A62044EBCC00E3FC75 /* ModelInfoCell.m in Sources */,
				88516B09203FFECC00A9F133 /* UIDevice+YADevice.m in Sources */,
				22F60AC5203E675A00FC9CC3 /* main.m in Sources */,
				88516AF9203FB1C100A9F133 /* UIButton+Category.m in Sources */,
				2252A7FC204165310030618B /* SelectTemplate.m in Sources */,
				8888800B204639B600009C75 /* TextFieldCell.m in Sources */,
				888880182046700000009C75 /* PickInfoView.m in Sources */,
				2281AEB3203EC7A900412003 /* HorizontalVersion.m in Sources */,
				88516B06203FBC1900A9F133 /* HModelImageController.m in Sources */,
				88516AFA203FB1C100A9F133 /* UIView+CornerRadius.m in Sources */,
				22F60AB7203E675A00FC9CC3 /* AppDelegate.m in Sources */,
			);
			runOnlyForDeploymentPostprocessing = 0;
		};
/* End PBXSourcesBuildPhase section */

/* Begin XCBuildConfiguration section */
		22F60AC6203E675A00FC9CC3 /* Debug */ = {
			isa = XCBuildConfiguration;
			buildSettings = {
				ALWAYS_SEARCH_USER_PATHS = NO;
				CLANG_ANALYZER_NONNULL = YES;
				CLANG_ANALYZER_NUMBER_OBJECT_CONVERSION = YES_AGGRESSIVE;
				CLANG_CXX_LANGUAGE_STANDARD = "gnu++14";
				CLANG_CXX_LIBRARY = "libc++";
				CLANG_ENABLE_MODULES = YES;
				CLANG_ENABLE_OBJC_ARC = YES;
				CLANG_WARN_BLOCK_CAPTURE_AUTORELEASING = YES;
				CLANG_WARN_BOOL_CONVERSION = YES;
				CLANG_WARN_COMMA = YES;
				CLANG_WARN_CONSTANT_CONVERSION = YES;
				CLANG_WARN_DIRECT_OBJC_ISA_USAGE = YES_ERROR;
				CLANG_WARN_DOCUMENTATION_COMMENTS = YES;
				CLANG_WARN_EMPTY_BODY = YES;
				CLANG_WARN_ENUM_CONVERSION = YES;
				CLANG_WARN_INFINITE_RECURSION = YES;
				CLANG_WARN_INT_CONVERSION = YES;
				CLANG_WARN_NON_LITERAL_NULL_CONVERSION = YES;
				CLANG_WARN_OBJC_LITERAL_CONVERSION = YES;
				CLANG_WARN_OBJC_ROOT_CLASS = YES_ERROR;
				CLANG_WARN_RANGE_LOOP_ANALYSIS = YES;
				CLANG_WARN_STRICT_PROTOTYPES = YES;
				CLANG_WARN_SUSPICIOUS_MOVE = YES;
				CLANG_WARN_UNGUARDED_AVAILABILITY = YES_AGGRESSIVE;
				CLANG_WARN_UNREACHABLE_CODE = YES;
				CLANG_WARN__DUPLICATE_METHOD_MATCH = YES;
				CODE_SIGN_IDENTITY = "iPhone Developer";
				COPY_PHASE_STRIP = NO;
				DEBUG_INFORMATION_FORMAT = dwarf;
				ENABLE_STRICT_OBJC_MSGSEND = YES;
				ENABLE_TESTABILITY = YES;
				GCC_C_LANGUAGE_STANDARD = gnu11;
				GCC_DYNAMIC_NO_PIC = NO;
				GCC_NO_COMMON_BLOCKS = YES;
				GCC_OPTIMIZATION_LEVEL = 0;
				GCC_PREPROCESSOR_DEFINITIONS = (
					"DEBUG=1",
					"$(inherited)",
				);
				GCC_WARN_64_TO_32_BIT_CONVERSION = YES;
				GCC_WARN_ABOUT_RETURN_TYPE = YES_ERROR;
				GCC_WARN_UNDECLARED_SELECTOR = YES;
				GCC_WARN_UNINITIALIZED_AUTOS = YES_AGGRESSIVE;
				GCC_WARN_UNUSED_FUNCTION = YES;
				GCC_WARN_UNUSED_VARIABLE = YES;
				IPHONEOS_DEPLOYMENT_TARGET = 11.2;
				MTL_ENABLE_DEBUG_INFO = YES;
				ONLY_ACTIVE_ARCH = YES;
				SDKROOT = iphoneos;
			};
			name = Debug;
		};
		22F60AC7203E675A00FC9CC3 /* Release */ = {
			isa = XCBuildConfiguration;
			buildSettings = {
				ALWAYS_SEARCH_USER_PATHS = NO;
				CLANG_ANALYZER_NONNULL = YES;
				CLANG_ANALYZER_NUMBER_OBJECT_CONVERSION = YES_AGGRESSIVE;
				CLANG_CXX_LANGUAGE_STANDARD = "gnu++14";
				CLANG_CXX_LIBRARY = "libc++";
				CLANG_ENABLE_MODULES = YES;
				CLANG_ENABLE_OBJC_ARC = YES;
				CLANG_WARN_BLOCK_CAPTURE_AUTORELEASING = YES;
				CLANG_WARN_BOOL_CONVERSION = YES;
				CLANG_WARN_COMMA = YES;
				CLANG_WARN_CONSTANT_CONVERSION = YES;
				CLANG_WARN_DIRECT_OBJC_ISA_USAGE = YES_ERROR;
				CLANG_WARN_DOCUMENTATION_COMMENTS = YES;
				CLANG_WARN_EMPTY_BODY = YES;
				CLANG_WARN_ENUM_CONVERSION = YES;
				CLANG_WARN_INFINITE_RECURSION = YES;
				CLANG_WARN_INT_CONVERSION = YES;
				CLANG_WARN_NON_LITERAL_NULL_CONVERSION = YES;
				CLANG_WARN_OBJC_LITERAL_CONVERSION = YES;
				CLANG_WARN_OBJC_ROOT_CLASS = YES_ERROR;
				CLANG_WARN_RANGE_LOOP_ANALYSIS = YES;
				CLANG_WARN_STRICT_PROTOTYPES = YES;
				CLANG_WARN_SUSPICIOUS_MOVE = YES;
				CLANG_WARN_UNGUARDED_AVAILABILITY = YES_AGGRESSIVE;
				CLANG_WARN_UNREACHABLE_CODE = YES;
				CLANG_WARN__DUPLICATE_METHOD_MATCH = YES;
				CODE_SIGN_IDENTITY = "iPhone Developer";
				COPY_PHASE_STRIP = NO;
				DEBUG_INFORMATION_FORMAT = "dwarf-with-dsym";
				ENABLE_NS_ASSERTIONS = NO;
				ENABLE_STRICT_OBJC_MSGSEND = YES;
				GCC_C_LANGUAGE_STANDARD = gnu11;
				GCC_NO_COMMON_BLOCKS = YES;
				GCC_WARN_64_TO_32_BIT_CONVERSION = YES;
				GCC_WARN_ABOUT_RETURN_TYPE = YES_ERROR;
				GCC_WARN_UNDECLARED_SELECTOR = YES;
				GCC_WARN_UNINITIALIZED_AUTOS = YES_AGGRESSIVE;
				GCC_WARN_UNUSED_FUNCTION = YES;
				GCC_WARN_UNUSED_VARIABLE = YES;
				IPHONEOS_DEPLOYMENT_TARGET = 11.2;
				MTL_ENABLE_DEBUG_INFO = NO;
				SDKROOT = iphoneos;
				VALIDATE_PRODUCT = YES;
			};
			name = Release;
		};
		22F60AC9203E675A00FC9CC3 /* Debug */ = {
			isa = XCBuildConfiguration;
			baseConfigurationReference = A87B731EC8916C2AA65C1798 /* Pods-ModelCard.debug.xcconfig */;
			buildSettings = {
				ASSETCATALOG_COMPILER_APPICON_NAME = AppIcon;
				ASSETCATALOG_COMPILER_LAUNCHIMAGE_NAME = LaunchImage;
				CODE_SIGN_STYLE = Automatic;
				DEVELOPMENT_TEAM = 2D55A4E449;
				GCC_PRECOMPILE_PREFIX_HEADER = YES;
				GCC_PREFIX_HEADER = "$(SRCROOT)/ModelCard/Class+Category/Header.pch";
				INFOPLIST_FILE = ModelCard/Info.plist;
				LD_RUNPATH_SEARCH_PATHS = "$(inherited) @executable_path/Frameworks";
				PRODUCT_BUNDLE_IDENTIFIER = com.Asher.ModelCard;
				PRODUCT_NAME = "$(TARGET_NAME)";
				TARGETED_DEVICE_FAMILY = "1,2";
			};
			name = Debug;
		};
		22F60ACA203E675A00FC9CC3 /* Release */ = {
			isa = XCBuildConfiguration;
			baseConfigurationReference = B712187D2D0752A1663049D8 /* Pods-ModelCard.release.xcconfig */;
			buildSettings = {
				ASSETCATALOG_COMPILER_APPICON_NAME = AppIcon;
				ASSETCATALOG_COMPILER_LAUNCHIMAGE_NAME = LaunchImage;
				CODE_SIGN_STYLE = Automatic;
				DEVELOPMENT_TEAM = 2D55A4E449;
				GCC_PRECOMPILE_PREFIX_HEADER = YES;
				GCC_PREFIX_HEADER = "$(SRCROOT)/ModelCard/Class+Category/Header.pch";
				INFOPLIST_FILE = ModelCard/Info.plist;
				LD_RUNPATH_SEARCH_PATHS = "$(inherited) @executable_path/Frameworks";
				PRODUCT_BUNDLE_IDENTIFIER = com.Asher.ModelCard;
				PRODUCT_NAME = "$(TARGET_NAME)";
				TARGETED_DEVICE_FAMILY = "1,2";
			};
			name = Release;
		};
/* End XCBuildConfiguration section */

/* Begin XCConfigurationList section */
		22F60AAD203E675A00FC9CC3 /* Build configuration list for PBXProject "ModelCard" */ = {
			isa = XCConfigurationList;
			buildConfigurations = (
				22F60AC6203E675A00FC9CC3 /* Debug */,
				22F60AC7203E675A00FC9CC3 /* Release */,
			);
			defaultConfigurationIsVisible = 0;
			defaultConfigurationName = Release;
		};
		22F60AC8203E675A00FC9CC3 /* Build configuration list for PBXNativeTarget "ModelCard" */ = {
			isa = XCConfigurationList;
			buildConfigurations = (
				22F60AC9203E675A00FC9CC3 /* Debug */,
				22F60ACA203E675A00FC9CC3 /* Release */,
			);
			defaultConfigurationIsVisible = 0;
			defaultConfigurationName = Release;
		};
/* End XCConfigurationList section */
	};
	rootObject = 22F60AAA203E675A00FC9CC3 /* Project object */;
}
