// !$*UTF8*$!
{
	archiveVersion = 1;
	classes = {
	};
	objectVersion = 48;
	objects = {

/* Begin PBXBuildFile section */
		2252A7FC204165310030618B /* SelectTemplate.m in Sources */ = {isa = PBXBuildFile; fileRef = 2252A7FB204165310030618B /* SelectTemplate.m */; };
		2281AEAD203EB29B00412003 /* ModelCard.m in Sources */ = {isa = PBXBuildFile; fileRef = 2281AEAC203EB29B00412003 /* ModelCard.m */; };
		2281AEB0203EB2C800412003 /* Home.m in Sources */ = {isa = PBXBuildFile; fileRef = 2281AEAF203EB2C800412003 /* Home.m */; };
		2281AEB3203EC7A900412003 /* HorizontalVersion.m in Sources */ = {isa = PBXBuildFile; fileRef = 2281AEB2203EC7A900412003 /* HorizontalVersion.m */; };
		2281AEB6203EC7D300412003 /* VerticalVersion.m in Sources */ = {isa = PBXBuildFile; fileRef = 2281AEB5203EC7D300412003 /* VerticalVersion.m */; };
		2281AEB9203EC83D00412003 /* SegmentView.m in Sources */ = {isa = PBXBuildFile; fileRef = 2281AEB8203EC83D00412003 /* SegmentView.m */; };
		22F60AB7203E675A00FC9CC3 /* AppDelegate.m in Sources */ = {isa = PBXBuildFile; fileRef = 22F60AB6203E675A00FC9CC3 /* AppDelegate.m */; };
		22F60ABF203E675A00FC9CC3 /* Assets.xcassets in Resources */ = {isa = PBXBuildFile; fileRef = 22F60ABE203E675A00FC9CC3 /* Assets.xcassets */; };
		22F60AC5203E675A00FC9CC3 /* main.m in Sources */ = {isa = PBXBuildFile; fileRef = 22F60AC4203E675A00FC9CC3 /* main.m */; };
		22F60AE7203E693900FC9CC3 /* Work.m in Sources */ = {isa = PBXBuildFile; fileRef = 22F60AE6203E693900FC9CC3 /* Work.m */; };
		22F60AEA203E694B00FC9CC3 /* TalentPool.m in Sources */ = {isa = PBXBuildFile; fileRef = 22F60AE9203E694B00FC9CC3 /* TalentPool.m */; };
		22F60AED203E696200FC9CC3 /* Mine.m in Sources */ = {isa = PBXBuildFile; fileRef = 22F60AEC203E696200FC9CC3 /* Mine.m */; };
		88516AF1203FAD2B00A9F133 /* UIImage+Category.m in Sources */ = {isa = PBXBuildFile; fileRef = 88516AF0203FAD2B00A9F133 /* UIImage+Category.m */; };
		88516AF9203FB1C100A9F133 /* UIButton+Category.m in Sources */ = {isa = PBXBuildFile; fileRef = 88516AF4203FB1C100A9F133 /* UIButton+Category.m */; };
		88516AFA203FB1C100A9F133 /* UIView+CornerRadius.m in Sources */ = {isa = PBXBuildFile; fileRef = 88516AF5203FB1C100A9F133 /* UIView+CornerRadius.m */; };
		88516AFB203FB1C100A9F133 /* UIColor+Category.m in Sources */ = {isa = PBXBuildFile; fileRef = 88516AF8203FB1C100A9F133 /* UIColor+Category.m */; };
		88516AFE203FB20400A9F133 /* Oneyian.m in Sources */ = {isa = PBXBuildFile; fileRef = 88516AFD203FB20400A9F133 /* Oneyian.m */; };
		88516B03203FB66000A9F133 /* AddUserInfoController.m in Sources */ = {isa = PBXBuildFile; fileRef = 88516B02203FB66000A9F133 /* AddUserInfoController.m */; };
		88516B06203FBC1900A9F133 /* HModelImageController.m in Sources */ = {isa = PBXBuildFile; fileRef = 88516B05203FBC1900A9F133 /* HModelImageController.m */; };
		88516B09203FFECC00A9F133 /* UIDevice+YADevice.m in Sources */ = {isa = PBXBuildFile; fileRef = 88516B08203FFECC00A9F133 /* UIDevice+YADevice.m */; };
		88516B0D20400F0F00A9F133 /* YAScrollView.m in Sources */ = {isa = PBXBuildFile; fileRef = 88516B0B20400F0E00A9F133 /* YAScrollView.m */; };
		88764FF92048DECC0081161F /* gameServer.plist in Resources */ = {isa = PBXBuildFile; fileRef = 88764FF82048DECC0081161F /* gameServer.plist */; };
		88764FFC2048EC640081161F /* ServerController.m in Sources */ = {isa = PBXBuildFile; fileRef = 88764FFB2048EC640081161F /* ServerController.m */; };
		8888800B204639B600009C75 /* TextFieldCell.m in Sources */ = {isa = PBXBuildFile; fileRef = 8888800A204639B600009C75 /* TextFieldCell.m */; };
		8888800E20463CCD00009C75 /* UITextField+Length.m in Sources */ = {isa = PBXBuildFile; fileRef = 8888800C20463CCD00009C75 /* UITextField+Length.m */; };
		888880182046700000009C75 /* PickInfoView.m in Sources */ = {isa = PBXBuildFile; fileRef = 888880172046700000009C75 /* PickInfoView.m */; };
		8888801A2046894800009C75 /* Address.plist in Resources */ = {isa = PBXBuildFile; fileRef = 888880192046894800009C75 /* Address.plist */; };
		8888801C2046A06F00009C75 /* GameRankList.plist in Resources */ = {isa = PBXBuildFile; fileRef = 8888801B2046A06F00009C75 /* GameRankList.plist */; };
		8888801E2046A1D300009C75 /* liwushuo.json in Resources */ = {isa = PBXBuildFile; fileRef = 8888801D2046A1D300009C75 /* liwushuo.json */; };
		889132E6204789BC00767D9F /* LiveTypeController.m in Sources */ = {isa = PBXBuildFile; fileRef = 889132E5204789BC00767D9F /* LiveTypeController.m */; };
		889132E9204794BF00767D9F /* LiveTypeCell.m in Sources */ = {isa = PBXBuildFile; fileRef = 889132E8204794BF00767D9F /* LiveTypeCell.m */; };
		8891339720479B4700767D9F /* HostCard.m in Sources */ = {isa = PBXBuildFile; fileRef = 8891339520479B4700767D9F /* HostCard.m */; };
		889133A620479B5200767D9F /* KGHorizontalVersion.m in Sources */ = {isa = PBXBuildFile; fileRef = 8891339A20479B5200767D9F /* KGHorizontalVersion.m */; };
		889133A720479B5200767D9F /* KingGloryCard.m in Sources */ = {isa = PBXBuildFile; fileRef = 8891339E20479B5200767D9F /* KingGloryCard.m */; };
		889133A820479B5200767D9F /* KGVerticalVersion.m in Sources */ = {isa = PBXBuildFile; fileRef = 8891339F20479B5200767D9F /* KGVerticalVersion.m */; };
		889133A920479B5200767D9F /* ActorCard.m in Sources */ = {isa = PBXBuildFile; fileRef = 889133A420479B5200767D9F /* ActorCard.m */; };
		889133B220479B6900767D9F /* SidebarModel.m in Sources */ = {isa = PBXBuildFile; fileRef = 889133AA20479B6900767D9F /* SidebarModel.m */; };
		889133B320479B6900767D9F /* TenToThirteen.m in Sources */ = {isa = PBXBuildFile; fileRef = 889133AC20479B6900767D9F /* TenToThirteen.m */; };
		889133B420479B6900767D9F /* FiveToSix.m in Sources */ = {isa = PBXBuildFile; fileRef = 889133AD20479B6900767D9F /* FiveToSix.m */; };
		889133B520479B6900767D9F /* SevenToNine.m in Sources */ = {isa = PBXBuildFile; fileRef = 889133B020479B6900767D9F /* SevenToNine.m */; };
		889134222047A89D00767D9F /* DdModel.plist in Resources */ = {isa = PBXBuildFile; fileRef = 889133C62047A89C00767D9F /* DdModel.plist */; };
		889134232047A89D00767D9F /* AModel.plist in Resources */ = {isa = PBXBuildFile; fileRef = 889133C72047A89C00767D9F /* AModel.plist */; };
		889134242047A89D00767D9F /* 8图① - 6竖图2横图.plist in Resources */ = {isa = PBXBuildFile; fileRef = 889133C92047A89C00767D9F /* 8图① - 6竖图2横图.plist */; };
		889134252047A89D00767D9F /* 7图④ - 7竖图.plist in Resources */ = {isa = PBXBuildFile; fileRef = 889133CA2047A89C00767D9F /* 7图④ - 7竖图.plist */; };
		889134262047A89D00767D9F /* 10图⑥ - 7竖图3横图.plist in Resources */ = {isa = PBXBuildFile; fileRef = 889133CB2047A89C00767D9F /* 10图⑥ - 7竖图3横图.plist */; };
		889134272047A89D00767D9F /* 12图① - 9竖图3横图.plist in Resources */ = {isa = PBXBuildFile; fileRef = 889133CC2047A89C00767D9F /* 12图① - 9竖图3横图.plist */; };
		889134282047A89D00767D9F /* 9图⑤ - 9竖图.plist in Resources */ = {isa = PBXBuildFile; fileRef = 889133CD2047A89C00767D9F /* 9图⑤ - 9竖图.plist */; };
		889134292047A89D00767D9F /* 10图③ - 7竖图3横图.plist in Resources */ = {isa = PBXBuildFile; fileRef = 889133CE2047A89C00767D9F /* 10图③ - 7竖图3横图.plist */; };
		8891342A2047A89D00767D9F /* 6图② - 6竖图.plist in Resources */ = {isa = PBXBuildFile; fileRef = 889133CF2047A89C00767D9F /* 6图② - 6竖图.plist */; };
		8891342B2047A89D00767D9F /* 8图④ - 8竖图.plist in Resources */ = {isa = PBXBuildFile; fileRef = 889133D02047A89C00767D9F /* 8图④ - 8竖图.plist */; };
		8891342C2047A89D00767D9F /* 10图③ - 6竖图4横图.plist in Resources */ = {isa = PBXBuildFile; fileRef = 889133D12047A89C00767D9F /* 10图③ - 6竖图4横图.plist */; };
		8891342D2047A89D00767D9F /* 6图⑤ - 6竖图.plist in Resources */ = {isa = PBXBuildFile; fileRef = 889133D22047A89C00767D9F /* 6图⑤ - 6竖图.plist */; };
		8891342E2047A89D00767D9F /* 6图① - 4竖图2横图.plist in Resources */ = {isa = PBXBuildFile; fileRef = 889133D32047A89C00767D9F /* 6图① - 4竖图2横图.plist */; };
		8891342F2047A89D00767D9F /* 12图② - 9竖图3横图.plist in Resources */ = {isa = PBXBuildFile; fileRef = 889133D42047A89C00767D9F /* 12图② - 9竖图3横图.plist */; };
		889134302047A89D00767D9F /* 10图⑤ - 7竖图3横图.plist in Resources */ = {isa = PBXBuildFile; fileRef = 889133D52047A89C00767D9F /* 10图⑤ - 7竖图3横图.plist */; };
		889134312047A89D00767D9F /* 8图②.plist in Resources */ = {isa = PBXBuildFile; fileRef = 889133D62047A89C00767D9F /* 8图②.plist */; };
		889134322047A89D00767D9F /* 9图② - 9竖图.plist in Resources */ = {isa = PBXBuildFile; fileRef = 889133D72047A89C00767D9F /* 9图② - 9竖图.plist */; };
		889134332047A89D00767D9F /* number_four_style_100.plist in Resources */ = {isa = PBXBuildFile; fileRef = 889133D82047A89C00767D9F /* number_four_style_100.plist */; };
		889134342047A89D00767D9F /* 10图.plist in Resources */ = {isa = PBXBuildFile; fileRef = 889133D92047A89C00767D9F /* 10图.plist */; };
		889134352047A89D00767D9F /* 12图① - 10竖图2横图.plist in Resources */ = {isa = PBXBuildFile; fileRef = 889133DA2047A89C00767D9F /* 12图① - 10竖图2横图.plist */; };
		889134362047A89D00767D9F /* 10图⑦ - 7竖图3横图.plist in Resources */ = {isa = PBXBuildFile; fileRef = 889133DB2047A89C00767D9F /* 10图⑦ - 7竖图3横图.plist */; };
		889134372047A89D00767D9F /* 9图③ - 9竖图.plist in Resources */ = {isa = PBXBuildFile; fileRef = 889133DC2047A89C00767D9F /* 9图③ - 9竖图.plist */; };
		889134382047A89D00767D9F /* 10图② - 10竖图.plist in Resources */ = {isa = PBXBuildFile; fileRef = 889133DD2047A89C00767D9F /* 10图② - 10竖图.plist */; };
		889134392047A89D00767D9F /* 10图⑦ - 10竖图.plist in Resources */ = {isa = PBXBuildFile; fileRef = 889133DE2047A89C00767D9F /* 10图⑦ - 10竖图.plist */; };
		8891343A2047A89D00767D9F /* 10图② - 7竖图3横图.plist in Resources */ = {isa = PBXBuildFile; fileRef = 889133DF2047A89C00767D9F /* 10图② - 7竖图3横图.plist */; };
		8891343B2047A89D00767D9F /* 13图② - 13竖图.plist in Resources */ = {isa = PBXBuildFile; fileRef = 889133E02047A89C00767D9F /* 13图② - 13竖图.plist */; };
		8891343C2047A89D00767D9F /* number_seven_style_110.plist in Resources */ = {isa = PBXBuildFile; fileRef = 889133E12047A89C00767D9F /* number_seven_style_110.plist */; };
		8891343D2047A89D00767D9F /* 8图① - 8竖图.plist in Resources */ = {isa = PBXBuildFile; fileRef = 889133E22047A89C00767D9F /* 8图① - 8竖图.plist */; };
		8891343E2047A89D00767D9F /* 6图③ - 6竖图.plist in Resources */ = {isa = PBXBuildFile; fileRef = 889133E32047A89C00767D9F /* 6图③ - 6竖图.plist */; };
		8891343F2047A89D00767D9F /* 8图①.plist in Resources */ = {isa = PBXBuildFile; fileRef = 889133E42047A89C00767D9F /* 8图①.plist */; };
		889134402047A89D00767D9F /* 12图② - 7竖图5横图.plist in Resources */ = {isa = PBXBuildFile; fileRef = 889133E52047A89C00767D9F /* 12图② - 7竖图5横图.plist */; };
		889134412047A89D00767D9F /* 10图① - 10竖图.plist in Resources */ = {isa = PBXBuildFile; fileRef = 889133E62047A89C00767D9F /* 10图① - 10竖图.plist */; };
		889134422047A89D00767D9F /* number_Twelve_style_110.plist in Resources */ = {isa = PBXBuildFile; fileRef = 889133E72047A89C00767D9F /* number_Twelve_style_110.plist */; };
		889134432047A89D00767D9F /* 10图① - 7竖图3横图.plist in Resources */ = {isa = PBXBuildFile; fileRef = 889133E82047A89C00767D9F /* 10图① - 7竖图3横图.plist */; };
		889134442047A89D00767D9F /* number_seven_style_3.plist in Resources */ = {isa = PBXBuildFile; fileRef = 889133E92047A89C00767D9F /* number_seven_style_3.plist */; };
		889134452047A89D00767D9F /* number_nine_style_110.plist in Resources */ = {isa = PBXBuildFile; fileRef = 889133EA2047A89C00767D9F /* number_nine_style_110.plist */; };
		889134462047A89D00767D9F /* 7图① - 7竖图.plist in Resources */ = {isa = PBXBuildFile; fileRef = 889133EB2047A89C00767D9F /* 7图① - 7竖图.plist */; };
		889134472047A89D00767D9F /* 5图② - 5竖图.plist in Resources */ = {isa = PBXBuildFile; fileRef = 889133EC2047A89C00767D9F /* 5图② - 5竖图.plist */; };
		889134482047A89D00767D9F /* 13图① - 13竖图.plist in Resources */ = {isa = PBXBuildFile; fileRef = 889133ED2047A89C00767D9F /* 13图① - 13竖图.plist */; };
		889134492047A89D00767D9F /* 12图③ - 9竖图3横图.plist in Resources */ = {isa = PBXBuildFile; fileRef = 889133EE2047A89C00767D9F /* 12图③ - 9竖图3横图.plist */; };
		8891344A2047A89D00767D9F /* 9图① - 9竖图.plist in Resources */ = {isa = PBXBuildFile; fileRef = 889133EF2047A89C00767D9F /* 9图① - 9竖图.plist */; };
		8891344B2047A89D00767D9F /* 10图③ - 10竖图.plist in Resources */ = {isa = PBXBuildFile; fileRef = 889133F02047A89C00767D9F /* 10图③ - 10竖图.plist */; };
		8891344C2047A89D00767D9F /* 10图⑥ - 10竖图.plist in Resources */ = {isa = PBXBuildFile; fileRef = 889133F12047A89C00767D9F /* 10图⑥ - 10竖图.plist */; };
		8891344D2047A89D00767D9F /* 11图① - 5竖图6方图.plist in Resources */ = {isa = PBXBuildFile; fileRef = 889133F22047A89C00767D9F /* 11图① - 5竖图6方图.plist */; };
		8891344E2047A89D00767D9F /* 5图② - 4竖图1横图.plist in Resources */ = {isa = PBXBuildFile; fileRef = 889133F32047A89C00767D9F /* 5图② - 4竖图1横图.plist */; };
		8891344F2047A89D00767D9F /* 13图③ - 13竖图.plist in Resources */ = {isa = PBXBuildFile; fileRef = 889133F42047A89C00767D9F /* 13图③ - 13竖图.plist */; };
		889134502047A89D00767D9F /* 8图③ - 8竖图.plist in Resources */ = {isa = PBXBuildFile; fileRef = 889133F52047A89C00767D9F /* 8图③ - 8竖图.plist */; };
		889134512047A89D00767D9F /* 6图① - 6竖图.plist in Resources */ = {isa = PBXBuildFile; fileRef = 889133F62047A89C00767D9F /* 6图① - 6竖图.plist */; };
		889134522047A89D00767D9F /* 10图⑤ - 10竖图.plist in Resources */ = {isa = PBXBuildFile; fileRef = 889133F72047A89C00767D9F /* 10图⑤ - 10竖图.plist */; };
		889134532047A89D00767D9F /* 10图④ - 10竖图.plist in Resources */ = {isa = PBXBuildFile; fileRef = 889133F82047A89C00767D9F /* 10图④ - 10竖图.plist */; };
		889134542047A89D00767D9F /* 11图② - 5竖图6方图.plist in Resources */ = {isa = PBXBuildFile; fileRef = 889133F92047A89C00767D9F /* 11图② - 5竖图6方图.plist */; };
		889134552047A89D00767D9F /* 13图④ - 13竖图.plist in Resources */ = {isa = PBXBuildFile; fileRef = 889133FA2047A89C00767D9F /* 13图④ - 13竖图.plist */; };
		889134562047A89D00767D9F /* 13图⑤ - 13竖图.plist in Resources */ = {isa = PBXBuildFile; fileRef = 889133FB2047A89C00767D9F /* 13图⑤ - 13竖图.plist */; };
		889134572047A89D00767D9F /* 9图⑥ - 9竖图.plist in Resources */ = {isa = PBXBuildFile; fileRef = 889133FC2047A89C00767D9F /* 9图⑥ - 9竖图.plist */; };
		889134582047A89D00767D9F /* 7图③ - 5竖图2横图.plist in Resources */ = {isa = PBXBuildFile; fileRef = 889133FD2047A89C00767D9F /* 7图③ - 5竖图2横图.plist */; };
		889134592047A89D00767D9F /* 7图③ - 7竖图.plist in Resources */ = {isa = PBXBuildFile; fileRef = 889133FE2047A89C00767D9F /* 7图③ - 7竖图.plist */; };
		8891345A2047A89D00767D9F /* 7图① - 5竖图2横图.plist in Resources */ = {isa = PBXBuildFile; fileRef = 889133FF2047A89C00767D9F /* 7图① - 5竖图2横图.plist */; };
		8891345B2047A89D00767D9F /* number_five_style_110.plist in Resources */ = {isa = PBXBuildFile; fileRef = 889134002047A89C00767D9F /* number_five_style_110.plist */; };
		8891345C2047A89D00767D9F /* 5图① - 5竖图.plist in Resources */ = {isa = PBXBuildFile; fileRef = 889134012047A89C00767D9F /* 5图① - 5竖图.plist */; };
		8891345D2047A89D00767D9F /* 7图② - 7竖图.plist in Resources */ = {isa = PBXBuildFile; fileRef = 889134022047A89C00767D9F /* 7图② - 7竖图.plist */; };
		8891345E2047A89D00767D9F /* number_seven_style_100.plist in Resources */ = {isa = PBXBuildFile; fileRef = 889134032047A89C00767D9F /* number_seven_style_100.plist */; };
		8891345F2047A89D00767D9F /* number_six_style_3.plist in Resources */ = {isa = PBXBuildFile; fileRef = 889134042047A89C00767D9F /* number_six_style_3.plist */; };
		889134602047A89D00767D9F /* 9图⑦ - 9竖图.plist in Resources */ = {isa = PBXBuildFile; fileRef = 889134052047A89C00767D9F /* 9图⑦ - 9竖图.plist */; };
		889134612047A89D00767D9F /* 11图⑤ - 5竖图6方图.plist in Resources */ = {isa = PBXBuildFile; fileRef = 889134062047A89C00767D9F /* 11图⑤ - 5竖图6方图.plist */; };
		889134622047A89D00767D9F /* 8图⑤ - 8竖图.plist in Resources */ = {isa = PBXBuildFile; fileRef = 889134072047A89C00767D9F /* 8图⑤ - 8竖图.plist */; };
		889134632047A89E00767D9F /* 6图④ - 6竖图.plist in Resources */ = {isa = PBXBuildFile; fileRef = 889134082047A89C00767D9F /* 6图④ - 6竖图.plist */; };
		889134642047A89E00767D9F /* 11图④ - 5竖图6方图.plist in Resources */ = {isa = PBXBuildFile; fileRef = 889134092047A89C00767D9F /* 11图④ - 5竖图6方图.plist */; };
		889134652047A89E00767D9F /* 8图② - 8竖图.plist in Resources */ = {isa = PBXBuildFile; fileRef = 8891340A2047A89C00767D9F /* 8图② - 8竖图.plist */; };
		889134662047A89E00767D9F /* 11图③ - 5竖图6方图.plist in Resources */ = {isa = PBXBuildFile; fileRef = 8891340B2047A89C00767D9F /* 11图③ - 5竖图6方图.plist */; };
		889134672047A89E00767D9F /* 8图③ - 4竖图3横图1方图.plist in Resources */ = {isa = PBXBuildFile; fileRef = 8891340C2047A89C00767D9F /* 8图③ - 4竖图3横图1方图.plist */; };
		889134682047A89E00767D9F /* number_nine_style_100.plist in Resources */ = {isa = PBXBuildFile; fileRef = 8891340D2047A89C00767D9F /* number_nine_style_100.plist */; };
		889134692047A89E00767D9F /* 6图.plist in Resources */ = {isa = PBXBuildFile; fileRef = 8891340E2047A89C00767D9F /* 6图.plist */; };
		8891346A2047A89E00767D9F /* 7图⑤ - 7竖图.plist in Resources */ = {isa = PBXBuildFile; fileRef = 8891340F2047A89C00767D9F /* 7图⑤ - 7竖图.plist */; };
		8891346B2047A89E00767D9F /* 7图② - 5竖图2横图.plist in Resources */ = {isa = PBXBuildFile; fileRef = 889134102047A89C00767D9F /* 7图② - 5竖图2横图.plist */; };
		8891346C2047A89E00767D9F /* 9图④ - 9竖图.plist in Resources */ = {isa = PBXBuildFile; fileRef = 889134112047A89C00767D9F /* 9图④ - 9竖图.plist */; };
		8891346D2047A89E00767D9F /* FModel.plist in Resources */ = {isa = PBXBuildFile; fileRef = 889134122047A89C00767D9F /* FModel.plist */; };
		8891346E2047A89E00767D9F /* DModel.plist in Resources */ = {isa = PBXBuildFile; fileRef = 889134132047A89C00767D9F /* DModel.plist */; };
		8891346F2047A89E00767D9F /* EModel.plist in Resources */ = {isa = PBXBuildFile; fileRef = 889134142047A89C00767D9F /* EModel.plist */; };
		889134702047A89E00767D9F /* a2Model.plist in Resources */ = {isa = PBXBuildFile; fileRef = 889134152047A89C00767D9F /* a2Model.plist */; };
		889134712047A89E00767D9F /* Cc1Model.plist in Resources */ = {isa = PBXBuildFile; fileRef = 889134162047A89C00767D9F /* Cc1Model.plist */; };
		889134722047A89E00767D9F /* CcModel.plist in Resources */ = {isa = PBXBuildFile; fileRef = 889134172047A89C00767D9F /* CcModel.plist */; };
		889134732047A89E00767D9F /* CModel.plist in Resources */ = {isa = PBXBuildFile; fileRef = 889134182047A89D00767D9F /* CModel.plist */; };
		889134742047A89E00767D9F /* BModel.plist in Resources */ = {isa = PBXBuildFile; fileRef = 889134192047A89D00767D9F /* BModel.plist */; };
		889134752047A89E00767D9F /* GModel.plist in Resources */ = {isa = PBXBuildFile; fileRef = 8891341A2047A89D00767D9F /* GModel.plist */; };
		889134762047A89E00767D9F /* a1Model.plist in Resources */ = {isa = PBXBuildFile; fileRef = 8891341B2047A89D00767D9F /* a1Model.plist */; };
		889134772047A89E00767D9F /* AaModel.plist in Resources */ = {isa = PBXBuildFile; fileRef = 8891341C2047A89D00767D9F /* AaModel.plist */; };
		889134782047A89E00767D9F /* a3Model.plist in Resources */ = {isa = PBXBuildFile; fileRef = 8891341D2047A89D00767D9F /* a3Model.plist */; };
		889134792047A89E00767D9F /* EeModel.plist in Resources */ = {isa = PBXBuildFile; fileRef = 8891341E2047A89D00767D9F /* EeModel.plist */; };
		8891347A2047A89E00767D9F /* Aa1Model.plist in Resources */ = {isa = PBXBuildFile; fileRef = 8891341F2047A89D00767D9F /* Aa1Model.plist */; };
		8891347B2047A89E00767D9F /* BbModel.plist in Resources */ = {isa = PBXBuildFile; fileRef = 889134202047A89D00767D9F /* BbModel.plist */; };
		8891347C2047A89E00767D9F /* HModel.plist in Resources */ = {isa = PBXBuildFile; fileRef = 889134212047A89D00767D9F /* HModel.plist */; };
		8891347F2047D6A000767D9F /* GameHeroController.m in Sources */ = {isa = PBXBuildFile; fileRef = 8891347E2047D6A000767D9F /* GameHeroController.m */; };
		889134822047D6F100767D9F /* GameServerController.m in Sources */ = {isa = PBXBuildFile; fileRef = 889134812047D6F100767D9F /* GameServerController.m */; };
		889134852047D70800767D9F /* GameMessageController.m in Sources */ = {isa = PBXBuildFile; fileRef = 889134842047D70800767D9F /* GameMessageController.m */; };
		889134882047E9EE00767D9F /* HeroViewCell.m in Sources */ = {isa = PBXBuildFile; fileRef = 889134872047E9EE00767D9F /* HeroViewCell.m */; };
		88B5989C2043A49100BE6B1A /* VModelImageController.m in Sources */ = {isa = PBXBuildFile; fileRef = 88B5989B2043A49100BE6B1A /* VModelImageController.m */; };
		88BC6B5E2042A6CE00C2B64D /* ImagesView.m in Sources */ = {isa = PBXBuildFile; fileRef = 88BC6B5D2042A6CE00C2B64D /* ImagesView.m */; };
		88BC6B612042BD8900C2B64D /* ImageViewCell.m in Sources */ = {isa = PBXBuildFile; fileRef = 88BC6B602042BD8900C2B64D /* ImageViewCell.m */; };
		88D9F3A62044EBCC00E3FC75 /* ModelInfoCell.m in Sources */ = {isa = PBXBuildFile; fileRef = 88D9F3A52044EBCC00E3FC75 /* ModelInfoCell.m */; };
		C4A6C520974CD39F85229CAD /* libPods-ModelCard.a in Frameworks */ = {isa = PBXBuildFile; fileRef = 21F20DF02267F87AA7555177 /* libPods-ModelCard.a */; };
/* End PBXBuildFile section */

/* Begin PBXFileReference section */
		21F20DF02267F87AA7555177 /* libPods-ModelCard.a */ = {isa = PBXFileReference; explicitFileType = archive.ar; includeInIndex = 0; path = "libPods-ModelCard.a"; sourceTree = BUILT_PRODUCTS_DIR; };
		2252A7FA204165300030618B /* SelectTemplate.h */ = {isa = PBXFileReference; fileEncoding = 4; lastKnownFileType = sourcecode.c.h; path = SelectTemplate.h; sourceTree = "<group>"; };
		2252A7FB204165310030618B /* SelectTemplate.m */ = {isa = PBXFileReference; fileEncoding = 4; lastKnownFileType = sourcecode.c.objc; path = SelectTemplate.m; sourceTree = "<group>"; };
		2281AEAB203EB29B00412003 /* ModelCard.h */ = {isa = PBXFileReference; lastKnownFileType = sourcecode.c.h; path = ModelCard.h; sourceTree = "<group>"; };
		2281AEAC203EB29B00412003 /* ModelCard.m */ = {isa = PBXFileReference; lastKnownFileType = sourcecode.c.objc; path = ModelCard.m; sourceTree = "<group>"; };
		2281AEAE203EB2C800412003 /* Home.h */ = {isa = PBXFileReference; lastKnownFileType = sourcecode.c.h; path = Home.h; sourceTree = "<group>"; };
		2281AEAF203EB2C800412003 /* Home.m */ = {isa = PBXFileReference; lastKnownFileType = sourcecode.c.objc; path = Home.m; sourceTree = "<group>"; };
		2281AEB1203EC7A900412003 /* HorizontalVersion.h */ = {isa = PBXFileReference; lastKnownFileType = sourcecode.c.h; path = HorizontalVersion.h; sourceTree = "<group>"; };
		2281AEB2203EC7A900412003 /* HorizontalVersion.m */ = {isa = PBXFileReference; lastKnownFileType = sourcecode.c.objc; path = HorizontalVersion.m; sourceTree = "<group>"; };
		2281AEB4203EC7D300412003 /* VerticalVersion.h */ = {isa = PBXFileReference; lastKnownFileType = sourcecode.c.h; path = VerticalVersion.h; sourceTree = "<group>"; };
		2281AEB5203EC7D300412003 /* VerticalVersion.m */ = {isa = PBXFileReference; lastKnownFileType = sourcecode.c.objc; path = VerticalVersion.m; sourceTree = "<group>"; };
		2281AEB7203EC83D00412003 /* SegmentView.h */ = {isa = PBXFileReference; lastKnownFileType = sourcecode.c.h; path = SegmentView.h; sourceTree = "<group>"; };
		2281AEB8203EC83D00412003 /* SegmentView.m */ = {isa = PBXFileReference; lastKnownFileType = sourcecode.c.objc; path = SegmentView.m; sourceTree = "<group>"; };
		22F60AB2203E675A00FC9CC3 /* ModelCard.app */ = {isa = PBXFileReference; explicitFileType = wrapper.application; includeInIndex = 0; path = ModelCard.app; sourceTree = BUILT_PRODUCTS_DIR; };
		22F60AB5203E675A00FC9CC3 /* AppDelegate.h */ = {isa = PBXFileReference; lastKnownFileType = sourcecode.c.h; path = AppDelegate.h; sourceTree = "<group>"; };
		22F60AB6203E675A00FC9CC3 /* AppDelegate.m */ = {isa = PBXFileReference; lastKnownFileType = sourcecode.c.objc; path = AppDelegate.m; sourceTree = "<group>"; };
		22F60ABE203E675A00FC9CC3 /* Assets.xcassets */ = {isa = PBXFileReference; lastKnownFileType = folder.assetcatalog; path = Assets.xcassets; sourceTree = "<group>"; };
		22F60AC3203E675A00FC9CC3 /* Info.plist */ = {isa = PBXFileReference; lastKnownFileType = text.plist.xml; path = Info.plist; sourceTree = "<group>"; };
		22F60AC4203E675A00FC9CC3 /* main.m */ = {isa = PBXFileReference; lastKnownFileType = sourcecode.c.objc; path = main.m; sourceTree = "<group>"; };
		22F60AE5203E693900FC9CC3 /* Work.h */ = {isa = PBXFileReference; lastKnownFileType = sourcecode.c.h; path = Work.h; sourceTree = "<group>"; };
		22F60AE6203E693900FC9CC3 /* Work.m */ = {isa = PBXFileReference; lastKnownFileType = sourcecode.c.objc; path = Work.m; sourceTree = "<group>"; };
		22F60AE8203E694B00FC9CC3 /* TalentPool.h */ = {isa = PBXFileReference; lastKnownFileType = sourcecode.c.h; path = TalentPool.h; sourceTree = "<group>"; };
		22F60AE9203E694B00FC9CC3 /* TalentPool.m */ = {isa = PBXFileReference; lastKnownFileType = sourcecode.c.objc; path = TalentPool.m; sourceTree = "<group>"; };
		22F60AEB203E696200FC9CC3 /* Mine.h */ = {isa = PBXFileReference; lastKnownFileType = sourcecode.c.h; path = Mine.h; sourceTree = "<group>"; };
		22F60AEC203E696200FC9CC3 /* Mine.m */ = {isa = PBXFileReference; lastKnownFileType = sourcecode.c.objc; path = Mine.m; sourceTree = "<group>"; };
		88516AEF203FAD2B00A9F133 /* UIImage+Category.h */ = {isa = PBXFileReference; fileEncoding = 4; lastKnownFileType = sourcecode.c.h; path = "UIImage+Category.h"; sourceTree = "<group>"; };
		88516AF0203FAD2B00A9F133 /* UIImage+Category.m */ = {isa = PBXFileReference; fileEncoding = 4; lastKnownFileType = sourcecode.c.objc; path = "UIImage+Category.m"; sourceTree = "<group>"; };
		88516AF2203FB0C600A9F133 /* Header.pch */ = {isa = PBXFileReference; lastKnownFileType = sourcecode.c.h; path = Header.pch; sourceTree = "<group>"; };
		88516AF3203FB1C100A9F133 /* UIColor+Category.h */ = {isa = PBXFileReference; fileEncoding = 4; lastKnownFileType = sourcecode.c.h; path = "UIColor+Category.h"; sourceTree = "<group>"; };
		88516AF4203FB1C100A9F133 /* UIButton+Category.m */ = {isa = PBXFileReference; fileEncoding = 4; lastKnownFileType = sourcecode.c.objc; path = "UIButton+Category.m"; sourceTree = "<group>"; };
		88516AF5203FB1C100A9F133 /* UIView+CornerRadius.m */ = {isa = PBXFileReference; fileEncoding = 4; lastKnownFileType = sourcecode.c.objc; path = "UIView+CornerRadius.m"; sourceTree = "<group>"; };
		88516AF6203FB1C100A9F133 /* UIView+CornerRadius.h */ = {isa = PBXFileReference; fileEncoding = 4; lastKnownFileType = sourcecode.c.h; path = "UIView+CornerRadius.h"; sourceTree = "<group>"; };
		88516AF7203FB1C100A9F133 /* UIButton+Category.h */ = {isa = PBXFileReference; fileEncoding = 4; lastKnownFileType = sourcecode.c.h; path = "UIButton+Category.h"; sourceTree = "<group>"; };
		88516AF8203FB1C100A9F133 /* UIColor+Category.m */ = {isa = PBXFileReference; fileEncoding = 4; lastKnownFileType = sourcecode.c.objc; path = "UIColor+Category.m"; sourceTree = "<group>"; };
		88516AFC203FB20400A9F133 /* Oneyian.h */ = {isa = PBXFileReference; fileEncoding = 4; lastKnownFileType = sourcecode.c.h; path = Oneyian.h; sourceTree = "<group>"; };
		88516AFD203FB20400A9F133 /* Oneyian.m */ = {isa = PBXFileReference; fileEncoding = 4; lastKnownFileType = sourcecode.c.objc; path = Oneyian.m; sourceTree = "<group>"; };
		88516B01203FB66000A9F133 /* AddUserInfoController.h */ = {isa = PBXFileReference; lastKnownFileType = sourcecode.c.h; path = AddUserInfoController.h; sourceTree = "<group>"; };
		88516B02203FB66000A9F133 /* AddUserInfoController.m */ = {isa = PBXFileReference; lastKnownFileType = sourcecode.c.objc; path = AddUserInfoController.m; sourceTree = "<group>"; };
		88516B04203FBC1900A9F133 /* HModelImageController.h */ = {isa = PBXFileReference; lastKnownFileType = sourcecode.c.h; path = HModelImageController.h; sourceTree = "<group>"; };
		88516B05203FBC1900A9F133 /* HModelImageController.m */ = {isa = PBXFileReference; lastKnownFileType = sourcecode.c.objc; path = HModelImageController.m; sourceTree = "<group>"; };
		88516B07203FFECC00A9F133 /* UIDevice+YADevice.h */ = {isa = PBXFileReference; lastKnownFileType = sourcecode.c.h; path = "UIDevice+YADevice.h"; sourceTree = "<group>"; };
		88516B08203FFECC00A9F133 /* UIDevice+YADevice.m */ = {isa = PBXFileReference; lastKnownFileType = sourcecode.c.objc; path = "UIDevice+YADevice.m"; sourceTree = "<group>"; };
		88516B0B20400F0E00A9F133 /* YAScrollView.m */ = {isa = PBXFileReference; fileEncoding = 4; lastKnownFileType = sourcecode.c.objc; path = YAScrollView.m; sourceTree = "<group>"; };
		88516B0C20400F0E00A9F133 /* YAScrollView.h */ = {isa = PBXFileReference; fileEncoding = 4; lastKnownFileType = sourcecode.c.h; path = YAScrollView.h; sourceTree = "<group>"; };
		88764FF82048DECC0081161F /* gameServer.plist */ = {isa = PBXFileReference; fileEncoding = 4; lastKnownFileType = text.plist.xml; path = gameServer.plist; sourceTree = "<group>"; };
		88764FFA2048EC640081161F /* ServerController.h */ = {isa = PBXFileReference; lastKnownFileType = sourcecode.c.h; path = ServerController.h; sourceTree = "<group>"; };
		88764FFB2048EC640081161F /* ServerController.m */ = {isa = PBXFileReference; lastKnownFileType = sourcecode.c.objc; path = ServerController.m; sourceTree = "<group>"; };
		88888009204639B600009C75 /* TextFieldCell.h */ = {isa = PBXFileReference; lastKnownFileType = sourcecode.c.h; path = TextFieldCell.h; sourceTree = "<group>"; };
		8888800A204639B600009C75 /* TextFieldCell.m */ = {isa = PBXFileReference; lastKnownFileType = sourcecode.c.objc; path = TextFieldCell.m; sourceTree = "<group>"; };
		8888800C20463CCD00009C75 /* UITextField+Length.m */ = {isa = PBXFileReference; fileEncoding = 4; lastKnownFileType = sourcecode.c.objc; path = "UITextField+Length.m"; sourceTree = "<group>"; };
		8888800D20463CCD00009C75 /* UITextField+Length.h */ = {isa = PBXFileReference; fileEncoding = 4; lastKnownFileType = sourcecode.c.h; path = "UITextField+Length.h"; sourceTree = "<group>"; };
		888880162046700000009C75 /* PickInfoView.h */ = {isa = PBXFileReference; lastKnownFileType = sourcecode.c.h; path = PickInfoView.h; sourceTree = "<group>"; };
		888880172046700000009C75 /* PickInfoView.m */ = {isa = PBXFileReference; lastKnownFileType = sourcecode.c.objc; path = PickInfoView.m; sourceTree = "<group>"; };
		888880192046894800009C75 /* Address.plist */ = {isa = PBXFileReference; lastKnownFileType = file.bplist; path = Address.plist; sourceTree = "<group>"; };
		8888801B2046A06F00009C75 /* GameRankList.plist */ = {isa = PBXFileReference; lastKnownFileType = file.bplist; path = GameRankList.plist; sourceTree = "<group>"; };
		8888801D2046A1D300009C75 /* liwushuo.json */ = {isa = PBXFileReference; fileEncoding = 4; lastKnownFileType = text.json; path = liwushuo.json; sourceTree = "<group>"; };
		889132E4204789BC00767D9F /* LiveTypeController.h */ = {isa = PBXFileReference; lastKnownFileType = sourcecode.c.h; path = LiveTypeController.h; sourceTree = "<group>"; };
		889132E5204789BC00767D9F /* LiveTypeController.m */ = {isa = PBXFileReference; lastKnownFileType = sourcecode.c.objc; path = LiveTypeController.m; sourceTree = "<group>"; };
		889132E7204794BF00767D9F /* LiveTypeCell.h */ = {isa = PBXFileReference; lastKnownFileType = sourcecode.c.h; path = LiveTypeCell.h; sourceTree = "<group>"; };
		889132E8204794BF00767D9F /* LiveTypeCell.m */ = {isa = PBXFileReference; lastKnownFileType = sourcecode.c.objc; path = LiveTypeCell.m; sourceTree = "<group>"; };
		8891339520479B4700767D9F /* HostCard.m */ = {isa = PBXFileReference; fileEncoding = 4; lastKnownFileType = sourcecode.c.objc; path = HostCard.m; sourceTree = "<group>"; };
		8891339620479B4700767D9F /* HostCard.h */ = {isa = PBXFileReference; fileEncoding = 4; lastKnownFileType = sourcecode.c.h; path = HostCard.h; sourceTree = "<group>"; };
		8891339A20479B5200767D9F /* KGHorizontalVersion.m */ = {isa = PBXFileReference; fileEncoding = 4; lastKnownFileType = sourcecode.c.objc; path = KGHorizontalVersion.m; sourceTree = "<group>"; };
		8891339B20479B5200767D9F /* KGVerticalVersion.h */ = {isa = PBXFileReference; fileEncoding = 4; lastKnownFileType = sourcecode.c.h; path = KGVerticalVersion.h; sourceTree = "<group>"; };
		8891339C20479B5200767D9F /* KingGloryCard.h */ = {isa = PBXFileReference; fileEncoding = 4; lastKnownFileType = sourcecode.c.h; path = KingGloryCard.h; sourceTree = "<group>"; };
		8891339D20479B5200767D9F /* KGHorizontalVersion.h */ = {isa = PBXFileReference; fileEncoding = 4; lastKnownFileType = sourcecode.c.h; path = KGHorizontalVersion.h; sourceTree = "<group>"; };
		8891339E20479B5200767D9F /* KingGloryCard.m */ = {isa = PBXFileReference; fileEncoding = 4; lastKnownFileType = sourcecode.c.objc; path = KingGloryCard.m; sourceTree = "<group>"; };
		8891339F20479B5200767D9F /* KGVerticalVersion.m */ = {isa = PBXFileReference; fileEncoding = 4; lastKnownFileType = sourcecode.c.objc; path = KGVerticalVersion.m; sourceTree = "<group>"; };
		889133A420479B5200767D9F /* ActorCard.m */ = {isa = PBXFileReference; fileEncoding = 4; lastKnownFileType = sourcecode.c.objc; path = ActorCard.m; sourceTree = "<group>"; };
		889133A520479B5200767D9F /* ActorCard.h */ = {isa = PBXFileReference; fileEncoding = 4; lastKnownFileType = sourcecode.c.h; path = ActorCard.h; sourceTree = "<group>"; };
		889133AA20479B6900767D9F /* SidebarModel.m */ = {isa = PBXFileReference; fileEncoding = 4; lastKnownFileType = sourcecode.c.objc; path = SidebarModel.m; sourceTree = "<group>"; };
		889133AB20479B6900767D9F /* TenToThirteen.h */ = {isa = PBXFileReference; fileEncoding = 4; lastKnownFileType = sourcecode.c.h; path = TenToThirteen.h; sourceTree = "<group>"; };
		889133AC20479B6900767D9F /* TenToThirteen.m */ = {isa = PBXFileReference; fileEncoding = 4; lastKnownFileType = sourcecode.c.objc; path = TenToThirteen.m; sourceTree = "<group>"; };
		889133AD20479B6900767D9F /* FiveToSix.m */ = {isa = PBXFileReference; fileEncoding = 4; lastKnownFileType = sourcecode.c.objc; path = FiveToSix.m; sourceTree = "<group>"; };
		889133AE20479B6900767D9F /* FiveToSix.h */ = {isa = PBXFileReference; fileEncoding = 4; lastKnownFileType = sourcecode.c.h; path = FiveToSix.h; sourceTree = "<group>"; };
		889133AF20479B6900767D9F /* SevenToNine.h */ = {isa = PBXFileReference; fileEncoding = 4; lastKnownFileType = sourcecode.c.h; path = SevenToNine.h; sourceTree = "<group>"; };
		889133B020479B6900767D9F /* SevenToNine.m */ = {isa = PBXFileReference; fileEncoding = 4; lastKnownFileType = sourcecode.c.objc; path = SevenToNine.m; sourceTree = "<group>"; };
		889133B120479B6900767D9F /* SidebarModel.h */ = {isa = PBXFileReference; fileEncoding = 4; lastKnownFileType = sourcecode.c.h; path = SidebarModel.h; sourceTree = "<group>"; };
		889133C62047A89C00767D9F /* DdModel.plist */ = {isa = PBXFileReference; fileEncoding = 4; lastKnownFileType = text.plist.xml; path = DdModel.plist; sourceTree = "<group>"; };
		889133C72047A89C00767D9F /* AModel.plist */ = {isa = PBXFileReference; fileEncoding = 4; lastKnownFileType = text.plist.xml; path = AModel.plist; sourceTree = "<group>"; };
		889133C92047A89C00767D9F /* 8图① - 6竖图2横图.plist */ = {isa = PBXFileReference; lastKnownFileType = file.bplist; path = "8图① - 6竖图2横图.plist"; sourceTree = "<group>"; };
		889133CA2047A89C00767D9F /* 7图④ - 7竖图.plist */ = {isa = PBXFileReference; lastKnownFileType = file.bplist; path = "7图④ - 7竖图.plist"; sourceTree = "<group>"; };
		889133CB2047A89C00767D9F /* 10图⑥ - 7竖图3横图.plist */ = {isa = PBXFileReference; lastKnownFileType = file.bplist; path = "10图⑥ - 7竖图3横图.plist"; sourceTree = "<group>"; };
		889133CC2047A89C00767D9F /* 12图① - 9竖图3横图.plist */ = {isa = PBXFileReference; lastKnownFileType = file.bplist; path = "12图① - 9竖图3横图.plist"; sourceTree = "<group>"; };
		889133CD2047A89C00767D9F /* 9图⑤ - 9竖图.plist */ = {isa = PBXFileReference; lastKnownFileType = file.bplist; path = "9图⑤ - 9竖图.plist"; sourceTree = "<group>"; };
		889133CE2047A89C00767D9F /* 10图③ - 7竖图3横图.plist */ = {isa = PBXFileReference; lastKnownFileType = file.bplist; path = "10图③ - 7竖图3横图.plist"; sourceTree = "<group>"; };
		889133CF2047A89C00767D9F /* 6图② - 6竖图.plist */ = {isa = PBXFileReference; lastKnownFileType = file.bplist; path = "6图② - 6竖图.plist"; sourceTree = "<group>"; };
		889133D02047A89C00767D9F /* 8图④ - 8竖图.plist */ = {isa = PBXFileReference; lastKnownFileType = file.bplist; path = "8图④ - 8竖图.plist"; sourceTree = "<group>"; };
		889133D12047A89C00767D9F /* 10图③ - 6竖图4横图.plist */ = {isa = PBXFileReference; lastKnownFileType = file.bplist; path = "10图③ - 6竖图4横图.plist"; sourceTree = "<group>"; };
		889133D22047A89C00767D9F /* 6图⑤ - 6竖图.plist */ = {isa = PBXFileReference; lastKnownFileType = file.bplist; path = "6图⑤ - 6竖图.plist"; sourceTree = "<group>"; };
		889133D32047A89C00767D9F /* 6图① - 4竖图2横图.plist */ = {isa = PBXFileReference; lastKnownFileType = file.bplist; path = "6图① - 4竖图2横图.plist"; sourceTree = "<group>"; };
		889133D42047A89C00767D9F /* 12图② - 9竖图3横图.plist */ = {isa = PBXFileReference; lastKnownFileType = file.bplist; path = "12图② - 9竖图3横图.plist"; sourceTree = "<group>"; };
		889133D52047A89C00767D9F /* 10图⑤ - 7竖图3横图.plist */ = {isa = PBXFileReference; lastKnownFileType = file.bplist; path = "10图⑤ - 7竖图3横图.plist"; sourceTree = "<group>"; };
		889133D62047A89C00767D9F /* 8图②.plist */ = {isa = PBXFileReference; lastKnownFileType = file.bplist; path = "8图②.plist"; sourceTree = "<group>"; };
		889133D72047A89C00767D9F /* 9图② - 9竖图.plist */ = {isa = PBXFileReference; lastKnownFileType = file.bplist; path = "9图② - 9竖图.plist"; sourceTree = "<group>"; };
		889133D82047A89C00767D9F /* number_four_style_100.plist */ = {isa = PBXFileReference; lastKnownFileType = file.bplist; path = number_four_style_100.plist; sourceTree = "<group>"; };
		889133D92047A89C00767D9F /* 10图.plist */ = {isa = PBXFileReference; lastKnownFileType = file.bplist; path = "10图.plist"; sourceTree = "<group>"; };
		889133DA2047A89C00767D9F /* 12图① - 10竖图2横图.plist */ = {isa = PBXFileReference; lastKnownFileType = file.bplist; path = "12图① - 10竖图2横图.plist"; sourceTree = "<group>"; };
		889133DB2047A89C00767D9F /* 10图⑦ - 7竖图3横图.plist */ = {isa = PBXFileReference; lastKnownFileType = file.bplist; path = "10图⑦ - 7竖图3横图.plist"; sourceTree = "<group>"; };
		889133DC2047A89C00767D9F /* 9图③ - 9竖图.plist */ = {isa = PBXFileReference; lastKnownFileType = file.bplist; path = "9图③ - 9竖图.plist"; sourceTree = "<group>"; };
		889133DD2047A89C00767D9F /* 10图② - 10竖图.plist */ = {isa = PBXFileReference; lastKnownFileType = file.bplist; path = "10图② - 10竖图.plist"; sourceTree = "<group>"; };
		889133DE2047A89C00767D9F /* 10图⑦ - 10竖图.plist */ = {isa = PBXFileReference; lastKnownFileType = file.bplist; path = "10图⑦ - 10竖图.plist"; sourceTree = "<group>"; };
		889133DF2047A89C00767D9F /* 10图② - 7竖图3横图.plist */ = {isa = PBXFileReference; lastKnownFileType = file.bplist; path = "10图② - 7竖图3横图.plist"; sourceTree = "<group>"; };
		889133E02047A89C00767D9F /* 13图② - 13竖图.plist */ = {isa = PBXFileReference; lastKnownFileType = file.bplist; path = "13图② - 13竖图.plist"; sourceTree = "<group>"; };
		889133E12047A89C00767D9F /* number_seven_style_110.plist */ = {isa = PBXFileReference; lastKnownFileType = file.bplist; path = number_seven_style_110.plist; sourceTree = "<group>"; };
		889133E22047A89C00767D9F /* 8图① - 8竖图.plist */ = {isa = PBXFileReference; lastKnownFileType = file.bplist; path = "8图① - 8竖图.plist"; sourceTree = "<group>"; };
		889133E32047A89C00767D9F /* 6图③ - 6竖图.plist */ = {isa = PBXFileReference; lastKnownFileType = file.bplist; path = "6图③ - 6竖图.plist"; sourceTree = "<group>"; };
		889133E42047A89C00767D9F /* 8图①.plist */ = {isa = PBXFileReference; lastKnownFileType = file.bplist; path = "8图①.plist"; sourceTree = "<group>"; };
		889133E52047A89C00767D9F /* 12图② - 7竖图5横图.plist */ = {isa = PBXFileReference; lastKnownFileType = file.bplist; path = "12图② - 7竖图5横图.plist"; sourceTree = "<group>"; };
		889133E62047A89C00767D9F /* 10图① - 10竖图.plist */ = {isa = PBXFileReference; lastKnownFileType = file.bplist; path = "10图① - 10竖图.plist"; sourceTree = "<group>"; };
		889133E72047A89C00767D9F /* number_Twelve_style_110.plist */ = {isa = PBXFileReference; lastKnownFileType = file.bplist; path = number_Twelve_style_110.plist; sourceTree = "<group>"; };
		889133E82047A89C00767D9F /* 10图① - 7竖图3横图.plist */ = {isa = PBXFileReference; lastKnownFileType = file.bplist; path = "10图① - 7竖图3横图.plist"; sourceTree = "<group>"; };
		889133E92047A89C00767D9F /* number_seven_style_3.plist */ = {isa = PBXFileReference; lastKnownFileType = file.bplist; path = number_seven_style_3.plist; sourceTree = "<group>"; };
		889133EA2047A89C00767D9F /* number_nine_style_110.plist */ = {isa = PBXFileReference; lastKnownFileType = file.bplist; path = number_nine_style_110.plist; sourceTree = "<group>"; };
		889133EB2047A89C00767D9F /* 7图① - 7竖图.plist */ = {isa = PBXFileReference; lastKnownFileType = file.bplist; path = "7图① - 7竖图.plist"; sourceTree = "<group>"; };
		889133EC2047A89C00767D9F /* 5图② - 5竖图.plist */ = {isa = PBXFileReference; lastKnownFileType = file.bplist; path = "5图② - 5竖图.plist"; sourceTree = "<group>"; };
		889133ED2047A89C00767D9F /* 13图① - 13竖图.plist */ = {isa = PBXFileReference; lastKnownFileType = file.bplist; path = "13图① - 13竖图.plist"; sourceTree = "<group>"; };
		889133EE2047A89C00767D9F /* 12图③ - 9竖图3横图.plist */ = {isa = PBXFileReference; lastKnownFileType = file.bplist; path = "12图③ - 9竖图3横图.plist"; sourceTree = "<group>"; };
		889133EF2047A89C00767D9F /* 9图① - 9竖图.plist */ = {isa = PBXFileReference; lastKnownFileType = file.bplist; path = "9图① - 9竖图.plist"; sourceTree = "<group>"; };
		889133F02047A89C00767D9F /* 10图③ - 10竖图.plist */ = {isa = PBXFileReference; lastKnownFileType = file.bplist; path = "10图③ - 10竖图.plist"; sourceTree = "<group>"; };
		889133F12047A89C00767D9F /* 10图⑥ - 10竖图.plist */ = {isa = PBXFileReference; lastKnownFileType = file.bplist; path = "10图⑥ - 10竖图.plist"; sourceTree = "<group>"; };
		889133F22047A89C00767D9F /* 11图① - 5竖图6方图.plist */ = {isa = PBXFileReference; lastKnownFileType = file.bplist; path = "11图① - 5竖图6方图.plist"; sourceTree = "<group>"; };
		889133F32047A89C00767D9F /* 5图② - 4竖图1横图.plist */ = {isa = PBXFileReference; lastKnownFileType = file.bplist; path = "5图② - 4竖图1横图.plist"; sourceTree = "<group>"; };
		889133F42047A89C00767D9F /* 13图③ - 13竖图.plist */ = {isa = PBXFileReference; lastKnownFileType = file.bplist; path = "13图③ - 13竖图.plist"; sourceTree = "<group>"; };
		889133F52047A89C00767D9F /* 8图③ - 8竖图.plist */ = {isa = PBXFileReference; lastKnownFileType = file.bplist; path = "8图③ - 8竖图.plist"; sourceTree = "<group>"; };
		889133F62047A89C00767D9F /* 6图① - 6竖图.plist */ = {isa = PBXFileReference; lastKnownFileType = file.bplist; path = "6图① - 6竖图.plist"; sourceTree = "<group>"; };
		889133F72047A89C00767D9F /* 10图⑤ - 10竖图.plist */ = {isa = PBXFileReference; lastKnownFileType = file.bplist; path = "10图⑤ - 10竖图.plist"; sourceTree = "<group>"; };
		889133F82047A89C00767D9F /* 10图④ - 10竖图.plist */ = {isa = PBXFileReference; lastKnownFileType = file.bplist; path = "10图④ - 10竖图.plist"; sourceTree = "<group>"; };
		889133F92047A89C00767D9F /* 11图② - 5竖图6方图.plist */ = {isa = PBXFileReference; lastKnownFileType = file.bplist; path = "11图② - 5竖图6方图.plist"; sourceTree = "<group>"; };
		889133FA2047A89C00767D9F /* 13图④ - 13竖图.plist */ = {isa = PBXFileReference; lastKnownFileType = file.bplist; path = "13图④ - 13竖图.plist"; sourceTree = "<group>"; };
		889133FB2047A89C00767D9F /* 13图⑤ - 13竖图.plist */ = {isa = PBXFileReference; lastKnownFileType = file.bplist; path = "13图⑤ - 13竖图.plist"; sourceTree = "<group>"; };
		889133FC2047A89C00767D9F /* 9图⑥ - 9竖图.plist */ = {isa = PBXFileReference; lastKnownFileType = file.bplist; path = "9图⑥ - 9竖图.plist"; sourceTree = "<group>"; };
		889133FD2047A89C00767D9F /* 7图③ - 5竖图2横图.plist */ = {isa = PBXFileReference; lastKnownFileType = file.bplist; path = "7图③ - 5竖图2横图.plist"; sourceTree = "<group>"; };
		889133FE2047A89C00767D9F /* 7图③ - 7竖图.plist */ = {isa = PBXFileReference; lastKnownFileType = file.bplist; path = "7图③ - 7竖图.plist"; sourceTree = "<group>"; };
		889133FF2047A89C00767D9F /* 7图① - 5竖图2横图.plist */ = {isa = PBXFileReference; lastKnownFileType = file.bplist; path = "7图① - 5竖图2横图.plist"; sourceTree = "<group>"; };
		889134002047A89C00767D9F /* number_five_style_110.plist */ = {isa = PBXFileReference; lastKnownFileType = file.bplist; path = number_five_style_110.plist; sourceTree = "<group>"; };
		889134012047A89C00767D9F /* 5图① - 5竖图.plist */ = {isa = PBXFileReference; lastKnownFileType = file.bplist; path = "5图① - 5竖图.plist"; sourceTree = "<group>"; };
		889134022047A89C00767D9F /* 7图② - 7竖图.plist */ = {isa = PBXFileReference; lastKnownFileType = file.bplist; path = "7图② - 7竖图.plist"; sourceTree = "<group>"; };
		889134032047A89C00767D9F /* number_seven_style_100.plist */ = {isa = PBXFileReference; lastKnownFileType = file.bplist; path = number_seven_style_100.plist; sourceTree = "<group>"; };
		889134042047A89C00767D9F /* number_six_style_3.plist */ = {isa = PBXFileReference; lastKnownFileType = file.bplist; path = number_six_style_3.plist; sourceTree = "<group>"; };
		889134052047A89C00767D9F /* 9图⑦ - 9竖图.plist */ = {isa = PBXFileReference; lastKnownFileType = file.bplist; path = "9图⑦ - 9竖图.plist"; sourceTree = "<group>"; };
		889134062047A89C00767D9F /* 11图⑤ - 5竖图6方图.plist */ = {isa = PBXFileReference; lastKnownFileType = file.bplist; path = "11图⑤ - 5竖图6方图.plist"; sourceTree = "<group>"; };
		889134072047A89C00767D9F /* 8图⑤ - 8竖图.plist */ = {isa = PBXFileReference; lastKnownFileType = file.bplist; path = "8图⑤ - 8竖图.plist"; sourceTree = "<group>"; };
		889134082047A89C00767D9F /* 6图④ - 6竖图.plist */ = {isa = PBXFileReference; lastKnownFileType = file.bplist; path = "6图④ - 6竖图.plist"; sourceTree = "<group>"; };
		889134092047A89C00767D9F /* 11图④ - 5竖图6方图.plist */ = {isa = PBXFileReference; lastKnownFileType = file.bplist; path = "11图④ - 5竖图6方图.plist"; sourceTree = "<group>"; };
		8891340A2047A89C00767D9F /* 8图② - 8竖图.plist */ = {isa = PBXFileReference; lastKnownFileType = file.bplist; path = "8图② - 8竖图.plist"; sourceTree = "<group>"; };
		8891340B2047A89C00767D9F /* 11图③ - 5竖图6方图.plist */ = {isa = PBXFileReference; lastKnownFileType = file.bplist; path = "11图③ - 5竖图6方图.plist"; sourceTree = "<group>"; };
		8891340C2047A89C00767D9F /* 8图③ - 4竖图3横图1方图.plist */ = {isa = PBXFileReference; lastKnownFileType = file.bplist; path = "8图③ - 4竖图3横图1方图.plist"; sourceTree = "<group>"; };
		8891340D2047A89C00767D9F /* number_nine_style_100.plist */ = {isa = PBXFileReference; lastKnownFileType = file.bplist; path = number_nine_style_100.plist; sourceTree = "<group>"; };
		8891340E2047A89C00767D9F /* 6图.plist */ = {isa = PBXFileReference; lastKnownFileType = file.bplist; path = "6图.plist"; sourceTree = "<group>"; };
		8891340F2047A89C00767D9F /* 7图⑤ - 7竖图.plist */ = {isa = PBXFileReference; lastKnownFileType = file.bplist; path = "7图⑤ - 7竖图.plist"; sourceTree = "<group>"; };
		889134102047A89C00767D9F /* 7图② - 5竖图2横图.plist */ = {isa = PBXFileReference; lastKnownFileType = file.bplist; path = "7图② - 5竖图2横图.plist"; sourceTree = "<group>"; };
		889134112047A89C00767D9F /* 9图④ - 9竖图.plist */ = {isa = PBXFileReference; lastKnownFileType = file.bplist; path = "9图④ - 9竖图.plist"; sourceTree = "<group>"; };
		889134122047A89C00767D9F /* FModel.plist */ = {isa = PBXFileReference; fileEncoding = 4; lastKnownFileType = text.plist.xml; path = FModel.plist; sourceTree = "<group>"; };
		889134132047A89C00767D9F /* DModel.plist */ = {isa = PBXFileReference; fileEncoding = 4; lastKnownFileType = text.plist.xml; path = DModel.plist; sourceTree = "<group>"; };
		889134142047A89C00767D9F /* EModel.plist */ = {isa = PBXFileReference; fileEncoding = 4; lastKnownFileType = text.plist.xml; path = EModel.plist; sourceTree = "<group>"; };
		889134152047A89C00767D9F /* a2Model.plist */ = {isa = PBXFileReference; fileEncoding = 4; lastKnownFileType = text.plist.xml; path = a2Model.plist; sourceTree = "<group>"; };
		889134162047A89C00767D9F /* Cc1Model.plist */ = {isa = PBXFileReference; fileEncoding = 4; lastKnownFileType = text.plist.xml; path = Cc1Model.plist; sourceTree = "<group>"; };
		889134172047A89C00767D9F /* CcModel.plist */ = {isa = PBXFileReference; fileEncoding = 4; lastKnownFileType = text.plist.xml; path = CcModel.plist; sourceTree = "<group>"; };
		889134182047A89D00767D9F /* CModel.plist */ = {isa = PBXFileReference; fileEncoding = 4; lastKnownFileType = text.plist.xml; path = CModel.plist; sourceTree = "<group>"; };
		889134192047A89D00767D9F /* BModel.plist */ = {isa = PBXFileReference; fileEncoding = 4; lastKnownFileType = text.plist.xml; path = BModel.plist; sourceTree = "<group>"; };
		8891341A2047A89D00767D9F /* GModel.plist */ = {isa = PBXFileReference; fileEncoding = 4; lastKnownFileType = text.plist.xml; path = GModel.plist; sourceTree = "<group>"; };
		8891341B2047A89D00767D9F /* a1Model.plist */ = {isa = PBXFileReference; fileEncoding = 4; lastKnownFileType = text.plist.xml; path = a1Model.plist; sourceTree = "<group>"; };
		8891341C2047A89D00767D9F /* AaModel.plist */ = {isa = PBXFileReference; fileEncoding = 4; lastKnownFileType = text.plist.xml; path = AaModel.plist; sourceTree = "<group>"; };
		8891341D2047A89D00767D9F /* a3Model.plist */ = {isa = PBXFileReference; fileEncoding = 4; lastKnownFileType = text.plist.xml; path = a3Model.plist; sourceTree = "<group>"; };
		8891341E2047A89D00767D9F /* EeModel.plist */ = {isa = PBXFileReference; fileEncoding = 4; lastKnownFileType = text.plist.xml; path = EeModel.plist; sourceTree = "<group>"; };
		8891341F2047A89D00767D9F /* Aa1Model.plist */ = {isa = PBXFileReference; fileEncoding = 4; lastKnownFileType = text.plist.xml; path = Aa1Model.plist; sourceTree = "<group>"; };
		889134202047A89D00767D9F /* BbModel.plist */ = {isa = PBXFileReference; fileEncoding = 4; lastKnownFileType = text.plist.xml; path = BbModel.plist; sourceTree = "<group>"; };
		889134212047A89D00767D9F /* HModel.plist */ = {isa = PBXFileReference; fileEncoding = 4; lastKnownFileType = text.plist.xml; path = HModel.plist; sourceTree = "<group>"; };
		8891347D2047D6A000767D9F /* GameHeroController.h */ = {isa = PBXFileReference; lastKnownFileType = sourcecode.c.h; path = GameHeroController.h; sourceTree = "<group>"; };
		8891347E2047D6A000767D9F /* GameHeroController.m */ = {isa = PBXFileReference; lastKnownFileType = sourcecode.c.objc; path = GameHeroController.m; sourceTree = "<group>"; };
		889134802047D6F100767D9F /* GameServerController.h */ = {isa = PBXFileReference; lastKnownFileType = sourcecode.c.h; path = GameServerController.h; sourceTree = "<group>"; };
		889134812047D6F100767D9F /* GameServerController.m */ = {isa = PBXFileReference; lastKnownFileType = sourcecode.c.objc; path = GameServerController.m; sourceTree = "<group>"; };
		889134832047D70800767D9F /* GameMessageController.h */ = {isa = PBXFileReference; lastKnownFileType = sourcecode.c.h; path = GameMessageController.h; sourceTree = "<group>"; };
		889134842047D70800767D9F /* GameMessageController.m */ = {isa = PBXFileReference; lastKnownFileType = sourcecode.c.objc; path = GameMessageController.m; sourceTree = "<group>"; };
		889134862047E9EE00767D9F /* HeroViewCell.h */ = {isa = PBXFileReference; lastKnownFileType = sourcecode.c.h; path = HeroViewCell.h; sourceTree = "<group>"; };
		889134872047E9EE00767D9F /* HeroViewCell.m */ = {isa = PBXFileReference; lastKnownFileType = sourcecode.c.objc; path = HeroViewCell.m; sourceTree = "<group>"; };
		88B5989A2043A49100BE6B1A /* VModelImageController.h */ = {isa = PBXFileReference; lastKnownFileType = sourcecode.c.h; path = VModelImageController.h; sourceTree = "<group>"; };
		88B5989B2043A49100BE6B1A /* VModelImageController.m */ = {isa = PBXFileReference; lastKnownFileType = sourcecode.c.objc; path = VModelImageController.m; sourceTree = "<group>"; };
		88BC6B5C2042A6CE00C2B64D /* ImagesView.h */ = {isa = PBXFileReference; lastKnownFileType = sourcecode.c.h; path = ImagesView.h; sourceTree = "<group>"; };
		88BC6B5D2042A6CE00C2B64D /* ImagesView.m */ = {isa = PBXFileReference; lastKnownFileType = sourcecode.c.objc; path = ImagesView.m; sourceTree = "<group>"; };
		88BC6B5F2042BD8900C2B64D /* ImageViewCell.h */ = {isa = PBXFileReference; lastKnownFileType = sourcecode.c.h; path = ImageViewCell.h; sourceTree = "<group>"; };
		88BC6B602042BD8900C2B64D /* ImageViewCell.m */ = {isa = PBXFileReference; lastKnownFileType = sourcecode.c.objc; path = ImageViewCell.m; sourceTree = "<group>"; };
		88D9F3A42044EBCC00E3FC75 /* ModelInfoCell.h */ = {isa = PBXFileReference; lastKnownFileType = sourcecode.c.h; path = ModelInfoCell.h; sourceTree = "<group>"; };
		88D9F3A52044EBCC00E3FC75 /* ModelInfoCell.m */ = {isa = PBXFileReference; lastKnownFileType = sourcecode.c.objc; path = ModelInfoCell.m; sourceTree = "<group>"; };
		A87B731EC8916C2AA65C1798 /* Pods-ModelCard.debug.xcconfig */ = {isa = PBXFileReference; includeInIndex = 1; lastKnownFileType = text.xcconfig; name = "Pods-ModelCard.debug.xcconfig"; path = "Pods/Target Support Files/Pods-ModelCard/Pods-ModelCard.debug.xcconfig"; sourceTree = "<group>"; };
		B712187D2D0752A1663049D8 /* Pods-ModelCard.release.xcconfig */ = {isa = PBXFileReference; includeInIndex = 1; lastKnownFileType = text.xcconfig; name = "Pods-ModelCard.release.xcconfig"; path = "Pods/Target Support Files/Pods-ModelCard/Pods-ModelCard.release.xcconfig"; sourceTree = "<group>"; };
/* End PBXFileReference section */

/* Begin PBXFrameworksBuildPhase section */
		22F60AAF203E675A00FC9CC3 /* Frameworks */ = {
			isa = PBXFrameworksBuildPhase;
			buildActionMask = 2147483647;
			files = (
				C4A6C520974CD39F85229CAD /* libPods-ModelCard.a in Frameworks */,
			);
			runOnlyForDeploymentPostprocessing = 0;
		};
/* End PBXFrameworksBuildPhase section */

/* Begin PBXGroup section */
		1200E05C81C358B7BABD2E44 /* Pods */ = {
			isa = PBXGroup;
			children = (
				A87B731EC8916C2AA65C1798 /* Pods-ModelCard.debug.xcconfig */,
				B712187D2D0752A1663049D8 /* Pods-ModelCard.release.xcconfig */,
			);
			name = Pods;
			sourceTree = "<group>";
		};
		22F60AA9203E675A00FC9CC3 = {
			isa = PBXGroup;
			children = (
				22F60AB4203E675A00FC9CC3 /* ModelCard */,
				22F60AB3203E675A00FC9CC3 /* Products */,
				1200E05C81C358B7BABD2E44 /* Pods */,
				2EB41D7B89F843385212C6A8 /* Frameworks */,
			);
			sourceTree = "<group>";
		};
		22F60AB3203E675A00FC9CC3 /* Products */ = {
			isa = PBXGroup;
			children = (
				22F60AB2203E675A00FC9CC3 /* ModelCard.app */,
			);
			name = Products;
			sourceTree = "<group>";
		};
		22F60AB4203E675A00FC9CC3 /* ModelCard */ = {
			isa = PBXGroup;
			children = (
				88516AEE203FAD0E00A9F133 /* Class+Category */,
				88516AFF203FB61D00A9F133 /* AddUserInfo */,
				22F60ACE203E67FA00FC9CC3 /* PersonalCenter */,
				22F60ACD203E67AD00FC9CC3 /* TalentPool */,
				22F60ACC203E679500FC9CC3 /* Work */,
				22F60ACB203E677B00FC9CC3 /* ModerCard */,
				22F60AB5203E675A00FC9CC3 /* AppDelegate.h */,
				22F60AB6203E675A00FC9CC3 /* AppDelegate.m */,
				22F60ABE203E675A00FC9CC3 /* Assets.xcassets */,
				22F60AC3203E675A00FC9CC3 /* Info.plist */,
				22F60AC4203E675A00FC9CC3 /* main.m */,
			);
			path = ModelCard;
			sourceTree = "<group>";
		};
		22F60ACB203E677B00FC9CC3 /* ModerCard */ = {
			isa = PBXGroup;
			children = (
				8891339220479B4200767D9F /* Video */,
				8891339320479B4700767D9F /* Host */,
				889133A220479B5200767D9F /* Actor */,
				8891339820479B5200767D9F /* KingGlory */,
				22F60AD7203E689400FC9CC3 /* Model */,
				22F60AD6203E689100FC9CC3 /* View */,
				22F60AD5203E688B00FC9CC3 /* Controller */,
			);
			path = ModerCard;
			sourceTree = "<group>";
		};
		22F60ACC203E679500FC9CC3 /* Work */ = {
			isa = PBXGroup;
			children = (
				22F60ADA203E68C000FC9CC3 /* Model */,
				22F60AD9203E68BE00FC9CC3 /* View */,
				22F60AD8203E68BB00FC9CC3 /* Controller */,
			);
			path = Work;
			sourceTree = "<group>";
		};
		22F60ACD203E67AD00FC9CC3 /* TalentPool */ = {
			isa = PBXGroup;
			children = (
				22F60ADD203E68C800FC9CC3 /* Model */,
				22F60ADC203E68C600FC9CC3 /* View */,
				22F60ADB203E68C300FC9CC3 /* Controller */,
			);
			path = TalentPool;
			sourceTree = "<group>";
		};
		22F60ACE203E67FA00FC9CC3 /* PersonalCenter */ = {
			isa = PBXGroup;
			children = (
				22F60AE0203E68D100FC9CC3 /* Model */,
				22F60ADF203E68CE00FC9CC3 /* View */,
				22F60ADE203E68CC00FC9CC3 /* Controller */,
			);
			path = PersonalCenter;
			sourceTree = "<group>";
		};
		22F60AD5203E688B00FC9CC3 /* Controller */ = {
			isa = PBXGroup;
			children = (
				2281AEAE203EB2C800412003 /* Home.h */,
				2281AEAF203EB2C800412003 /* Home.m */,
				2281AEAB203EB29B00412003 /* ModelCard.h */,
				2281AEAC203EB29B00412003 /* ModelCard.m */,
				2281AEB1203EC7A900412003 /* HorizontalVersion.h */,
				2281AEB2203EC7A900412003 /* HorizontalVersion.m */,
				2281AEB4203EC7D300412003 /* VerticalVersion.h */,
				2281AEB5203EC7D300412003 /* VerticalVersion.m */,
				2252A7FA204165300030618B /* SelectTemplate.h */,
				2252A7FB204165310030618B /* SelectTemplate.m */,
				889133B120479B6900767D9F /* SidebarModel.h */,
				889133AA20479B6900767D9F /* SidebarModel.m */,
				889133AB20479B6900767D9F /* TenToThirteen.h */,
				889133AC20479B6900767D9F /* TenToThirteen.m */,
				889133AF20479B6900767D9F /* SevenToNine.h */,
				889133B020479B6900767D9F /* SevenToNine.m */,
				889133AE20479B6900767D9F /* FiveToSix.h */,
				889133AD20479B6900767D9F /* FiveToSix.m */,
			);
			path = Controller;
			sourceTree = "<group>";
		};
		22F60AD6203E689100FC9CC3 /* View */ = {
			isa = PBXGroup;
			children = (
				2281AEB7203EC83D00412003 /* SegmentView.h */,
				2281AEB8203EC83D00412003 /* SegmentView.m */,
				88BC6B5C2042A6CE00C2B64D /* ImagesView.h */,
				88BC6B5D2042A6CE00C2B64D /* ImagesView.m */,
				88BC6B5F2042BD8900C2B64D /* ImageViewCell.h */,
				88BC6B602042BD8900C2B64D /* ImageViewCell.m */,
			);
			path = View;
			sourceTree = "<group>";
		};
		22F60AD7203E689400FC9CC3 /* Model */ = {
			isa = PBXGroup;
			children = (
			);
			path = Model;
			sourceTree = "<group>";
		};
		22F60AD8203E68BB00FC9CC3 /* Controller */ = {
			isa = PBXGroup;
			children = (
				22F60AE5203E693900FC9CC3 /* Work.h */,
				22F60AE6203E693900FC9CC3 /* Work.m */,
			);
			path = Controller;
			sourceTree = "<group>";
		};
		22F60AD9203E68BE00FC9CC3 /* View */ = {
			isa = PBXGroup;
			children = (
			);
			path = View;
			sourceTree = "<group>";
		};
		22F60ADA203E68C000FC9CC3 /* Model */ = {
			isa = PBXGroup;
			children = (
			);
			path = Model;
			sourceTree = "<group>";
		};
		22F60ADB203E68C300FC9CC3 /* Controller */ = {
			isa = PBXGroup;
			children = (
				22F60AE8203E694B00FC9CC3 /* TalentPool.h */,
				22F60AE9203E694B00FC9CC3 /* TalentPool.m */,
			);
			path = Controller;
			sourceTree = "<group>";
		};
		22F60ADC203E68C600FC9CC3 /* View */ = {
			isa = PBXGroup;
			children = (
			);
			path = View;
			sourceTree = "<group>";
		};
		22F60ADD203E68C800FC9CC3 /* Model */ = {
			isa = PBXGroup;
			children = (
			);
			path = Model;
			sourceTree = "<group>";
		};
		22F60ADE203E68CC00FC9CC3 /* Controller */ = {
			isa = PBXGroup;
			children = (
				22F60AEB203E696200FC9CC3 /* Mine.h */,
				22F60AEC203E696200FC9CC3 /* Mine.m */,
			);
			path = Controller;
			sourceTree = "<group>";
		};
		22F60ADF203E68CE00FC9CC3 /* View */ = {
			isa = PBXGroup;
			children = (
			);
			path = View;
			sourceTree = "<group>";
		};
		22F60AE0203E68D100FC9CC3 /* Model */ = {
			isa = PBXGroup;
			children = (
			);
			path = Model;
			sourceTree = "<group>";
		};
		2EB41D7B89F843385212C6A8 /* Frameworks */ = {
			isa = PBXGroup;
			children = (
				21F20DF02267F87AA7555177 /* libPods-ModelCard.a */,
			);
			name = Frameworks;
			sourceTree = "<group>";
		};
		88516AEE203FAD0E00A9F133 /* Class+Category */ = {
			isa = PBXGroup;
			children = (
				88516AF2203FB0C600A9F133 /* Header.pch */,
				88516AFC203FB20400A9F133 /* Oneyian.h */,
				88516AFD203FB20400A9F133 /* Oneyian.m */,
				88516AEF203FAD2B00A9F133 /* UIImage+Category.h */,
				88516AF0203FAD2B00A9F133 /* UIImage+Category.m */,
				88516AF7203FB1C100A9F133 /* UIButton+Category.h */,
				88516AF4203FB1C100A9F133 /* UIButton+Category.m */,
				88516AF3203FB1C100A9F133 /* UIColor+Category.h */,
				88516AF8203FB1C100A9F133 /* UIColor+Category.m */,
				88516AF6203FB1C100A9F133 /* UIView+CornerRadius.h */,
				88516AF5203FB1C100A9F133 /* UIView+CornerRadius.m */,
				88516B07203FFECC00A9F133 /* UIDevice+YADevice.h */,
				88516B08203FFECC00A9F133 /* UIDevice+YADevice.m */,
				8888800D20463CCD00009C75 /* UITextField+Length.h */,
				8888800C20463CCD00009C75 /* UITextField+Length.m */,
			);
			path = "Class+Category";
			sourceTree = "<group>";
		};
		88516AFF203FB61D00A9F133 /* AddUserInfo */ = {
			isa = PBXGroup;
			children = (
				88C0E6EC2043DB6800FCD1A5 /* Plist */,
				88B7DC0920410E0600824181 /* Model */,
				88516B0A20400F0700A9F133 /* View */,
				88516B00203FB62C00A9F133 /* Controller */,
			);
			path = AddUserInfo;
			sourceTree = "<group>";
		};
		88516B00203FB62C00A9F133 /* Controller */ = {
			isa = PBXGroup;
			children = (
				88516B01203FB66000A9F133 /* AddUserInfoController.h */,
				88516B02203FB66000A9F133 /* AddUserInfoController.m */,
				88516B04203FBC1900A9F133 /* HModelImageController.h */,
				88516B05203FBC1900A9F133 /* HModelImageController.m */,
				88B5989A2043A49100BE6B1A /* VModelImageController.h */,
				88B5989B2043A49100BE6B1A /* VModelImageController.m */,
				889132E4204789BC00767D9F /* LiveTypeController.h */,
				889132E5204789BC00767D9F /* LiveTypeController.m */,
				8891347D2047D6A000767D9F /* GameHeroController.h */,
				8891347E2047D6A000767D9F /* GameHeroController.m */,
				889134802047D6F100767D9F /* GameServerController.h */,
				889134812047D6F100767D9F /* GameServerController.m */,
				88764FFA2048EC640081161F /* ServerController.h */,
				88764FFB2048EC640081161F /* ServerController.m */,
				889134832047D70800767D9F /* GameMessageController.h */,
				889134842047D70800767D9F /* GameMessageController.m */,
			);
			path = Controller;
			sourceTree = "<group>";
		};
		88516B0A20400F0700A9F133 /* View */ = {
			isa = PBXGroup;
			children = (
				88516B0C20400F0E00A9F133 /* YAScrollView.h */,
				88516B0B20400F0E00A9F133 /* YAScrollView.m */,
				88888009204639B600009C75 /* TextFieldCell.h */,
				8888800A204639B600009C75 /* TextFieldCell.m */,
				88D9F3A42044EBCC00E3FC75 /* ModelInfoCell.h */,
				88D9F3A52044EBCC00E3FC75 /* ModelInfoCell.m */,
				888880162046700000009C75 /* PickInfoView.h */,
				888880172046700000009C75 /* PickInfoView.m */,
				889132E7204794BF00767D9F /* LiveTypeCell.h */,
				889132E8204794BF00767D9F /* LiveTypeCell.m */,
				889134862047E9EE00767D9F /* HeroViewCell.h */,
				889134872047E9EE00767D9F /* HeroViewCell.m */,
			);
			path = View;
			sourceTree = "<group>";
		};
		8891339220479B4200767D9F /* Video */ = {
			isa = PBXGroup;
			children = (
			);
			path = Video;
			sourceTree = "<group>";
		};
		8891339320479B4700767D9F /* Host */ = {
			isa = PBXGroup;
			children = (
				8891339420479B4700767D9F /* Controller */,
			);
			path = Host;
			sourceTree = "<group>";
		};
		8891339420479B4700767D9F /* Controller */ = {
			isa = PBXGroup;
			children = (
				8891339620479B4700767D9F /* HostCard.h */,
				8891339520479B4700767D9F /* HostCard.m */,
			);
			path = Controller;
			sourceTree = "<group>";
		};
		8891339820479B5200767D9F /* KingGlory */ = {
			isa = PBXGroup;
			children = (
				8891339920479B5200767D9F /* Controller */,
				889133A020479B5200767D9F /* Model */,
				889133A120479B5200767D9F /* View */,
			);
			path = KingGlory;
			sourceTree = "<group>";
		};
		8891339920479B5200767D9F /* Controller */ = {
			isa = PBXGroup;
			children = (
				8891339C20479B5200767D9F /* KingGloryCard.h */,
				8891339E20479B5200767D9F /* KingGloryCard.m */,
				8891339D20479B5200767D9F /* KGHorizontalVersion.h */,
				8891339A20479B5200767D9F /* KGHorizontalVersion.m */,
				8891339B20479B5200767D9F /* KGVerticalVersion.h */,
				8891339F20479B5200767D9F /* KGVerticalVersion.m */,
			);
			path = Controller;
			sourceTree = "<group>";
		};
		889133A020479B5200767D9F /* Model */ = {
			isa = PBXGroup;
			children = (
			);
			path = Model;
			sourceTree = "<group>";
		};
		889133A120479B5200767D9F /* View */ = {
			isa = PBXGroup;
			children = (
			);
			path = View;
			sourceTree = "<group>";
		};
		889133A220479B5200767D9F /* Actor */ = {
			isa = PBXGroup;
			children = (
				889133A320479B5200767D9F /* Controller */,
			);
			path = Actor;
			sourceTree = "<group>";
		};
		889133A320479B5200767D9F /* Controller */ = {
			isa = PBXGroup;
			children = (
				889133A520479B5200767D9F /* ActorCard.h */,
				889133A420479B5200767D9F /* ActorCard.m */,
			);
			path = Controller;
			sourceTree = "<group>";
		};
		889133C82047A89C00767D9F /* AllModel */ = {
			isa = PBXGroup;
			children = (
				889133C92047A89C00767D9F /* 8图① - 6竖图2横图.plist */,
				889133CA2047A89C00767D9F /* 7图④ - 7竖图.plist */,
				889133CB2047A89C00767D9F /* 10图⑥ - 7竖图3横图.plist */,
				889133CC2047A89C00767D9F /* 12图① - 9竖图3横图.plist */,
				889133CD2047A89C00767D9F /* 9图⑤ - 9竖图.plist */,
				889133CE2047A89C00767D9F /* 10图③ - 7竖图3横图.plist */,
				889133CF2047A89C00767D9F /* 6图② - 6竖图.plist */,
				889133D02047A89C00767D9F /* 8图④ - 8竖图.plist */,
				889133D12047A89C00767D9F /* 10图③ - 6竖图4横图.plist */,
				889133D22047A89C00767D9F /* 6图⑤ - 6竖图.plist */,
				889133D32047A89C00767D9F /* 6图① - 4竖图2横图.plist */,
				889133D42047A89C00767D9F /* 12图② - 9竖图3横图.plist */,
				889133D52047A89C00767D9F /* 10图⑤ - 7竖图3横图.plist */,
				889133D62047A89C00767D9F /* 8图②.plist */,
				889133D72047A89C00767D9F /* 9图② - 9竖图.plist */,
				889133D82047A89C00767D9F /* number_four_style_100.plist */,
				889133D92047A89C00767D9F /* 10图.plist */,
				889133DA2047A89C00767D9F /* 12图① - 10竖图2横图.plist */,
				889133DB2047A89C00767D9F /* 10图⑦ - 7竖图3横图.plist */,
				889133DC2047A89C00767D9F /* 9图③ - 9竖图.plist */,
				889133DD2047A89C00767D9F /* 10图② - 10竖图.plist */,
				889133DE2047A89C00767D9F /* 10图⑦ - 10竖图.plist */,
				889133DF2047A89C00767D9F /* 10图② - 7竖图3横图.plist */,
				889133E02047A89C00767D9F /* 13图② - 13竖图.plist */,
				889133E12047A89C00767D9F /* number_seven_style_110.plist */,
				889133E22047A89C00767D9F /* 8图① - 8竖图.plist */,
				889133E32047A89C00767D9F /* 6图③ - 6竖图.plist */,
				889133E42047A89C00767D9F /* 8图①.plist */,
				889133E52047A89C00767D9F /* 12图② - 7竖图5横图.plist */,
				889133E62047A89C00767D9F /* 10图① - 10竖图.plist */,
				889133E72047A89C00767D9F /* number_Twelve_style_110.plist */,
				889133E82047A89C00767D9F /* 10图① - 7竖图3横图.plist */,
				889133E92047A89C00767D9F /* number_seven_style_3.plist */,
				889133EA2047A89C00767D9F /* number_nine_style_110.plist */,
				889133EB2047A89C00767D9F /* 7图① - 7竖图.plist */,
				889133EC2047A89C00767D9F /* 5图② - 5竖图.plist */,
				889133ED2047A89C00767D9F /* 13图① - 13竖图.plist */,
				889133EE2047A89C00767D9F /* 12图③ - 9竖图3横图.plist */,
				889133EF2047A89C00767D9F /* 9图① - 9竖图.plist */,
				889133F02047A89C00767D9F /* 10图③ - 10竖图.plist */,
				889133F12047A89C00767D9F /* 10图⑥ - 10竖图.plist */,
				889133F22047A89C00767D9F /* 11图① - 5竖图6方图.plist */,
				889133F32047A89C00767D9F /* 5图② - 4竖图1横图.plist */,
				889133F42047A89C00767D9F /* 13图③ - 13竖图.plist */,
				889133F52047A89C00767D9F /* 8图③ - 8竖图.plist */,
				889133F62047A89C00767D9F /* 6图① - 6竖图.plist */,
				889133F72047A89C00767D9F /* 10图⑤ - 10竖图.plist */,
				889133F82047A89C00767D9F /* 10图④ - 10竖图.plist */,
				889133F92047A89C00767D9F /* 11图② - 5竖图6方图.plist */,
				889133FA2047A89C00767D9F /* 13图④ - 13竖图.plist */,
				889133FB2047A89C00767D9F /* 13图⑤ - 13竖图.plist */,
				889133FC2047A89C00767D9F /* 9图⑥ - 9竖图.plist */,
				889133FD2047A89C00767D9F /* 7图③ - 5竖图2横图.plist */,
				889133FE2047A89C00767D9F /* 7图③ - 7竖图.plist */,
				889133FF2047A89C00767D9F /* 7图① - 5竖图2横图.plist */,
				889134002047A89C00767D9F /* number_five_style_110.plist */,
				889134012047A89C00767D9F /* 5图① - 5竖图.plist */,
				889134022047A89C00767D9F /* 7图② - 7竖图.plist */,
				889134032047A89C00767D9F /* number_seven_style_100.plist */,
				889134042047A89C00767D9F /* number_six_style_3.plist */,
				889134052047A89C00767D9F /* 9图⑦ - 9竖图.plist */,
				889134062047A89C00767D9F /* 11图⑤ - 5竖图6方图.plist */,
				889134072047A89C00767D9F /* 8图⑤ - 8竖图.plist */,
				889134082047A89C00767D9F /* 6图④ - 6竖图.plist */,
				889134092047A89C00767D9F /* 11图④ - 5竖图6方图.plist */,
				8891340A2047A89C00767D9F /* 8图② - 8竖图.plist */,
				8891340B2047A89C00767D9F /* 11图③ - 5竖图6方图.plist */,
				8891340C2047A89C00767D9F /* 8图③ - 4竖图3横图1方图.plist */,
				8891340D2047A89C00767D9F /* number_nine_style_100.plist */,
				8891340E2047A89C00767D9F /* 6图.plist */,
				8891340F2047A89C00767D9F /* 7图⑤ - 7竖图.plist */,
				889134102047A89C00767D9F /* 7图② - 5竖图2横图.plist */,
				889134112047A89C00767D9F /* 9图④ - 9竖图.plist */,
			);
			path = AllModel;
			sourceTree = "<group>";
		};
		88B7DC0920410E0600824181 /* Model */ = {
			isa = PBXGroup;
			children = (
			);
			path = Model;
			sourceTree = "<group>";
		};
		88C0E6EC2043DB6800FCD1A5 /* Plist */ = {
			isa = PBXGroup;
			children = (
				889133C82047A89C00767D9F /* AllModel */,
				8891341B2047A89D00767D9F /* a1Model.plist */,
				889134152047A89C00767D9F /* a2Model.plist */,
				8891341D2047A89D00767D9F /* a3Model.plist */,
				8891341F2047A89D00767D9F /* Aa1Model.plist */,
				8891341C2047A89D00767D9F /* AaModel.plist */,
				889133C72047A89C00767D9F /* AModel.plist */,
				889134202047A89D00767D9F /* BbModel.plist */,
				889134192047A89D00767D9F /* BModel.plist */,
				889134162047A89C00767D9F /* Cc1Model.plist */,
				889134172047A89C00767D9F /* CcModel.plist */,
				889134182047A89D00767D9F /* CModel.plist */,
				889133C62047A89C00767D9F /* DdModel.plist */,
				889134132047A89C00767D9F /* DModel.plist */,
				8891341E2047A89D00767D9F /* EeModel.plist */,
				889134142047A89C00767D9F /* EModel.plist */,
				889134122047A89C00767D9F /* FModel.plist */,
				8891341A2047A89D00767D9F /* GModel.plist */,
				889134212047A89D00767D9F /* HModel.plist */,
				888880192046894800009C75 /* Address.plist */,
				8888801B2046A06F00009C75 /* GameRankList.plist */,
				8888801D2046A1D300009C75 /* liwushuo.json */,
				88764FF82048DECC0081161F /* gameServer.plist */,
			);
			path = Plist;
			sourceTree = "<group>";
		};
/* End PBXGroup section */

/* Begin PBXNativeTarget section */
		22F60AB1203E675A00FC9CC3 /* ModelCard */ = {
			isa = PBXNativeTarget;
			buildConfigurationList = 22F60AC8203E675A00FC9CC3 /* Build configuration list for PBXNativeTarget "ModelCard" */;
			buildPhases = (
				B2DCD284C5292C6ABA271744 /* [CP] Check Pods Manifest.lock */,
				22F60AAE203E675A00FC9CC3 /* Sources */,
				22F60AAF203E675A00FC9CC3 /* Frameworks */,
				22F60AB0203E675A00FC9CC3 /* Resources */,
				C389BA63E78BC3A2ABB7B194 /* [CP] Embed Pods Frameworks */,
				8B8D32A694E9698B1E6E77AB /* [CP] Copy Pods Resources */,
			);
			buildRules = (
			);
			dependencies = (
			);
			name = ModelCard;
			productName = ModelCard;
			productReference = 22F60AB2203E675A00FC9CC3 /* ModelCard.app */;
			productType = "com.apple.product-type.application";
		};
/* End PBXNativeTarget section */

/* Begin PBXProject section */
		22F60AAA203E675A00FC9CC3 /* Project object */ = {
			isa = PBXProject;
			attributes = {
				LastUpgradeCheck = 0920;
				ORGANIZATIONNAME = Asher;
				TargetAttributes = {
					22F60AB1203E675A00FC9CC3 = {
						CreatedOnToolsVersion = 9.2;
						ProvisioningStyle = Automatic;
					};
				};
			};
			buildConfigurationList = 22F60AAD203E675A00FC9CC3 /* Build configuration list for PBXProject "ModelCard" */;
			compatibilityVersion = "Xcode 8.0";
			developmentRegion = en;
			hasScannedForEncodings = 0;
			knownRegions = (
				en,
				Base,
			);
			mainGroup = 22F60AA9203E675A00FC9CC3;
			productRefGroup = 22F60AB3203E675A00FC9CC3 /* Products */;
			projectDirPath = "";
			projectRoot = "";
			targets = (
				22F60AB1203E675A00FC9CC3 /* ModelCard */,
			);
		};
/* End PBXProject section */

/* Begin PBXResourcesBuildPhase section */
		22F60AB0203E675A00FC9CC3 /* Resources */ = {
			isa = PBXResourcesBuildPhase;
			buildActionMask = 2147483647;
			files = (
				889134712047A89E00767D9F /* Cc1Model.plist in Resources */,
				889134482047A89D00767D9F /* 13图① - 13竖图.plist in Resources */,
				889134492047A89D00767D9F /* 12图③ - 9竖图3横图.plist in Resources */,
				8891342F2047A89D00767D9F /* 12图② - 9竖图3横图.plist in Resources */,
				889134732047A89E00767D9F /* CModel.plist in Resources */,
				889134672047A89E00767D9F /* 8图③ - 4竖图3横图1方图.plist in Resources */,
				8891347B2047A89E00767D9F /* BbModel.plist in Resources */,
				889134752047A89E00767D9F /* GModel.plist in Resources */,
				8888801A2046894800009C75 /* Address.plist in Resources */,
				889134392047A89D00767D9F /* 10图⑦ - 10竖图.plist in Resources */,
				889134302047A89D00767D9F /* 10图⑤ - 7竖图3横图.plist in Resources */,
				889134292047A89D00767D9F /* 10图③ - 7竖图3横图.plist in Resources */,
				889134272047A89D00767D9F /* 12图① - 9竖图3横图.plist in Resources */,
				889134512047A89D00767D9F /* 6图① - 6竖图.plist in Resources */,
				889134252047A89D00767D9F /* 7图④ - 7竖图.plist in Resources */,
				8891345C2047A89D00767D9F /* 5图① - 5竖图.plist in Resources */,
				8888801E2046A1D300009C75 /* liwushuo.json in Resources */,
				8891347C2047A89E00767D9F /* HModel.plist in Resources */,
				889134282047A89D00767D9F /* 9图⑤ - 9竖图.plist in Resources */,
				889134472047A89D00767D9F /* 5图② - 5竖图.plist in Resources */,
				8891344F2047A89D00767D9F /* 13图③ - 13竖图.plist in Resources */,
				8891346B2047A89E00767D9F /* 7图② - 5竖图2横图.plist in Resources */,
				889134782047A89E00767D9F /* a3Model.plist in Resources */,
				8891343F2047A89D00767D9F /* 8图①.plist in Resources */,
				889134362047A89D00767D9F /* 10图⑦ - 7竖图3横图.plist in Resources */,
				889134692047A89E00767D9F /* 6图.plist in Resources */,
				8891344B2047A89D00767D9F /* 10图③ - 10竖图.plist in Resources */,
				889134762047A89E00767D9F /* a1Model.plist in Resources */,
				889134582047A89D00767D9F /* 7图③ - 5竖图2横图.plist in Resources */,
				889134382047A89D00767D9F /* 10图② - 10竖图.plist in Resources */,
				889134232047A89D00767D9F /* AModel.plist in Resources */,
				8891345A2047A89D00767D9F /* 7图① - 5竖图2横图.plist in Resources */,
				889134432047A89D00767D9F /* 10图① - 7竖图3横图.plist in Resources */,
				8891342B2047A89D00767D9F /* 8图④ - 8竖图.plist in Resources */,
				889134552047A89D00767D9F /* 13图④ - 13竖图.plist in Resources */,
				8891346E2047A89E00767D9F /* DModel.plist in Resources */,
				889134602047A89D00767D9F /* 9图⑦ - 9竖图.plist in Resources */,
				8891342D2047A89D00767D9F /* 6图⑤ - 6竖图.plist in Resources */,
				889134722047A89E00767D9F /* CcModel.plist in Resources */,
				889134452047A89D00767D9F /* number_nine_style_110.plist in Resources */,
				8891344E2047A89D00767D9F /* 5图② - 4竖图1横图.plist in Resources */,
				889134332047A89D00767D9F /* number_four_style_100.plist in Resources */,
				8891342C2047A89D00767D9F /* 10图③ - 6竖图4横图.plist in Resources */,
				889134542047A89D00767D9F /* 11图② - 5竖图6方图.plist in Resources */,
				8891347A2047A89E00767D9F /* Aa1Model.plist in Resources */,
				8891343A2047A89D00767D9F /* 10图② - 7竖图3横图.plist in Resources */,
				8891345F2047A89D00767D9F /* number_six_style_3.plist in Resources */,
				8891342A2047A89D00767D9F /* 6图② - 6竖图.plist in Resources */,
				889134622047A89D00767D9F /* 8图⑤ - 8竖图.plist in Resources */,
				889134522047A89D00767D9F /* 10图⑤ - 10竖图.plist in Resources */,
				889134572047A89D00767D9F /* 9图⑥ - 9竖图.plist in Resources */,
				889134742047A89E00767D9F /* BModel.plist in Resources */,
				8891346F2047A89E00767D9F /* EModel.plist in Resources */,
				889134792047A89E00767D9F /* EeModel.plist in Resources */,
				889134642047A89E00767D9F /* 11图④ - 5竖图6方图.plist in Resources */,
				8888801C2046A06F00009C75 /* GameRankList.plist in Resources */,
				889134462047A89D00767D9F /* 7图① - 7竖图.plist in Resources */,
				889134322047A89D00767D9F /* 9图② - 9竖图.plist in Resources */,
				8891346D2047A89E00767D9F /* FModel.plist in Resources */,
				8891344A2047A89D00767D9F /* 9图① - 9竖图.plist in Resources */,
				889134342047A89D00767D9F /* 10图.plist in Resources */,
				889134632047A89E00767D9F /* 6图④ - 6竖图.plist in Resources */,
				8891343B2047A89D00767D9F /* 13图② - 13竖图.plist in Resources */,
				889134772047A89E00767D9F /* AaModel.plist in Resources */,
				889134532047A89D00767D9F /* 10图④ - 10竖图.plist in Resources */,
				889134682047A89E00767D9F /* number_nine_style_100.plist in Resources */,
				889134372047A89D00767D9F /* 9图③ - 9竖图.plist in Resources */,
				88764FF92048DECC0081161F /* gameServer.plist in Resources */,
				8891345B2047A89D00767D9F /* number_five_style_110.plist in Resources */,
				8891344D2047A89D00767D9F /* 11图① - 5竖图6方图.plist in Resources */,
				889134702047A89E00767D9F /* a2Model.plist in Resources */,
				889134412047A89D00767D9F /* 10图① - 10竖图.plist in Resources */,
				889134312047A89D00767D9F /* 8图②.plist in Resources */,
				889134592047A89D00767D9F /* 7图③ - 7竖图.plist in Resources */,
				8891343D2047A89D00767D9F /* 8图① - 8竖图.plist in Resources */,
				8891344C2047A89D00767D9F /* 10图⑥ - 10竖图.plist in Resources */,
				8891343C2047A89D00767D9F /* number_seven_style_110.plist in Resources */,
				889134222047A89D00767D9F /* DdModel.plist in Resources */,
				889134652047A89E00767D9F /* 8图② - 8竖图.plist in Resources */,
				889134402047A89D00767D9F /* 12图② - 7竖图5横图.plist in Resources */,
				8891346C2047A89E00767D9F /* 9图④ - 9竖图.plist in Resources */,
				889134352047A89D00767D9F /* 12图① - 10竖图2横图.plist in Resources */,
				8891342E2047A89D00767D9F /* 6图① - 4竖图2横图.plist in Resources */,
				8891345D2047A89D00767D9F /* 7图② - 7竖图.plist in Resources */,
				889134442047A89D00767D9F /* number_seven_style_3.plist in Resources */,
				889134262047A89D00767D9F /* 10图⑥ - 7竖图3横图.plist in Resources */,
				8891343E2047A89D00767D9F /* 6图③ - 6竖图.plist in Resources */,
				889134662047A89E00767D9F /* 11图③ - 5竖图6方图.plist in Resources */,
				22F60ABF203E675A00FC9CC3 /* Assets.xcassets in Resources */,
				889134422047A89D00767D9F /* number_Twelve_style_110.plist in Resources */,
				889134502047A89D00767D9F /* 8图③ - 8竖图.plist in Resources */,
				889134612047A89D00767D9F /* 11图⑤ - 5竖图6方图.plist in Resources */,
				8891346A2047A89E00767D9F /* 7图⑤ - 7竖图.plist in Resources */,
				889134562047A89D00767D9F /* 13图⑤ - 13竖图.plist in Resources */,
				8891345E2047A89D00767D9F /* number_seven_style_100.plist in Resources */,
				889134242047A89D00767D9F /* 8图① - 6竖图2横图.plist in Resources */,
			);
			runOnlyForDeploymentPostprocessing = 0;
		};
/* End PBXResourcesBuildPhase section */

/* Begin PBXShellScriptBuildPhase section */
		8B8D32A694E9698B1E6E77AB /* [CP] Copy Pods Resources */ = {
			isa = PBXShellScriptBuildPhase;
			buildActionMask = 2147483647;
			files = (
			);
			inputPaths = (
			);
			name = "[CP] Copy Pods Resources";
			outputPaths = (
			);
			runOnlyForDeploymentPostprocessing = 0;
			shellPath = /bin/sh;
			shellScript = "\"${SRCROOT}/Pods/Target Support Files/Pods-ModelCard/Pods-ModelCard-resources.sh\"\n";
			showEnvVarsInLog = 0;
		};
		B2DCD284C5292C6ABA271744 /* [CP] Check Pods Manifest.lock */ = {
			isa = PBXShellScriptBuildPhase;
			buildActionMask = 2147483647;
			files = (
			);
			inputPaths = (
			);
			name = "[CP] Check Pods Manifest.lock";
			outputPaths = (
			);
			runOnlyForDeploymentPostprocessing = 0;
			shellPath = /bin/sh;
			shellScript = "diff \"${PODS_ROOT}/../Podfile.lock\" \"${PODS_ROOT}/Manifest.lock\" > /dev/null\nif [ $? != 0 ] ; then\n    # print error to STDERR\n    echo \"error: The sandbox is not in sync with the Podfile.lock. Run 'pod install' or update your CocoaPods installation.\" >&2\n    exit 1\nfi\n";
			showEnvVarsInLog = 0;
		};
		C389BA63E78BC3A2ABB7B194 /* [CP] Embed Pods Frameworks */ = {
			isa = PBXShellScriptBuildPhase;
			buildActionMask = 2147483647;
			files = (
			);
			inputPaths = (
			);
			name = "[CP] Embed Pods Frameworks";
			outputPaths = (
			);
			runOnlyForDeploymentPostprocessing = 0;
			shellPath = /bin/sh;
			shellScript = "\"${SRCROOT}/Pods/Target Support Files/Pods-ModelCard/Pods-ModelCard-frameworks.sh\"\n";
			showEnvVarsInLog = 0;
		};
/* End PBXShellScriptBuildPhase section */

/* Begin PBXSourcesBuildPhase section */
		22F60AAE203E675A00FC9CC3 /* Sources */ = {
			isa = PBXSourcesBuildPhase;
			buildActionMask = 2147483647;
			files = (
				2281AEB9203EC83D00412003 /* SegmentView.m in Sources */,
				88516AFB203FB1C100A9F133 /* UIColor+Category.m in Sources */,
				889133A820479B5200767D9F /* KGVerticalVersion.m in Sources */,
				22F60AE7203E693900FC9CC3 /* Work.m in Sources */,
				88516AF1203FAD2B00A9F133 /* UIImage+Category.m in Sources */,
				8891347F2047D6A000767D9F /* GameHeroController.m in Sources */,
				88BC6B612042BD8900C2B64D /* ImageViewCell.m in Sources */,
				889132E6204789BC00767D9F /* LiveTypeController.m in Sources */,
				88B5989C2043A49100BE6B1A /* VModelImageController.m in Sources */,
				88BC6B5E2042A6CE00C2B64D /* ImagesView.m in Sources */,
				2281AEB0203EB2C800412003 /* Home.m in Sources */,
				889133B420479B6900767D9F /* FiveToSix.m in Sources */,
				2281AEB6203EC7D300412003 /* VerticalVersion.m in Sources */,
				22F60AED203E696200FC9CC3 /* Mine.m in Sources */,
				8891339720479B4700767D9F /* HostCard.m in Sources */,
				22F60AEA203E694B00FC9CC3 /* TalentPool.m in Sources */,
				88516AFE203FB20400A9F133 /* Oneyian.m in Sources */,
				889133B320479B6900767D9F /* TenToThirteen.m in Sources */,
				88516B0D20400F0F00A9F133 /* YAScrollView.m in Sources */,
				8888800E20463CCD00009C75 /* UITextField+Length.m in Sources */,
				88764FFC2048EC640081161F /* ServerController.m in Sources */,
				2281AEAD203EB29B00412003 /* ModelCard.m in Sources */,
				889134852047D70800767D9F /* GameMessageController.m in Sources */,
				889134882047E9EE00767D9F /* HeroViewCell.m in Sources */,
				88516B03203FB66000A9F133 /* AddUserInfoController.m in Sources */,
				88D9F3A62044EBCC00E3FC75 /* ModelInfoCell.m in Sources */,
				88516B09203FFECC00A9F133 /* UIDevice+YADevice.m in Sources */,
				22F60AC5203E675A00FC9CC3 /* main.m in Sources */,
				88516AF9203FB1C100A9F133 /* UIButton+Category.m in Sources */,
				2252A7FC204165310030618B /* SelectTemplate.m in Sources */,
				889133B520479B6900767D9F /* SevenToNine.m in Sources */,
				8888800B204639B600009C75 /* TextFieldCell.m in Sources */,
				889133A620479B5200767D9F /* KGHorizontalVersion.m in Sources */,
				889134822047D6F100767D9F /* GameServerController.m in Sources */,
				888880182046700000009C75 /* PickInfoView.m in Sources */,
				889133B220479B6900767D9F /* SidebarModel.m in Sources */,
				889133A720479B5200767D9F /* KingGloryCard.m in Sources */,
				2281AEB3203EC7A900412003 /* HorizontalVersion.m in Sources */,
				88516B06203FBC1900A9F133 /* HModelImageController.m in Sources */,
				889132E9204794BF00767D9F /* LiveTypeCell.m in Sources */,
				889133A920479B5200767D9F /* ActorCard.m in Sources */,
				88516AFA203FB1C100A9F133 /* UIView+CornerRadius.m in Sources */,
				22F60AB7203E675A00FC9CC3 /* AppDelegate.m in Sources */,
			);
			runOnlyForDeploymentPostprocessing = 0;
		};
/* End PBXSourcesBuildPhase section */

/* Begin XCBuildConfiguration section */
		22F60AC6203E675A00FC9CC3 /* Debug */ = {
			isa = XCBuildConfiguration;
			buildSettings = {
				ALWAYS_SEARCH_USER_PATHS = NO;
				CLANG_ANALYZER_NONNULL = YES;
				CLANG_ANALYZER_NUMBER_OBJECT_CONVERSION = YES_AGGRESSIVE;
				CLANG_CXX_LANGUAGE_STANDARD = "gnu++14";
				CLANG_CXX_LIBRARY = "libc++";
				CLANG_ENABLE_MODULES = YES;
				CLANG_ENABLE_OBJC_ARC = YES;
				CLANG_WARN_BLOCK_CAPTURE_AUTORELEASING = YES;
				CLANG_WARN_BOOL_CONVERSION = YES;
				CLANG_WARN_COMMA = YES;
				CLANG_WARN_CONSTANT_CONVERSION = YES;
				CLANG_WARN_DIRECT_OBJC_ISA_USAGE = YES_ERROR;
				CLANG_WARN_DOCUMENTATION_COMMENTS = YES;
				CLANG_WARN_EMPTY_BODY = YES;
				CLANG_WARN_ENUM_CONVERSION = YES;
				CLANG_WARN_INFINITE_RECURSION = YES;
				CLANG_WARN_INT_CONVERSION = YES;
				CLANG_WARN_NON_LITERAL_NULL_CONVERSION = YES;
				CLANG_WARN_OBJC_LITERAL_CONVERSION = YES;
				CLANG_WARN_OBJC_ROOT_CLASS = YES_ERROR;
				CLANG_WARN_RANGE_LOOP_ANALYSIS = YES;
				CLANG_WARN_STRICT_PROTOTYPES = YES;
				CLANG_WARN_SUSPICIOUS_MOVE = YES;
				CLANG_WARN_UNGUARDED_AVAILABILITY = YES_AGGRESSIVE;
				CLANG_WARN_UNREACHABLE_CODE = YES;
				CLANG_WARN__DUPLICATE_METHOD_MATCH = YES;
				CODE_SIGN_IDENTITY = "iPhone Developer";
				COPY_PHASE_STRIP = NO;
				DEBUG_INFORMATION_FORMAT = dwarf;
				ENABLE_STRICT_OBJC_MSGSEND = YES;
				ENABLE_TESTABILITY = YES;
				GCC_C_LANGUAGE_STANDARD = gnu11;
				GCC_DYNAMIC_NO_PIC = NO;
				GCC_NO_COMMON_BLOCKS = YES;
				GCC_OPTIMIZATION_LEVEL = 0;
				GCC_PREPROCESSOR_DEFINITIONS = (
					"DEBUG=1",
					"$(inherited)",
				);
				GCC_WARN_64_TO_32_BIT_CONVERSION = YES;
				GCC_WARN_ABOUT_RETURN_TYPE = YES_ERROR;
				GCC_WARN_UNDECLARED_SELECTOR = YES;
				GCC_WARN_UNINITIALIZED_AUTOS = YES_AGGRESSIVE;
				GCC_WARN_UNUSED_FUNCTION = YES;
				GCC_WARN_UNUSED_VARIABLE = YES;
				IPHONEOS_DEPLOYMENT_TARGET = 11.2;
				MTL_ENABLE_DEBUG_INFO = YES;
				ONLY_ACTIVE_ARCH = YES;
				SDKROOT = iphoneos;
			};
			name = Debug;
		};
		22F60AC7203E675A00FC9CC3 /* Release */ = {
			isa = XCBuildConfiguration;
			buildSettings = {
				ALWAYS_SEARCH_USER_PATHS = NO;
				CLANG_ANALYZER_NONNULL = YES;
				CLANG_ANALYZER_NUMBER_OBJECT_CONVERSION = YES_AGGRESSIVE;
				CLANG_CXX_LANGUAGE_STANDARD = "gnu++14";
				CLANG_CXX_LIBRARY = "libc++";
				CLANG_ENABLE_MODULES = YES;
				CLANG_ENABLE_OBJC_ARC = YES;
				CLANG_WARN_BLOCK_CAPTURE_AUTORELEASING = YES;
				CLANG_WARN_BOOL_CONVERSION = YES;
				CLANG_WARN_COMMA = YES;
				CLANG_WARN_CONSTANT_CONVERSION = YES;
				CLANG_WARN_DIRECT_OBJC_ISA_USAGE = YES_ERROR;
				CLANG_WARN_DOCUMENTATION_COMMENTS = YES;
				CLANG_WARN_EMPTY_BODY = YES;
				CLANG_WARN_ENUM_CONVERSION = YES;
				CLANG_WARN_INFINITE_RECURSION = YES;
				CLANG_WARN_INT_CONVERSION = YES;
				CLANG_WARN_NON_LITERAL_NULL_CONVERSION = YES;
				CLANG_WARN_OBJC_LITERAL_CONVERSION = YES;
				CLANG_WARN_OBJC_ROOT_CLASS = YES_ERROR;
				CLANG_WARN_RANGE_LOOP_ANALYSIS = YES;
				CLANG_WARN_STRICT_PROTOTYPES = YES;
				CLANG_WARN_SUSPICIOUS_MOVE = YES;
				CLANG_WARN_UNGUARDED_AVAILABILITY = YES_AGGRESSIVE;
				CLANG_WARN_UNREACHABLE_CODE = YES;
				CLANG_WARN__DUPLICATE_METHOD_MATCH = YES;
				CODE_SIGN_IDENTITY = "iPhone Developer";
				COPY_PHASE_STRIP = NO;
				DEBUG_INFORMATION_FORMAT = "dwarf-with-dsym";
				ENABLE_NS_ASSERTIONS = NO;
				ENABLE_STRICT_OBJC_MSGSEND = YES;
				GCC_C_LANGUAGE_STANDARD = gnu11;
				GCC_NO_COMMON_BLOCKS = YES;
				GCC_WARN_64_TO_32_BIT_CONVERSION = YES;
				GCC_WARN_ABOUT_RETURN_TYPE = YES_ERROR;
				GCC_WARN_UNDECLARED_SELECTOR = YES;
				GCC_WARN_UNINITIALIZED_AUTOS = YES_AGGRESSIVE;
				GCC_WARN_UNUSED_FUNCTION = YES;
				GCC_WARN_UNUSED_VARIABLE = YES;
				IPHONEOS_DEPLOYMENT_TARGET = 11.2;
				MTL_ENABLE_DEBUG_INFO = NO;
				SDKROOT = iphoneos;
				VALIDATE_PRODUCT = YES;
			};
			name = Release;
		};
		22F60AC9203E675A00FC9CC3 /* Debug */ = {
			isa = XCBuildConfiguration;
			baseConfigurationReference = A87B731EC8916C2AA65C1798 /* Pods-ModelCard.debug.xcconfig */;
			buildSettings = {
				ASSETCATALOG_COMPILER_APPICON_NAME = AppIcon;
				ASSETCATALOG_COMPILER_LAUNCHIMAGE_NAME = LaunchImage;
				CODE_SIGN_STYLE = Automatic;
				DEVELOPMENT_TEAM = 2D55A4E449;
				GCC_PRECOMPILE_PREFIX_HEADER = YES;
				GCC_PREFIX_HEADER = "$(SRCROOT)/ModelCard/Class+Category/Header.pch";
				INFOPLIST_FILE = ModelCard/Info.plist;
				IPHONEOS_DEPLOYMENT_TARGET = 11.2;
				LD_RUNPATH_SEARCH_PATHS = "$(inherited) @executable_path/Frameworks";
				PRODUCT_BUNDLE_IDENTIFIER = com.Asher.ModelCard;
				PRODUCT_NAME = "$(TARGET_NAME)";
				TARGETED_DEVICE_FAMILY = "1,2";
			};
			name = Debug;
		};
		22F60ACA203E675A00FC9CC3 /* Release */ = {
			isa = XCBuildConfiguration;
			baseConfigurationReference = B712187D2D0752A1663049D8 /* Pods-ModelCard.release.xcconfig */;
			buildSettings = {
				ASSETCATALOG_COMPILER_APPICON_NAME = AppIcon;
				ASSETCATALOG_COMPILER_LAUNCHIMAGE_NAME = LaunchImage;
				CODE_SIGN_STYLE = Automatic;
				DEVELOPMENT_TEAM = 2D55A4E449;
				GCC_PRECOMPILE_PREFIX_HEADER = YES;
				GCC_PREFIX_HEADER = "$(SRCROOT)/ModelCard/Class+Category/Header.pch";
				INFOPLIST_FILE = ModelCard/Info.plist;
				IPHONEOS_DEPLOYMENT_TARGET = 11.2;
				LD_RUNPATH_SEARCH_PATHS = "$(inherited) @executable_path/Frameworks";
				PRODUCT_BUNDLE_IDENTIFIER = com.Asher.ModelCard;
				PRODUCT_NAME = "$(TARGET_NAME)";
				TARGETED_DEVICE_FAMILY = "1,2";
			};
			name = Release;
		};
/* End XCBuildConfiguration section */

/* Begin XCConfigurationList section */
		22F60AAD203E675A00FC9CC3 /* Build configuration list for PBXProject "ModelCard" */ = {
			isa = XCConfigurationList;
			buildConfigurations = (
				22F60AC6203E675A00FC9CC3 /* Debug */,
				22F60AC7203E675A00FC9CC3 /* Release */,
			);
			defaultConfigurationIsVisible = 0;
			defaultConfigurationName = Release;
		};
		22F60AC8203E675A00FC9CC3 /* Build configuration list for PBXNativeTarget "ModelCard" */ = {
			isa = XCConfigurationList;
			buildConfigurations = (
				22F60AC9203E675A00FC9CC3 /* Debug */,
				22F60ACA203E675A00FC9CC3 /* Release */,
			);
			defaultConfigurationIsVisible = 0;
			defaultConfigurationName = Release;
		};
/* End XCConfigurationList section */
	};
	rootObject = 22F60AAA203E675A00FC9CC3 /* Project object */;
}
